
Microsoft Visual Studio Solution File, Format Version 11.00
# Visual Studio 2010
Project("{FAE04EC0-301F-11D3-BF4B-00C04F79EFBC}") = "GridToolTips.4", "GridToolTips\GridToolTips.4.csproj", "{35259B28-BDC7-4194-AD8B-225D93B54C46}"
EndProject
Global
	GlobalSection(SolutionConfigurationPlatforms) = preSolution
		Debug|Any CPU = Debug|Any CPU
		Debug|Mixed Platforms = Debug|Mixed Platforms
		Debug|x86 = Debug|x86
		GCDebug|Any CPU = GCDebug|Any CPU
		GCDebug|Mixed Platforms = GCDebug|Mixed Platforms
		GCDebug|x86 = GCDebug|x86
		GCRelease|Any CPU = GCRelease|Any CPU
		GCRelease|Mixed Platforms = GCRelease|Mixed Platforms
		GCRelease|x86 = GCRelease|x86
		Release|Any CPU = Release|Any CPU
		Release|Mixed Platforms = Release|Mixed Platforms
		Release|x86 = Release|x86
		ReleaseGC|Any CPU = ReleaseGC|Any CPU
		ReleaseGC|Mixed Platforms = ReleaseGC|Mixed Platforms
		ReleaseGC|x86 = ReleaseGC|x86
	EndGlobalSection
	GlobalSection(ProjectConfigurationPlatforms) = postSolution
		{35259B28-BDC7-4194-AD8B-225D93B54C46}.Debug|Any CPU.ActiveCfg = Debug|x86
		{35259B28-BDC7-4194-AD8B-225D93B54C46}.Debug|Mixed Platforms.ActiveCfg = Debug|x86
		{35259B28-BDC7-4194-AD8B-225D93B54C46}.Debug|Mixed Platforms.Build.0 = Debug|x86
		{35259B28-BDC7-4194-AD8B-225D93B54C46}.Debug|x86.ActiveCfg = Debug|x86
		{35259B28-BDC7-4194-AD8B-225D93B54C46}.Debug|x86.Build.0 = Debug|x86
		{35259B28-BDC7-4194-AD8B-225D93B54C46}.GCDebug|Any CPU.ActiveCfg = Debug|x86
		{35259B28-BDC7-4194-AD8B-225D93B54C46}.GCDebug|Mixed Platforms.ActiveCfg = Debug|x86
		{35259B28-BDC7-4194-AD8B-225D93B54C46}.GCDebug|Mixed Platforms.Build.0 = Debug|x86
		{35259B28-BDC7-4194-AD8B-225D93B54C46}.GCDebug|x86.ActiveCfg = Debug|x86
		{35259B28-BDC7-4194-AD8B-225D93B54C46}.GCDebug|x86.Build.0 = Debug|x86
		{35259B28-BDC7-4194-AD8B-225D93B54C46}.GCRelease|Any CPU.ActiveCfg = Release|x86
		{35259B28-BDC7-4194-AD8B-225D93B54C46}.GCRelease|Mixed Platforms.ActiveCfg = Release|x86
		{35259B28-BDC7-4194-AD8B-225D93B54C46}.GCRelease|Mixed Platforms.Build.0 = Release|x86
		{35259B28-BDC7-4194-AD8B-225D93B54C46}.GCRelease|x86.ActiveCfg = Release|x86
		{35259B28-BDC7-4194-AD8B-225D93B54C46}.GCRelease|x86.Build.0 = Release|x86
		{35259B28-BDC7-4194-AD8B-225D93B54C46}.Release|Any CPU.ActiveCfg = Release|x86
		{35259B28-BDC7-4194-AD8B-225D93B54C46}.Release|Mixed Platforms.ActiveCfg = Release|x86
		{35259B28-BDC7-4194-AD8B-225D93B54C46}.Release|Mixed Platforms.Build.0 = Release|x86
		{35259B28-BDC7-4194-AD8B-225D93B54C46}.Release|x86.ActiveCfg = Release|x86
		{35259B28-BDC7-4194-AD8B-225D93B54C46}.Release|x86.Build.0 = Release|x86
		{35259B28-BDC7-4194-AD8B-225D93B54C46}.ReleaseGC|Any CPU.ActiveCfg = Release|x86
		{35259B28-BDC7-4194-AD8B-225D93B54C46}.ReleaseGC|Mixed Platforms.ActiveCfg = Release|x86
		{35259B28-BDC7-4194-AD8B-225D93B54C46}.ReleaseGC|Mixed Platforms.Build.0 = Release|x86
		{35259B28-BDC7-4194-AD8B-225D93B54C46}.ReleaseGC|x86.ActiveCfg = Release|x86
		{35259B28-BDC7-4194-AD8B-225D93B54C46}.ReleaseGC|x86.Build.0 = Release|x86
	EndGlobalSection
	GlobalSection(SolutionProperties) = preSolution
		HideSolutionNode = FALSE
	EndGlobalSection
	GlobalSection(ExtensibilityGlobals) = postSolution
		SolutionGuid = {B66CFB49-D08E-4C99-BECA-EC7FA15AA6C9}
	EndGlobalSection
EndGlobal
