
Microsoft Visual Studio Solution File, Format Version 12.00
# Visual Studio Version 17
Project("{FAE04EC0-301F-11D3-BF4B-00C04F79EFBC}") = "SimpleReports", "SimpleReports.csproj", "{B0710606-28C4-4BD1-8E67-AB6A3876DF3B}"
EndProject
Global
	GlobalSection(SolutionConfigurationPlatforms) = preSolution
		Debug|Any CPU = Debug|Any CPU
		Release|Any CPU = Release|Any CPU
	EndGlobalSection
	GlobalSection(ProjectConfigurationPlatforms) = postSolution
		{B0710606-28C4-4BD1-8E67-AB6A3876DF3B}.Debug|Any CPU.ActiveCfg = Debug|Any CPU
		{B0710606-28C4-4BD1-8E67-AB6A3876DF3B}.Debug|Any CPU.Build.0 = Debug|Any CPU
		{B0710606-28C4-4BD1-8E67-AB6A3876DF3B}.Release|Any CPU.ActiveCfg = Release|Any CPU
		{B0710606-28C4-4BD1-8E67-AB6A3876DF3B}.Release|Any CPU.Build.0 = Release|Any CPU
	EndGlobalSection
	GlobalSection(SolutionProperties) = preSolution
		HideSolutionNode = FALSE
	EndGlobalSection
	GlobalSection(ExtensibilityGlobals) = postSolution
		SolutionGuid = {BB0818F6-F0F5-4F9F-A14E-FFF9261FCE38}
	EndGlobalSection
	GlobalSection(SharedMSBuildProjectFiles) = preSolution
		..\..\..\..\Shared\GCLicensing\GcWPF452Licensing.projitems*{1855a88f-0a0b-418a-b1c8-01eed7b796d5}*SharedItemsImports = 5
		..\..\..\..\Shared\GCLicensing\GcWPF452Licensing.projitems*{c7b44c9e-6a3d-46d2-8da9-bf3399edf810}*SharedItemsImports = 5
	EndGlobalSection
EndGlobal
