
Microsoft Visual Studio Solution File, Format Version 11.00
# Visual Studio 2010
Project("{FAE04EC0-301F-11D3-BF4B-00C04F79EFBC}") = "DockingSamples2010.4", "DockingSamples2010.4.csproj", "{9F3BA62C-0B1E-4697-9155-25728A8C0CE0}"
EndProject
Global
	GlobalSection(SolutionConfigurationPlatforms) = preSolution
		Debug|Any CPU = Debug|Any CPU
		Debug|x86 = Debug|x86
		GCDebug|Any CPU = GCDebug|Any CPU
		GCDebug|x86 = GCDebug|x86
		GCRelease|Any CPU = GCRelease|Any CPU
		GCRelease|x86 = GCRelease|x86
		Release|Any CPU = Release|Any CPU
		Release|x86 = Release|x86
	EndGlobalSection
	GlobalSection(ProjectConfigurationPlatforms) = postSolution
		{9F3BA62C-0B1E-4697-9155-25728A8C0CE0}.Debug|Any CPU.ActiveCfg = Debug|Any CPU
		{9F3BA62C-0B1E-4697-9155-25728A8C0CE0}.Debug|Any CPU.Build.0 = Debug|Any CPU
		{9F3BA62C-0B1E-4697-9155-25728A8C0CE0}.Debug|x86.ActiveCfg = Debug|Any CPU
		{9F3BA62C-0B1E-4697-9155-25728A8C0CE0}.GCDebug|Any CPU.ActiveCfg = Debug|Any CPU
		{9F3BA62C-0B1E-4697-9155-25728A8C0CE0}.GCDebug|Any CPU.Build.0 = Debug|Any CPU
		{9F3BA62C-0B1E-4697-9155-25728A8C0CE0}.GCDebug|x86.ActiveCfg = Debug|Any CPU
		{9F3BA62C-0B1E-4697-9155-25728A8C0CE0}.GCRelease|Any CPU.ActiveCfg = Release|Any CPU
		{9F3BA62C-0B1E-4697-9155-25728A8C0CE0}.GCRelease|Any CPU.Build.0 = Release|Any CPU
		{9F3BA62C-0B1E-4697-9155-25728A8C0CE0}.GCRelease|x86.ActiveCfg = Release|Any CPU
		{9F3BA62C-0B1E-4697-9155-25728A8C0CE0}.Release|Any CPU.ActiveCfg = Release|Any CPU
		{9F3BA62C-0B1E-4697-9155-25728A8C0CE0}.Release|Any CPU.Build.0 = Release|Any CPU
		{9F3BA62C-0B1E-4697-9155-25728A8C0CE0}.Release|x86.ActiveCfg = Release|Any CPU
	EndGlobalSection
	GlobalSection(SolutionProperties) = preSolution
		HideSolutionNode = FALSE
	EndGlobalSection
EndGlobal
