
Microsoft Visual Studio Solution File, Format Version 11.00
# Visual Studio 2010
Project("{F184B08F-C81C-45F6-A57F-5ABD9991F28F}") = "BusinessObjectsBinding2010.4", "BusinessObjectsBinding2010.4.vbproj", "{C25E020E-98EA-4EAF-8914-E4B55CAF9374}"
EndProject
Global
	GlobalSection(SolutionConfigurationPlatforms) = preSolution
		Debug|Any CPU = Debug|Any CPU
		GCDebug|Any CPU = GCDebug|Any CPU
		GCRelease|Any CPU = GCRelease|Any CPU
		Release|Any CPU = Release|Any CPU
	EndGlobalSection
	GlobalSection(ProjectConfigurationPlatforms) = postSolution
		{C25E020E-98EA-4EAF-8914-E4B55CAF9374}.Debug|Any CPU.ActiveCfg = Debug|Any CPU
		{C25E020E-98EA-4EAF-8914-E4B55CAF9374}.Debug|Any CPU.Build.0 = Debug|Any CPU
		{C25E020E-98EA-4EAF-8914-E4B55CAF9374}.GCDebug|Any CPU.ActiveCfg = Debug|Any CPU
		{C25E020E-98EA-4EAF-8914-E4B55CAF9374}.GCDebug|Any CPU.Build.0 = Debug|Any CPU
		{C25E020E-98EA-4EAF-8914-E4B55CAF9374}.GCRelease|Any CPU.ActiveCfg = Release|Any CPU
		{C25E020E-98EA-4EAF-8914-E4B55CAF9374}.GCRelease|Any CPU.Build.0 = Release|Any CPU
		{C25E020E-98EA-4EAF-8914-E4B55CAF9374}.Release|Any CPU.ActiveCfg = Release|Any CPU
		{C25E020E-98EA-4EAF-8914-E4B55CAF9374}.Release|Any CPU.Build.0 = Release|Any CPU
	EndGlobalSection
	GlobalSection(SolutionProperties) = preSolution
		HideSolutionNode = FALSE
	EndGlobalSection
EndGlobal
