
Microsoft Visual Studio Solution File, Format Version 12.00
# Visual Studio Version 16
VisualStudioVersion = 16.0.30204.135
MinimumVisualStudioVersion = 10.0.40219.1
Project("{FAE04EC0-301F-11D3-BF4B-00C04F79EFBC}") = "ControlExplorer2010.4", "ControlExplorer2010.4.csproj", "{74A7FA8A-1B39-45D7-B47E-91A995E0EE6E}"
EndProject
Project("{2150E333-8FDC-42A3-9474-1A3956D46DE8}") = "Samples", "Samples", "{30C87C42-DFE9-4679-812B-E7333D182D3D}"
EndProject
Project("{FAE04EC0-301F-11D3-BF4B-00C04F79EFBC}") = "BasicControls2010.4", "..\..\..\C1.WPF\CS\BasicControls\BasicControls2010.4.csproj", "{E89F546E-AFFF-48C1-8361-5755AB7C4CC0}"
EndProject
Project("{FAE04EC0-301F-11D3-BF4B-00C04F79EFBC}") = "C1OrgChart_Demo2010.4", "..\..\..\C1.WPF.OrgChart\CS\C1OrgChart_Demo\C1OrgChart_Demo\C1OrgChart_Demo2010.4.csproj", "{2830D4D0-F04E-45F1-A909-CB85B2FA2786}"
EndProject
Project("{FAE04EC0-301F-11D3-BF4B-00C04F79EFBC}") = "CarouselSamples.4", "..\..\..\C1.WPF.Carousel\CS\CarouselSamples\CarouselSamples.4.csproj", "{72228374-3CA1-4EED-8F29-1389D26E217D}"
EndProject
Project("{FAE04EC0-301F-11D3-BF4B-00C04F79EFBC}") = "ChartSamples2010.4", "..\..\..\C1.WPF.Chart\CS\ChartSamples\ChartSamples2010.4.csproj", "{3B09AAE5-73DB-4284-829D-95734E7528CF}"
EndProject
Project("{FAE04EC0-301F-11D3-BF4B-00C04F79EFBC}") = "DataGridSamples2010.4", "..\..\..\C1.WPF.DataGrid\CS\DataGridSamples\DataGridSamples2010.4.csproj", "{25396FB6-A295-4141-94E9-35C5A787F455}"
EndProject
Project("{FAE04EC0-301F-11D3-BF4B-00C04F79EFBC}") = "DockingSamples2010.4", "..\..\..\C1.WPF.Docking\CS\DockingSamples\DockingSamples2010.4.csproj", "{9F3BA62C-0B1E-4697-9155-25728A8C0CE0}"
EndProject
Project("{FAE04EC0-301F-11D3-BF4B-00C04F79EFBC}") = "ExtendedSamples2010.4", "..\..\..\C1.WPF.Extended\CS\ExtendedSamples\ExtendedSamples2010.4.csproj", "{826853F0-69D2-4CB3-B393-B324F9AA7760}"
EndProject
Project("{FAE04EC0-301F-11D3-BF4B-00C04F79EFBC}") = "GaugeSamples2010.4", "..\..\..\C1.WPF.Gauge\CS\GaugeSamples\GaugeSamples2010.4.csproj", "{91018CB1-FF07-44B4-8C21-F78005D53CFA}"
EndProject
Project("{FAE04EC0-301F-11D3-BF4B-00C04F79EFBC}") = "MapsSamples2010.4", "..\..\..\C1.WPF.Maps\CS\MapsSamples\MapsSamples2010.4.csproj", "{43BC3343-131D-4FEC-AFE1-30C07932496D}"
EndProject
Project("{FAE04EC0-301F-11D3-BF4B-00C04F79EFBC}") = "MediaPlayerSamples2010.4", "..\..\..\C1.WPF.MediaPlayer\CS\MediaPlayerSamples\MediaPlayerSamples2010.4.csproj", "{267D767F-BD15-47E7-9513-46B0808381E9}"
EndProject
Project("{FAE04EC0-301F-11D3-BF4B-00C04F79EFBC}") = "SchedulerSamples2010.4", "..\..\..\C1.WPF.Schedule\CS\SchedulerSamples\SchedulerSamples2010.4.csproj", "{BFFA2ED4-D7AA-4326-9A42-0166345458E9}"
EndProject
Project("{FAE04EC0-301F-11D3-BF4B-00C04F79EFBC}") = "OutlookBarSamples2010.4", "..\..\..\C1.WPF.OutlookBar\CS\OutlookBarSamples\OutlookBarSamples2010.4.csproj", "{19E4878F-6807-4341-A132-CC3389528F92}"
EndProject
Project("{FAE04EC0-301F-11D3-BF4B-00C04F79EFBC}") = "PdfViewerSamples2010.4", "..\..\..\C1.WPF.PdfViewer\CS\PdfViewerSamples\PdfViewerSamples2010.4.csproj", "{D2C69A9B-C98B-4812-AA8C-C17EB881A25D}"
EndProject
Project("{FAE04EC0-301F-11D3-BF4B-00C04F79EFBC}") = "ReportViewerSamples2010.4", "..\..\..\C1.WPF.ReportViewer\CS\ReportViewerSamples\ReportViewerSamples2010.4.csproj", "{DB06BC2E-F0AF-4A83-8864-4F3136AAFCB8}"
EndProject
Project("{FAE04EC0-301F-11D3-BF4B-00C04F79EFBC}") = "RichTextBoxSamples2010.4", "..\..\..\C1.WPF.RichTextBox\CS\RichTextBoxSamples\RichTextBoxSamples2010.4.csproj", "{D276C1C8-A498-470A-9FE3-991F39570966}"
EndProject
Project("{FAE04EC0-301F-11D3-BF4B-00C04F79EFBC}") = "TileViewSamples2010.4", "..\..\..\C1.WPF.TileView\CS\TileViewSamples\TileViewSamples2010.4.csproj", "{F9A1E6BB-E0B9-4510-9ABD-3886508EBAD5}"
EndProject
Project("{FAE04EC0-301F-11D3-BF4B-00C04F79EFBC}") = "ToolbarSamples2010.4", "..\..\..\C1.WPF.Toolbar\CS\ToolbarSamples\ToolbarSamples2010.4.csproj", "{2E1F7427-67BD-4A5B-A751-9777CEC3322C}"
EndProject
Project("{FAE04EC0-301F-11D3-BF4B-00C04F79EFBC}") = "Themes2010.4", "..\..\..\C1.WPF.Themes\CS\Themes2010\Themes2010.4.csproj", "{D186FFCB-C684-47C4-A7CE-13007D61B7BD}"
EndProject
Project("{FAE04EC0-301F-11D3-BF4B-00C04F79EFBC}") = "FlexGridSamples2010.4", "..\..\..\C1.WPF.FlexGrid\CS\FlexGridSamples\FlexGridSamples2010.4.csproj", "{C7F14BC7-3249-4B2D-91AA-5F87D2DAF088}"
EndProject
Project("{FAE04EC0-301F-11D3-BF4B-00C04F79EFBC}") = "PdfCreator2010.4", "..\..\..\C1.WPF.Pdf\CS\PdfCreator\PdfCreator2010.4.csproj", "{34EA51BA-206A-491C-A40A-C9E012AD88F3}"
EndProject
Project("{FAE04EC0-301F-11D3-BF4B-00C04F79EFBC}") = "HierarchicalDataTemplate2010.4", "..\..\..\C1.WPF.OrgChart\CS\HierarchicalDataTemplate\HierarchicalDataTemplate\HierarchicalDataTemplate2010.4.csproj", "{34BAED2D-9BA3-4A3A-95E8-6D19F251D3BC}"
EndProject
Project("{FAE04EC0-301F-11D3-BF4B-00C04F79EFBC}") = "TileSamplesLib2010.4", "..\..\..\C1.WPF.Tile\CS\TileSamples\TileSamplesLib\TileSamplesLib2010.4.csproj", "{60EC2097-7A82-4789-AAD7-EE64D8D2C5FD}"
EndProject
Project("{FAE04EC0-301F-11D3-BF4B-00C04F79EFBC}") = "OlapSamples.4", "..\..\..\C1.WPF.Olap\CS\OlapSamples\OlapSamples\OlapSamples.4.csproj", "{1244B09F-C5B2-4A07-AD90-6C3007F69586}"
EndProject
Project("{FAE04EC0-301F-11D3-BF4B-00C04F79EFBC}") = "BarCodesSample2010.4", "..\..\..\C1.WPF.BarCode\CS\BarCodeSamples\BarCodeSamples\BarCodesSample2010.4.csproj", "{BBF9AC6F-BE8D-4D52-9E99-F2B7A466D2CF}"
EndProject
Project("{FAE04EC0-301F-11D3-BF4B-00C04F79EFBC}") = "FlexSheetSample.4", "..\..\..\C1.WPF.FlexGrid.FlexSheet\CS\FlexSheetSample\FlexSheetSample\FlexSheetSample.4.csproj", "{2B6D6B3A-302E-4832-910C-27CC2617B38F}"
EndProject
Project("{FAE04EC0-301F-11D3-BF4B-00C04F79EFBC}") = "WordCreator2010.4", "..\..\..\C1.WPF.Word\CS\WordCreator\WordCreator2010.4.csproj", "{B5237FF8-50F4-460B-A4F4-B3D38DC315FE}"
EndProject
Project("{FAE04EC0-301F-11D3-BF4B-00C04F79EFBC}") = "FlexChartExplorer2010.4", "..\..\..\C1.WPF.FlexChart\CS\FlexChartExplorer\FlexChartExplorer2010.4.csproj", "{B2F19BFC-D098-48DD-9BB2-980ED098C13B}"
EndProject
Project("{FAE04EC0-301F-11D3-BF4B-00C04F79EFBC}") = "GanttViewSample2010.4", "..\..\..\C1.WPF.GanttView\CS\GanttViewSample\GanttViewSample\GanttViewSample2010.4.csproj", "{4B587C1B-4213-4631-A8D4-9AE3E26ABAE1}"
EndProject
Project("{FAE04EC0-301F-11D3-BF4B-00C04F79EFBC}") = "FinancialChartExplorer2010.4", "..\..\..\C1.WPF.FlexChart\CS\FinancialChartExplorer\FinancialChartExplorer2010.4.csproj", "{14644A84-952B-4C02-9F33-3BBEA099968B}"
EndProject
Project("{FAE04EC0-301F-11D3-BF4B-00C04F79EFBC}") = "SparklineSamples2010.4", "..\..\..\C1.WPF.Sparkline\CS\SparklineSamples\SparklineSamples2010.4.csproj", "{098B2718-4E02-4421-B8B8-3CCEF81A640D}"
EndProject
Project("{FAE04EC0-301F-11D3-BF4B-00C04F79EFBC}") = "SunburstIntro2010.4", "..\..\..\C1.WPF.FlexChart\CS\SunburstIntro\SunburstIntro2010.4.csproj", "{69200DD2-3758-4755-A6D4-DA2EFB8350C7}"
EndProject
Project("{FAE04EC0-301F-11D3-BF4B-00C04F79EFBC}") = "FlexRadarIntro2010.4", "..\..\..\C1.WPF.FlexChart\CS\FlexRadarIntro\FlexRadarIntro2010.4.csproj", "{BF880B7E-6800-4760-8420-488CF6AAA190}"
EndProject
Project("{FAE04EC0-301F-11D3-BF4B-00C04F79EFBC}") = "FlexReportSamples2010.4", "..\..\..\C1.WPF.FlexReport\CS\FlexReportSamples\FlexReportSamples2010.4.csproj", "{221C1691-D388-4A37-888E-18B22F29DEEC}"
EndProject
Project("{FAE04EC0-301F-11D3-BF4B-00C04F79EFBC}") = "BitmapSamples2010.4", "..\..\..\C1.WPF.Bitmap\CS\BitmapSamples\BitmapSamples2010.4.csproj", "{12C1F07A-4F3B-4C9C-82BC-CACF5B66E9F5}"
EndProject
Project("{FAE04EC0-301F-11D3-BF4B-00C04F79EFBC}") = "InputPanelSample2010.4", "..\..\..\C1.WPF.InputPanel\CS\InputPanelSample\InputPanelSample\InputPanelSample2010.4.csproj", "{CB06AEA2-4BD4-4D1A-82E7-3A0DF7F0F74C}"
EndProject
Project("{FAE04EC0-301F-11D3-BF4B-00C04F79EFBC}") = "PdfDocumentSourceSamples2010.4", "..\..\..\C1.WPF.Document\CS\PdfDocumentSourceSamples\PdfDocumentSourceSamples2010.4.csproj", "{49B52E57-0FC8-4D45-9351-9702EE02B9BC}"
EndProject
Project("{FAE04EC0-301F-11D3-BF4B-00C04F79EFBC}") = "ExcelSamples2010.4", "..\..\..\C1.WPF.Excel\CS\ExcelSamples\ExcelSamples2010.4.csproj", "{3A7ABC7A-AABC-4573-91F1-F66775AA6901}"
EndProject
Project("{FAE04EC0-301F-11D3-BF4B-00C04F79EFBC}") = "ExpressionEditorSamples2010.4", "..\..\..\C1.WPF.ExpressionEditor\CS\ExpressionEditorSamples\ExpressionEditorSamples\ExpressionEditorSamples2010.4.csproj", "{1A83453A-527B-4791-BD5D-4821010F3D76}"
EndProject
Project("{FAE04EC0-301F-11D3-BF4B-00C04F79EFBC}") = "InputSamples", "..\..\..\C1.WPF.Input\CS\InputSamples\InputSamples\InputSamples.csproj", "{E7253A99-E7E1-45A9-B353-7D62BD6E3D83}"
EndProject
Project("{FAE04EC0-301F-11D3-BF4B-00C04F79EFBC}") = "C1TreeViewDragDropSample2010.4", "..\..\..\C1.WPF\CS\C1TreeViewDragDropSample\C1TreeViewDragDropSample2010\C1TreeViewDragDropSample2010.4.csproj", "{6E8CE8CE-7B37-46EE-AA05-17C8DEE5626F}"
EndProject
Project("{FAE04EC0-301F-11D3-BF4B-00C04F79EFBC}") = "AnimationDemo", "..\..\..\C1.WPF.FlexChart\CS\AnimationDemo\AnimationDemo.csproj", "{5F5A3FD1-4E77-4780-A74D-F64A6AFA453A}"
EndProject
Project("{FAE04EC0-301F-11D3-BF4B-00C04F79EFBC}") = "EmployeesListWithFilter", "..\..\..\C1.WPF.DataFilter\CS\EmployeesListWithFilter\EmployeesListWithFilter.csproj", "{AB7C8083-8DA7-4EC6-82EC-029423983582}"
EndProject
Project("{FAE04EC0-301F-11D3-BF4B-00C04F79EFBC}") = "CarsListWithFilter", "..\..\..\C1.WPF.DataFilter\CS\CarsListWithFilter\CarsListWithFilter.csproj", "{2A917DBB-24D1-43B5-9D7A-CC98F8A52471}"
EndProject
Project("{FAE04EC0-301F-11D3-BF4B-00C04F79EFBC}") = "FilterSummary", "..\..\..\C1.WPF.DataFilter\CS\FilterSummary\FilterSummary.csproj", "{DB8FC6E8-2466-4678-AD97-EBD31733C295}"
EndProject
Project("{FAE04EC0-301F-11D3-BF4B-00C04F79EFBC}") = "FilterEditor", "..\..\..\C1.WPF.DataFilter\CS\FilterEditor\FilterEditor.csproj", "{1F7CB514-0E4E-4C58-85CF-823DB0335BD0}"
EndProject
Project("{FAE04EC0-301F-11D3-BF4B-00C04F79EFBC}") = "FlexGridShowCase", "..\..\..\C1.WPF.FlexGrid\CS\ShowCase\ShowCase\FlexGridShowCase.csproj", "{920A516D-F2F2-4E7A-B365-8C5C6B277EF4}"
EndProject
Project("{FAE04EC0-301F-11D3-BF4B-00C04F79EFBC}") = "FlexChartShowcase", "..\..\..\C1.WPF.FlexChart\CS\FlexChartShowcase\FlexChartShowcase\FlexChartShowcase.csproj", "{22A7A61D-DB05-4642-97A1-1FB5E2F2977A}"
EndProject
Project("{FAE04EC0-301F-11D3-BF4B-00C04F79EFBC}") = "DataBinding", "..\..\..\C1.WPF.PrintDocument\CS\DataBinding\DataBinding.csproj", "{073D7E08-1CE8-43C3-A05C-201FAD23B062}"
EndProject
Project("{FAE04EC0-301F-11D3-BF4B-00C04F79EFBC}") = "SimpleReports", "..\..\..\C1.WPF.PrintDocument\CS\SimpleReports\SimpleReports.csproj", "{B0710606-28C4-4BD1-8E67-AB6A3876DF3B}"
EndProject
Global
	GlobalSection(SharedMSBuildProjectFiles) = preSolution
	EndGlobalSection
	GlobalSection(SolutionConfigurationPlatforms) = preSolution
		Debug|Any CPU = Debug|Any CPU
		Debug|x86 = Debug|x86
		GCDebug|Any CPU = GCDebug|Any CPU
		GCDebug|x86 = GCDebug|x86
		GCRelease|Any CPU = GCRelease|Any CPU
		GCRelease|x86 = GCRelease|x86
		Release|Any CPU = Release|Any CPU
		Release|x86 = Release|x86
	EndGlobalSection
	GlobalSection(ProjectConfigurationPlatforms) = postSolution
		{74A7FA8A-1B39-45D7-B47E-91A995E0EE6E}.Debug|Any CPU.ActiveCfg = Debug|Any CPU
		{74A7FA8A-1B39-45D7-B47E-91A995E0EE6E}.Debug|Any CPU.Build.0 = Debug|Any CPU
		{74A7FA8A-1B39-45D7-B47E-91A995E0EE6E}.Debug|x86.ActiveCfg = Debug|x86
		{74A7FA8A-1B39-45D7-B47E-91A995E0EE6E}.Debug|x86.Build.0 = Debug|x86
		{74A7FA8A-1B39-45D7-B47E-91A995E0EE6E}.GCDebug|Any CPU.ActiveCfg = Debug|x86
		{74A7FA8A-1B39-45D7-B47E-91A995E0EE6E}.GCDebug|x86.ActiveCfg = Debug|x86
		{74A7FA8A-1B39-45D7-B47E-91A995E0EE6E}.GCDebug|x86.Build.0 = Debug|x86
		{74A7FA8A-1B39-45D7-B47E-91A995E0EE6E}.GCRelease|Any CPU.ActiveCfg = Release|x86
		{74A7FA8A-1B39-45D7-B47E-91A995E0EE6E}.GCRelease|x86.ActiveCfg = Release|x86
		{74A7FA8A-1B39-45D7-B47E-91A995E0EE6E}.GCRelease|x86.Build.0 = Release|x86
		{74A7FA8A-1B39-45D7-B47E-91A995E0EE6E}.Release|Any CPU.ActiveCfg = Release|Any CPU
		{74A7FA8A-1B39-45D7-B47E-91A995E0EE6E}.Release|Any CPU.Build.0 = Release|Any CPU
		{74A7FA8A-1B39-45D7-B47E-91A995E0EE6E}.Release|x86.ActiveCfg = Release|x86
		{74A7FA8A-1B39-45D7-B47E-91A995E0EE6E}.Release|x86.Build.0 = Release|x86
		{E89F546E-AFFF-48C1-8361-5755AB7C4CC0}.Debug|Any CPU.ActiveCfg = Debug|Any CPU
		{E89F546E-AFFF-48C1-8361-5755AB7C4CC0}.Debug|Any CPU.Build.0 = Debug|Any CPU
		{E89F546E-AFFF-48C1-8361-5755AB7C4CC0}.Debug|x86.ActiveCfg = Debug|Any CPU
		{E89F546E-AFFF-48C1-8361-5755AB7C4CC0}.Debug|x86.Build.0 = Debug|Any CPU
		{E89F546E-AFFF-48C1-8361-5755AB7C4CC0}.GCDebug|Any CPU.ActiveCfg = Debug|Any CPU
		{E89F546E-AFFF-48C1-8361-5755AB7C4CC0}.GCDebug|Any CPU.Build.0 = Debug|Any CPU
		{E89F546E-AFFF-48C1-8361-5755AB7C4CC0}.GCDebug|x86.ActiveCfg = Debug|Any CPU
		{E89F546E-AFFF-48C1-8361-5755AB7C4CC0}.GCDebug|x86.Build.0 = Debug|Any CPU
		{E89F546E-AFFF-48C1-8361-5755AB7C4CC0}.GCRelease|Any CPU.ActiveCfg = Release|Any CPU
		{E89F546E-AFFF-48C1-8361-5755AB7C4CC0}.GCRelease|Any CPU.Build.0 = Release|Any CPU
		{E89F546E-AFFF-48C1-8361-5755AB7C4CC0}.GCRelease|x86.ActiveCfg = Release|Any CPU
		{E89F546E-AFFF-48C1-8361-5755AB7C4CC0}.GCRelease|x86.Build.0 = Release|Any CPU
		{E89F546E-AFFF-48C1-8361-5755AB7C4CC0}.Release|Any CPU.ActiveCfg = Release|Any CPU
		{E89F546E-AFFF-48C1-8361-5755AB7C4CC0}.Release|Any CPU.Build.0 = Release|Any CPU
		{E89F546E-AFFF-48C1-8361-5755AB7C4CC0}.Release|x86.ActiveCfg = Release|Any CPU
		{E89F546E-AFFF-48C1-8361-5755AB7C4CC0}.Release|x86.Build.0 = Release|Any CPU
		{2830D4D0-F04E-45F1-A909-CB85B2FA2786}.Debug|Any CPU.ActiveCfg = Debug|Any CPU
		{2830D4D0-F04E-45F1-A909-CB85B2FA2786}.Debug|Any CPU.Build.0 = Debug|Any CPU
		{2830D4D0-F04E-45F1-A909-CB85B2FA2786}.Debug|x86.ActiveCfg = Debug|x86
		{2830D4D0-F04E-45F1-A909-CB85B2FA2786}.Debug|x86.Build.0 = Debug|x86
		{2830D4D0-F04E-45F1-A909-CB85B2FA2786}.GCDebug|Any CPU.ActiveCfg = Debug|x86
		{2830D4D0-F04E-45F1-A909-CB85B2FA2786}.GCDebug|x86.ActiveCfg = Debug|x86
		{2830D4D0-F04E-45F1-A909-CB85B2FA2786}.GCDebug|x86.Build.0 = Debug|x86
		{2830D4D0-F04E-45F1-A909-CB85B2FA2786}.GCRelease|Any CPU.ActiveCfg = Release|x86
		{2830D4D0-F04E-45F1-A909-CB85B2FA2786}.GCRelease|x86.ActiveCfg = Release|x86
		{2830D4D0-F04E-45F1-A909-CB85B2FA2786}.GCRelease|x86.Build.0 = Release|x86
		{2830D4D0-F04E-45F1-A909-CB85B2FA2786}.Release|Any CPU.ActiveCfg = Release|Any CPU
		{2830D4D0-F04E-45F1-A909-CB85B2FA2786}.Release|Any CPU.Build.0 = Release|Any CPU
		{2830D4D0-F04E-45F1-A909-CB85B2FA2786}.Release|x86.ActiveCfg = Release|x86
		{2830D4D0-F04E-45F1-A909-CB85B2FA2786}.Release|x86.Build.0 = Release|x86
		{72228374-3CA1-4EED-8F29-1389D26E217D}.Debug|Any CPU.ActiveCfg = Debug|Any CPU
		{72228374-3CA1-4EED-8F29-1389D26E217D}.Debug|Any CPU.Build.0 = Debug|Any CPU
		{72228374-3CA1-4EED-8F29-1389D26E217D}.Debug|x86.ActiveCfg = Debug|x86
		{72228374-3CA1-4EED-8F29-1389D26E217D}.Debug|x86.Build.0 = Debug|x86
		{72228374-3CA1-4EED-8F29-1389D26E217D}.GCDebug|Any CPU.ActiveCfg = Debug|x86
		{72228374-3CA1-4EED-8F29-1389D26E217D}.GCDebug|x86.ActiveCfg = Debug|x86
		{72228374-3CA1-4EED-8F29-1389D26E217D}.GCDebug|x86.Build.0 = Debug|x86
		{72228374-3CA1-4EED-8F29-1389D26E217D}.GCRelease|Any CPU.ActiveCfg = Release|x86
		{72228374-3CA1-4EED-8F29-1389D26E217D}.GCRelease|x86.ActiveCfg = Release|x86
		{72228374-3CA1-4EED-8F29-1389D26E217D}.GCRelease|x86.Build.0 = Release|x86
		{72228374-3CA1-4EED-8F29-1389D26E217D}.Release|Any CPU.ActiveCfg = Release|Any CPU
		{72228374-3CA1-4EED-8F29-1389D26E217D}.Release|Any CPU.Build.0 = Release|Any CPU
		{72228374-3CA1-4EED-8F29-1389D26E217D}.Release|x86.ActiveCfg = Release|x86
		{72228374-3CA1-4EED-8F29-1389D26E217D}.Release|x86.Build.0 = Release|x86
		{3B09AAE5-73DB-4284-829D-95734E7528CF}.Debug|Any CPU.ActiveCfg = Debug|Any CPU
		{3B09AAE5-73DB-4284-829D-95734E7528CF}.Debug|Any CPU.Build.0 = Debug|Any CPU
		{3B09AAE5-73DB-4284-829D-95734E7528CF}.Debug|x86.ActiveCfg = Debug|Any CPU
		{3B09AAE5-73DB-4284-829D-95734E7528CF}.Debug|x86.Build.0 = Debug|Any CPU
		{3B09AAE5-73DB-4284-829D-95734E7528CF}.GCDebug|Any CPU.ActiveCfg = Debug|Any CPU
		{3B09AAE5-73DB-4284-829D-95734E7528CF}.GCDebug|Any CPU.Build.0 = Debug|Any CPU
		{3B09AAE5-73DB-4284-829D-95734E7528CF}.GCDebug|x86.ActiveCfg = Debug|Any CPU
		{3B09AAE5-73DB-4284-829D-95734E7528CF}.GCDebug|x86.Build.0 = Debug|Any CPU
		{3B09AAE5-73DB-4284-829D-95734E7528CF}.GCRelease|Any CPU.ActiveCfg = Release|Any CPU
		{3B09AAE5-73DB-4284-829D-95734E7528CF}.GCRelease|Any CPU.Build.0 = Release|Any CPU
		{3B09AAE5-73DB-4284-829D-95734E7528CF}.GCRelease|x86.ActiveCfg = Release|Any CPU
		{3B09AAE5-73DB-4284-829D-95734E7528CF}.GCRelease|x86.Build.0 = Release|Any CPU
		{3B09AAE5-73DB-4284-829D-95734E7528CF}.Release|Any CPU.ActiveCfg = Release|Any CPU
		{3B09AAE5-73DB-4284-829D-95734E7528CF}.Release|Any CPU.Build.0 = Release|Any CPU
		{3B09AAE5-73DB-4284-829D-95734E7528CF}.Release|x86.ActiveCfg = Release|Any CPU
		{3B09AAE5-73DB-4284-829D-95734E7528CF}.Release|x86.Build.0 = Release|Any CPU
		{25396FB6-A295-4141-94E9-35C5A787F455}.Debug|Any CPU.ActiveCfg = Debug|Any CPU
		{25396FB6-A295-4141-94E9-35C5A787F455}.Debug|Any CPU.Build.0 = Debug|Any CPU
		{25396FB6-A295-4141-94E9-35C5A787F455}.Debug|x86.ActiveCfg = Debug|Any CPU
		{25396FB6-A295-4141-94E9-35C5A787F455}.Debug|x86.Build.0 = Debug|Any CPU
		{25396FB6-A295-4141-94E9-35C5A787F455}.GCDebug|Any CPU.ActiveCfg = Debug|Any CPU
		{25396FB6-A295-4141-94E9-35C5A787F455}.GCDebug|Any CPU.Build.0 = Debug|Any CPU
		{25396FB6-A295-4141-94E9-35C5A787F455}.GCDebug|x86.ActiveCfg = Debug|Any CPU
		{25396FB6-A295-4141-94E9-35C5A787F455}.GCDebug|x86.Build.0 = Debug|Any CPU
		{25396FB6-A295-4141-94E9-35C5A787F455}.GCRelease|Any CPU.ActiveCfg = Release|Any CPU
		{25396FB6-A295-4141-94E9-35C5A787F455}.GCRelease|Any CPU.Build.0 = Release|Any CPU
		{25396FB6-A295-4141-94E9-35C5A787F455}.GCRelease|x86.ActiveCfg = Release|Any CPU
		{25396FB6-A295-4141-94E9-35C5A787F455}.GCRelease|x86.Build.0 = Release|Any CPU
		{25396FB6-A295-4141-94E9-35C5A787F455}.Release|Any CPU.ActiveCfg = Release|Any CPU
		{25396FB6-A295-4141-94E9-35C5A787F455}.Release|Any CPU.Build.0 = Release|Any CPU
		{25396FB6-A295-4141-94E9-35C5A787F455}.Release|x86.ActiveCfg = Release|Any CPU
		{25396FB6-A295-4141-94E9-35C5A787F455}.Release|x86.Build.0 = Release|Any CPU
		{9F3BA62C-0B1E-4697-9155-25728A8C0CE0}.Debug|Any CPU.ActiveCfg = Debug|Any CPU
		{9F3BA62C-0B1E-4697-9155-25728A8C0CE0}.Debug|Any CPU.Build.0 = Debug|Any CPU
		{9F3BA62C-0B1E-4697-9155-25728A8C0CE0}.Debug|x86.ActiveCfg = Debug|Any CPU
		{9F3BA62C-0B1E-4697-9155-25728A8C0CE0}.Debug|x86.Build.0 = Debug|Any CPU
		{9F3BA62C-0B1E-4697-9155-25728A8C0CE0}.GCDebug|Any CPU.ActiveCfg = Debug|Any CPU
		{9F3BA62C-0B1E-4697-9155-25728A8C0CE0}.GCDebug|Any CPU.Build.0 = Debug|Any CPU
		{9F3BA62C-0B1E-4697-9155-25728A8C0CE0}.GCDebug|x86.ActiveCfg = Debug|Any CPU
		{9F3BA62C-0B1E-4697-9155-25728A8C0CE0}.GCDebug|x86.Build.0 = Debug|Any CPU
		{9F3BA62C-0B1E-4697-9155-25728A8C0CE0}.GCRelease|Any CPU.ActiveCfg = Release|Any CPU
		{9F3BA62C-0B1E-4697-9155-25728A8C0CE0}.GCRelease|Any CPU.Build.0 = Release|Any CPU
		{9F3BA62C-0B1E-4697-9155-25728A8C0CE0}.GCRelease|x86.ActiveCfg = Release|Any CPU
		{9F3BA62C-0B1E-4697-9155-25728A8C0CE0}.GCRelease|x86.Build.0 = Release|Any CPU
		{9F3BA62C-0B1E-4697-9155-25728A8C0CE0}.Release|Any CPU.ActiveCfg = Release|Any CPU
		{9F3BA62C-0B1E-4697-9155-25728A8C0CE0}.Release|Any CPU.Build.0 = Release|Any CPU
		{9F3BA62C-0B1E-4697-9155-25728A8C0CE0}.Release|x86.ActiveCfg = Release|Any CPU
		{9F3BA62C-0B1E-4697-9155-25728A8C0CE0}.Release|x86.Build.0 = Release|Any CPU
		{826853F0-69D2-4CB3-B393-B324F9AA7760}.Debug|Any CPU.ActiveCfg = Debug|Any CPU
		{826853F0-69D2-4CB3-B393-B324F9AA7760}.Debug|Any CPU.Build.0 = Debug|Any CPU
		{826853F0-69D2-4CB3-B393-B324F9AA7760}.Debug|x86.ActiveCfg = Debug|Any CPU
		{826853F0-69D2-4CB3-B393-B324F9AA7760}.Debug|x86.Build.0 = Debug|Any CPU
		{826853F0-69D2-4CB3-B393-B324F9AA7760}.GCDebug|Any CPU.ActiveCfg = Debug|Any CPU
		{826853F0-69D2-4CB3-B393-B324F9AA7760}.GCDebug|Any CPU.Build.0 = Debug|Any CPU
		{826853F0-69D2-4CB3-B393-B324F9AA7760}.GCDebug|x86.ActiveCfg = Debug|Any CPU
		{826853F0-69D2-4CB3-B393-B324F9AA7760}.GCDebug|x86.Build.0 = Debug|Any CPU
		{826853F0-69D2-4CB3-B393-B324F9AA7760}.GCRelease|Any CPU.ActiveCfg = Release|Any CPU
		{826853F0-69D2-4CB3-B393-B324F9AA7760}.GCRelease|Any CPU.Build.0 = Release|Any CPU
		{826853F0-69D2-4CB3-B393-B324F9AA7760}.GCRelease|x86.ActiveCfg = Release|Any CPU
		{826853F0-69D2-4CB3-B393-B324F9AA7760}.GCRelease|x86.Build.0 = Release|Any CPU
		{826853F0-69D2-4CB3-B393-B324F9AA7760}.Release|Any CPU.ActiveCfg = Release|Any CPU
		{826853F0-69D2-4CB3-B393-B324F9AA7760}.Release|Any CPU.Build.0 = Release|Any CPU
		{826853F0-69D2-4CB3-B393-B324F9AA7760}.Release|x86.ActiveCfg = Release|Any CPU
		{826853F0-69D2-4CB3-B393-B324F9AA7760}.Release|x86.Build.0 = Release|Any CPU
		{91018CB1-FF07-44B4-8C21-F78005D53CFA}.Debug|Any CPU.ActiveCfg = Debug|Any CPU
		{91018CB1-FF07-44B4-8C21-F78005D53CFA}.Debug|Any CPU.Build.0 = Debug|Any CPU
		{91018CB1-FF07-44B4-8C21-F78005D53CFA}.Debug|x86.ActiveCfg = Debug|Any CPU
		{91018CB1-FF07-44B4-8C21-F78005D53CFA}.Debug|x86.Build.0 = Debug|Any CPU
		{91018CB1-FF07-44B4-8C21-F78005D53CFA}.GCDebug|Any CPU.ActiveCfg = Debug|Any CPU
		{91018CB1-FF07-44B4-8C21-F78005D53CFA}.GCDebug|Any CPU.Build.0 = Debug|Any CPU
		{91018CB1-FF07-44B4-8C21-F78005D53CFA}.GCDebug|x86.ActiveCfg = Debug|Any CPU
		{91018CB1-FF07-44B4-8C21-F78005D53CFA}.GCDebug|x86.Build.0 = Debug|Any CPU
		{91018CB1-FF07-44B4-8C21-F78005D53CFA}.GCRelease|Any CPU.ActiveCfg = Release|Any CPU
		{91018CB1-FF07-44B4-8C21-F78005D53CFA}.GCRelease|Any CPU.Build.0 = Release|Any CPU
		{91018CB1-FF07-44B4-8C21-F78005D53CFA}.GCRelease|x86.ActiveCfg = Release|Any CPU
		{91018CB1-FF07-44B4-8C21-F78005D53CFA}.GCRelease|x86.Build.0 = Release|Any CPU
		{91018CB1-FF07-44B4-8C21-F78005D53CFA}.Release|Any CPU.ActiveCfg = Release|Any CPU
		{91018CB1-FF07-44B4-8C21-F78005D53CFA}.Release|Any CPU.Build.0 = Release|Any CPU
		{91018CB1-FF07-44B4-8C21-F78005D53CFA}.Release|x86.ActiveCfg = Release|Any CPU
		{91018CB1-FF07-44B4-8C21-F78005D53CFA}.Release|x86.Build.0 = Release|Any CPU
		{43BC3343-131D-4FEC-AFE1-30C07932496D}.Debug|Any CPU.ActiveCfg = Debug|Any CPU
		{43BC3343-131D-4FEC-AFE1-30C07932496D}.Debug|Any CPU.Build.0 = Debug|Any CPU
		{43BC3343-131D-4FEC-AFE1-30C07932496D}.Debug|x86.ActiveCfg = Debug|x86
		{43BC3343-131D-4FEC-AFE1-30C07932496D}.Debug|x86.Build.0 = Debug|x86
		{43BC3343-131D-4FEC-AFE1-30C07932496D}.GCDebug|Any CPU.ActiveCfg = Debug|x86
		{43BC3343-131D-4FEC-AFE1-30C07932496D}.GCDebug|x86.ActiveCfg = Debug|x86
		{43BC3343-131D-4FEC-AFE1-30C07932496D}.GCDebug|x86.Build.0 = Debug|x86
		{43BC3343-131D-4FEC-AFE1-30C07932496D}.GCRelease|Any CPU.ActiveCfg = Release|x86
		{43BC3343-131D-4FEC-AFE1-30C07932496D}.GCRelease|x86.ActiveCfg = Release|x86
		{43BC3343-131D-4FEC-AFE1-30C07932496D}.GCRelease|x86.Build.0 = Release|x86
		{43BC3343-131D-4FEC-AFE1-30C07932496D}.Release|Any CPU.ActiveCfg = Release|Any CPU
		{43BC3343-131D-4FEC-AFE1-30C07932496D}.Release|Any CPU.Build.0 = Release|Any CPU
		{43BC3343-131D-4FEC-AFE1-30C07932496D}.Release|x86.ActiveCfg = Release|x86
		{43BC3343-131D-4FEC-AFE1-30C07932496D}.Release|x86.Build.0 = Release|x86
		{267D767F-BD15-47E7-9513-46B0808381E9}.Debug|Any CPU.ActiveCfg = Debug|Any CPU
		{267D767F-BD15-47E7-9513-46B0808381E9}.Debug|Any CPU.Build.0 = Debug|Any CPU
		{267D767F-BD15-47E7-9513-46B0808381E9}.Debug|x86.ActiveCfg = Debug|Any CPU
		{267D767F-BD15-47E7-9513-46B0808381E9}.Debug|x86.Build.0 = Debug|Any CPU
		{267D767F-BD15-47E7-9513-46B0808381E9}.GCDebug|Any CPU.ActiveCfg = Debug|Any CPU
		{267D767F-BD15-47E7-9513-46B0808381E9}.GCDebug|Any CPU.Build.0 = Debug|Any CPU
		{267D767F-BD15-47E7-9513-46B0808381E9}.GCDebug|x86.ActiveCfg = Debug|Any CPU
		{267D767F-BD15-47E7-9513-46B0808381E9}.GCDebug|x86.Build.0 = Debug|Any CPU
		{267D767F-BD15-47E7-9513-46B0808381E9}.GCRelease|Any CPU.ActiveCfg = Release|Any CPU
		{267D767F-BD15-47E7-9513-46B0808381E9}.GCRelease|Any CPU.Build.0 = Release|Any CPU
		{267D767F-BD15-47E7-9513-46B0808381E9}.GCRelease|x86.ActiveCfg = Release|Any CPU
		{267D767F-BD15-47E7-9513-46B0808381E9}.GCRelease|x86.Build.0 = Release|Any CPU
		{267D767F-BD15-47E7-9513-46B0808381E9}.Release|Any CPU.ActiveCfg = Release|Any CPU
		{267D767F-BD15-47E7-9513-46B0808381E9}.Release|Any CPU.Build.0 = Release|Any CPU
		{267D767F-BD15-47E7-9513-46B0808381E9}.Release|x86.ActiveCfg = Release|Any CPU
		{267D767F-BD15-47E7-9513-46B0808381E9}.Release|x86.Build.0 = Release|Any CPU
		{BFFA2ED4-D7AA-4326-9A42-0166345458E9}.Debug|Any CPU.ActiveCfg = Debug|Any CPU
		{BFFA2ED4-D7AA-4326-9A42-0166345458E9}.Debug|Any CPU.Build.0 = Debug|Any CPU
		{BFFA2ED4-D7AA-4326-9A42-0166345458E9}.Debug|x86.ActiveCfg = Debug|Any CPU
		{BFFA2ED4-D7AA-4326-9A42-0166345458E9}.Debug|x86.Build.0 = Debug|Any CPU
		{BFFA2ED4-D7AA-4326-9A42-0166345458E9}.GCDebug|Any CPU.ActiveCfg = Debug|Any CPU
		{BFFA2ED4-D7AA-4326-9A42-0166345458E9}.GCDebug|Any CPU.Build.0 = Debug|Any CPU
		{BFFA2ED4-D7AA-4326-9A42-0166345458E9}.GCDebug|x86.ActiveCfg = Debug|Any CPU
		{BFFA2ED4-D7AA-4326-9A42-0166345458E9}.GCDebug|x86.Build.0 = Debug|Any CPU
		{BFFA2ED4-D7AA-4326-9A42-0166345458E9}.GCRelease|Any CPU.ActiveCfg = Release|Any CPU
		{BFFA2ED4-D7AA-4326-9A42-0166345458E9}.GCRelease|Any CPU.Build.0 = Release|Any CPU
		{BFFA2ED4-D7AA-4326-9A42-0166345458E9}.GCRelease|x86.ActiveCfg = Release|Any CPU
		{BFFA2ED4-D7AA-4326-9A42-0166345458E9}.GCRelease|x86.Build.0 = Release|Any CPU
		{BFFA2ED4-D7AA-4326-9A42-0166345458E9}.Release|Any CPU.ActiveCfg = Release|Any CPU
		{BFFA2ED4-D7AA-4326-9A42-0166345458E9}.Release|Any CPU.Build.0 = Release|Any CPU
		{BFFA2ED4-D7AA-4326-9A42-0166345458E9}.Release|x86.ActiveCfg = Release|Any CPU
		{BFFA2ED4-D7AA-4326-9A42-0166345458E9}.Release|x86.Build.0 = Release|Any CPU
		{19E4878F-6807-4341-A132-CC3389528F92}.Debug|Any CPU.ActiveCfg = Debug|Any CPU
		{19E4878F-6807-4341-A132-CC3389528F92}.Debug|Any CPU.Build.0 = Debug|Any CPU
		{19E4878F-6807-4341-A132-CC3389528F92}.Debug|x86.ActiveCfg = Debug|x86
		{19E4878F-6807-4341-A132-CC3389528F92}.Debug|x86.Build.0 = Debug|x86
		{19E4878F-6807-4341-A132-CC3389528F92}.GCDebug|Any CPU.ActiveCfg = Debug|x86
		{19E4878F-6807-4341-A132-CC3389528F92}.GCDebug|x86.ActiveCfg = Debug|x86
		{19E4878F-6807-4341-A132-CC3389528F92}.GCDebug|x86.Build.0 = Debug|x86
		{19E4878F-6807-4341-A132-CC3389528F92}.GCRelease|Any CPU.ActiveCfg = Release|x86
		{19E4878F-6807-4341-A132-CC3389528F92}.GCRelease|x86.ActiveCfg = Release|x86
		{19E4878F-6807-4341-A132-CC3389528F92}.GCRelease|x86.Build.0 = Release|x86
		{19E4878F-6807-4341-A132-CC3389528F92}.Release|Any CPU.ActiveCfg = Release|Any CPU
		{19E4878F-6807-4341-A132-CC3389528F92}.Release|Any CPU.Build.0 = Release|Any CPU
		{19E4878F-6807-4341-A132-CC3389528F92}.Release|x86.ActiveCfg = Release|x86
		{19E4878F-6807-4341-A132-CC3389528F92}.Release|x86.Build.0 = Release|x86
		{D2C69A9B-C98B-4812-AA8C-C17EB881A25D}.Debug|Any CPU.ActiveCfg = Debug|Any CPU
		{D2C69A9B-C98B-4812-AA8C-C17EB881A25D}.Debug|Any CPU.Build.0 = Debug|Any CPU
		{D2C69A9B-C98B-4812-AA8C-C17EB881A25D}.Debug|x86.ActiveCfg = Debug|Any CPU
		{D2C69A9B-C98B-4812-AA8C-C17EB881A25D}.Debug|x86.Build.0 = Debug|Any CPU
		{D2C69A9B-C98B-4812-AA8C-C17EB881A25D}.GCDebug|Any CPU.ActiveCfg = Debug|Any CPU
		{D2C69A9B-C98B-4812-AA8C-C17EB881A25D}.GCDebug|Any CPU.Build.0 = Debug|Any CPU
		{D2C69A9B-C98B-4812-AA8C-C17EB881A25D}.GCDebug|x86.ActiveCfg = Debug|Any CPU
		{D2C69A9B-C98B-4812-AA8C-C17EB881A25D}.GCDebug|x86.Build.0 = Debug|Any CPU
		{D2C69A9B-C98B-4812-AA8C-C17EB881A25D}.GCRelease|Any CPU.ActiveCfg = Release|Any CPU
		{D2C69A9B-C98B-4812-AA8C-C17EB881A25D}.GCRelease|Any CPU.Build.0 = Release|Any CPU
		{D2C69A9B-C98B-4812-AA8C-C17EB881A25D}.GCRelease|x86.ActiveCfg = Release|Any CPU
		{D2C69A9B-C98B-4812-AA8C-C17EB881A25D}.GCRelease|x86.Build.0 = Release|Any CPU
		{D2C69A9B-C98B-4812-AA8C-C17EB881A25D}.Release|Any CPU.ActiveCfg = Release|Any CPU
		{D2C69A9B-C98B-4812-AA8C-C17EB881A25D}.Release|Any CPU.Build.0 = Release|Any CPU
		{D2C69A9B-C98B-4812-AA8C-C17EB881A25D}.Release|x86.ActiveCfg = Release|Any CPU
		{D2C69A9B-C98B-4812-AA8C-C17EB881A25D}.Release|x86.Build.0 = Release|Any CPU
		{DB06BC2E-F0AF-4A83-8864-4F3136AAFCB8}.Debug|Any CPU.ActiveCfg = Debug|Any CPU
		{DB06BC2E-F0AF-4A83-8864-4F3136AAFCB8}.Debug|Any CPU.Build.0 = Debug|Any CPU
		{DB06BC2E-F0AF-4A83-8864-4F3136AAFCB8}.Debug|x86.ActiveCfg = Debug|Any CPU
		{DB06BC2E-F0AF-4A83-8864-4F3136AAFCB8}.Debug|x86.Build.0 = Debug|Any CPU
		{DB06BC2E-F0AF-4A83-8864-4F3136AAFCB8}.GCDebug|Any CPU.ActiveCfg = Debug|Any CPU
		{DB06BC2E-F0AF-4A83-8864-4F3136AAFCB8}.GCDebug|Any CPU.Build.0 = Debug|Any CPU
		{DB06BC2E-F0AF-4A83-8864-4F3136AAFCB8}.GCDebug|x86.ActiveCfg = Debug|Any CPU
		{DB06BC2E-F0AF-4A83-8864-4F3136AAFCB8}.GCDebug|x86.Build.0 = Debug|Any CPU
		{DB06BC2E-F0AF-4A83-8864-4F3136AAFCB8}.GCRelease|Any CPU.ActiveCfg = Release|Any CPU
		{DB06BC2E-F0AF-4A83-8864-4F3136AAFCB8}.GCRelease|Any CPU.Build.0 = Release|Any CPU
		{DB06BC2E-F0AF-4A83-8864-4F3136AAFCB8}.GCRelease|x86.ActiveCfg = Release|Any CPU
		{DB06BC2E-F0AF-4A83-8864-4F3136AAFCB8}.GCRelease|x86.Build.0 = Release|Any CPU
		{DB06BC2E-F0AF-4A83-8864-4F3136AAFCB8}.Release|Any CPU.ActiveCfg = Release|Any CPU
		{DB06BC2E-F0AF-4A83-8864-4F3136AAFCB8}.Release|Any CPU.Build.0 = Release|Any CPU
		{DB06BC2E-F0AF-4A83-8864-4F3136AAFCB8}.Release|x86.ActiveCfg = Release|Any CPU
		{DB06BC2E-F0AF-4A83-8864-4F3136AAFCB8}.Release|x86.Build.0 = Release|Any CPU
		{D276C1C8-A498-470A-9FE3-991F39570966}.Debug|Any CPU.ActiveCfg = Debug|Any CPU
		{D276C1C8-A498-470A-9FE3-991F39570966}.Debug|Any CPU.Build.0 = Debug|Any CPU
		{D276C1C8-A498-470A-9FE3-991F39570966}.Debug|x86.ActiveCfg = Debug|Any CPU
		{D276C1C8-A498-470A-9FE3-991F39570966}.Debug|x86.Build.0 = Debug|Any CPU
		{D276C1C8-A498-470A-9FE3-991F39570966}.GCDebug|Any CPU.ActiveCfg = Debug|Any CPU
		{D276C1C8-A498-470A-9FE3-991F39570966}.GCDebug|Any CPU.Build.0 = Debug|Any CPU
		{D276C1C8-A498-470A-9FE3-991F39570966}.GCDebug|x86.ActiveCfg = Debug|Any CPU
		{D276C1C8-A498-470A-9FE3-991F39570966}.GCDebug|x86.Build.0 = Debug|Any CPU
		{D276C1C8-A498-470A-9FE3-991F39570966}.GCRelease|Any CPU.ActiveCfg = Release|Any CPU
		{D276C1C8-A498-470A-9FE3-991F39570966}.GCRelease|Any CPU.Build.0 = Release|Any CPU
		{D276C1C8-A498-470A-9FE3-991F39570966}.GCRelease|x86.ActiveCfg = Release|Any CPU
		{D276C1C8-A498-470A-9FE3-991F39570966}.GCRelease|x86.Build.0 = Release|Any CPU
		{D276C1C8-A498-470A-9FE3-991F39570966}.Release|Any CPU.ActiveCfg = Release|Any CPU
		{D276C1C8-A498-470A-9FE3-991F39570966}.Release|Any CPU.Build.0 = Release|Any CPU
		{D276C1C8-A498-470A-9FE3-991F39570966}.Release|x86.ActiveCfg = Release|Any CPU
		{D276C1C8-A498-470A-9FE3-991F39570966}.Release|x86.Build.0 = Release|Any CPU
		{F9A1E6BB-E0B9-4510-9ABD-3886508EBAD5}.Debug|Any CPU.ActiveCfg = Debug|Any CPU
		{F9A1E6BB-E0B9-4510-9ABD-3886508EBAD5}.Debug|Any CPU.Build.0 = Debug|Any CPU
		{F9A1E6BB-E0B9-4510-9ABD-3886508EBAD5}.Debug|x86.ActiveCfg = Debug|Any CPU
		{F9A1E6BB-E0B9-4510-9ABD-3886508EBAD5}.Debug|x86.Build.0 = Debug|Any CPU
		{F9A1E6BB-E0B9-4510-9ABD-3886508EBAD5}.GCDebug|Any CPU.ActiveCfg = Debug|Any CPU
		{F9A1E6BB-E0B9-4510-9ABD-3886508EBAD5}.GCDebug|Any CPU.Build.0 = Debug|Any CPU
		{F9A1E6BB-E0B9-4510-9ABD-3886508EBAD5}.GCDebug|x86.ActiveCfg = Debug|Any CPU
		{F9A1E6BB-E0B9-4510-9ABD-3886508EBAD5}.GCDebug|x86.Build.0 = Debug|Any CPU
		{F9A1E6BB-E0B9-4510-9ABD-3886508EBAD5}.GCRelease|Any CPU.ActiveCfg = Release|Any CPU
		{F9A1E6BB-E0B9-4510-9ABD-3886508EBAD5}.GCRelease|Any CPU.Build.0 = Release|Any CPU
		{F9A1E6BB-E0B9-4510-9ABD-3886508EBAD5}.GCRelease|x86.ActiveCfg = Release|Any CPU
		{F9A1E6BB-E0B9-4510-9ABD-3886508EBAD5}.GCRelease|x86.Build.0 = Release|Any CPU
		{F9A1E6BB-E0B9-4510-9ABD-3886508EBAD5}.Release|Any CPU.ActiveCfg = Release|Any CPU
		{F9A1E6BB-E0B9-4510-9ABD-3886508EBAD5}.Release|Any CPU.Build.0 = Release|Any CPU
		{F9A1E6BB-E0B9-4510-9ABD-3886508EBAD5}.Release|x86.ActiveCfg = Release|Any CPU
		{F9A1E6BB-E0B9-4510-9ABD-3886508EBAD5}.Release|x86.Build.0 = Release|Any CPU
		{2E1F7427-67BD-4A5B-A751-9777CEC3322C}.Debug|Any CPU.ActiveCfg = Debug|Any CPU
		{2E1F7427-67BD-4A5B-A751-9777CEC3322C}.Debug|Any CPU.Build.0 = Debug|Any CPU
		{2E1F7427-67BD-4A5B-A751-9777CEC3322C}.Debug|x86.ActiveCfg = Debug|Any CPU
		{2E1F7427-67BD-4A5B-A751-9777CEC3322C}.Debug|x86.Build.0 = Debug|Any CPU
		{2E1F7427-67BD-4A5B-A751-9777CEC3322C}.GCDebug|Any CPU.ActiveCfg = Debug|Any CPU
		{2E1F7427-67BD-4A5B-A751-9777CEC3322C}.GCDebug|Any CPU.Build.0 = Debug|Any CPU
		{2E1F7427-67BD-4A5B-A751-9777CEC3322C}.GCDebug|x86.ActiveCfg = Debug|Any CPU
		{2E1F7427-67BD-4A5B-A751-9777CEC3322C}.GCDebug|x86.Build.0 = Debug|Any CPU
		{2E1F7427-67BD-4A5B-A751-9777CEC3322C}.GCRelease|Any CPU.ActiveCfg = Release|Any CPU
		{2E1F7427-67BD-4A5B-A751-9777CEC3322C}.GCRelease|Any CPU.Build.0 = Release|Any CPU
		{2E1F7427-67BD-4A5B-A751-9777CEC3322C}.GCRelease|x86.ActiveCfg = Release|Any CPU
		{2E1F7427-67BD-4A5B-A751-9777CEC3322C}.GCRelease|x86.Build.0 = Release|Any CPU
		{2E1F7427-67BD-4A5B-A751-9777CEC3322C}.Release|Any CPU.ActiveCfg = Release|Any CPU
		{2E1F7427-67BD-4A5B-A751-9777CEC3322C}.Release|Any CPU.Build.0 = Release|Any CPU
		{2E1F7427-67BD-4A5B-A751-9777CEC3322C}.Release|x86.ActiveCfg = Release|Any CPU
		{2E1F7427-67BD-4A5B-A751-9777CEC3322C}.Release|x86.Build.0 = Release|Any CPU
		{D186FFCB-C684-47C4-A7CE-13007D61B7BD}.Debug|Any CPU.ActiveCfg = Debug|Any CPU
		{D186FFCB-C684-47C4-A7CE-13007D61B7BD}.Debug|Any CPU.Build.0 = Debug|Any CPU
		{D186FFCB-C684-47C4-A7CE-13007D61B7BD}.Debug|x86.ActiveCfg = Debug|x86
		{D186FFCB-C684-47C4-A7CE-13007D61B7BD}.Debug|x86.Build.0 = Debug|x86
		{D186FFCB-C684-47C4-A7CE-13007D61B7BD}.GCDebug|Any CPU.ActiveCfg = Debug|x86
		{D186FFCB-C684-47C4-A7CE-13007D61B7BD}.GCDebug|x86.ActiveCfg = Debug|x86
		{D186FFCB-C684-47C4-A7CE-13007D61B7BD}.GCDebug|x86.Build.0 = Debug|x86
		{D186FFCB-C684-47C4-A7CE-13007D61B7BD}.GCRelease|Any CPU.ActiveCfg = Release|x86
		{D186FFCB-C684-47C4-A7CE-13007D61B7BD}.GCRelease|x86.ActiveCfg = Release|x86
		{D186FFCB-C684-47C4-A7CE-13007D61B7BD}.GCRelease|x86.Build.0 = Release|x86
		{D186FFCB-C684-47C4-A7CE-13007D61B7BD}.Release|Any CPU.ActiveCfg = Release|Any CPU
		{D186FFCB-C684-47C4-A7CE-13007D61B7BD}.Release|Any CPU.Build.0 = Release|Any CPU
		{D186FFCB-C684-47C4-A7CE-13007D61B7BD}.Release|x86.ActiveCfg = Release|x86
		{D186FFCB-C684-47C4-A7CE-13007D61B7BD}.Release|x86.Build.0 = Release|x86
		{C7F14BC7-3249-4B2D-91AA-5F87D2DAF088}.Debug|Any CPU.ActiveCfg = Debug|Any CPU
		{C7F14BC7-3249-4B2D-91AA-5F87D2DAF088}.Debug|Any CPU.Build.0 = Debug|Any CPU
		{C7F14BC7-3249-4B2D-91AA-5F87D2DAF088}.Debug|x86.ActiveCfg = Debug|Any CPU
		{C7F14BC7-3249-4B2D-91AA-5F87D2DAF088}.Debug|x86.Build.0 = Debug|Any CPU
		{C7F14BC7-3249-4B2D-91AA-5F87D2DAF088}.GCDebug|Any CPU.ActiveCfg = Debug|Any CPU
		{C7F14BC7-3249-4B2D-91AA-5F87D2DAF088}.GCDebug|Any CPU.Build.0 = Debug|Any CPU
		{C7F14BC7-3249-4B2D-91AA-5F87D2DAF088}.GCDebug|x86.ActiveCfg = Debug|Any CPU
		{C7F14BC7-3249-4B2D-91AA-5F87D2DAF088}.GCDebug|x86.Build.0 = Debug|Any CPU
		{C7F14BC7-3249-4B2D-91AA-5F87D2DAF088}.GCRelease|Any CPU.ActiveCfg = Release|Any CPU
		{C7F14BC7-3249-4B2D-91AA-5F87D2DAF088}.GCRelease|Any CPU.Build.0 = Release|Any CPU
		{C7F14BC7-3249-4B2D-91AA-5F87D2DAF088}.GCRelease|x86.ActiveCfg = Release|Any CPU
		{C7F14BC7-3249-4B2D-91AA-5F87D2DAF088}.GCRelease|x86.Build.0 = Release|Any CPU
		{C7F14BC7-3249-4B2D-91AA-5F87D2DAF088}.Release|Any CPU.ActiveCfg = Release|Any CPU
		{C7F14BC7-3249-4B2D-91AA-5F87D2DAF088}.Release|Any CPU.Build.0 = Release|Any CPU
		{C7F14BC7-3249-4B2D-91AA-5F87D2DAF088}.Release|x86.ActiveCfg = Release|Any CPU
		{C7F14BC7-3249-4B2D-91AA-5F87D2DAF088}.Release|x86.Build.0 = Release|Any CPU
		{34EA51BA-206A-491C-A40A-C9E012AD88F3}.Debug|Any CPU.ActiveCfg = Debug|Any CPU
		{34EA51BA-206A-491C-A40A-C9E012AD88F3}.Debug|Any CPU.Build.0 = Debug|Any CPU
		{34EA51BA-206A-491C-A40A-C9E012AD88F3}.Debug|x86.ActiveCfg = Debug|x86
		{34EA51BA-206A-491C-A40A-C9E012AD88F3}.Debug|x86.Build.0 = Debug|x86
		{34EA51BA-206A-491C-A40A-C9E012AD88F3}.GCDebug|Any CPU.ActiveCfg = Debug|x86
		{34EA51BA-206A-491C-A40A-C9E012AD88F3}.GCDebug|x86.ActiveCfg = Debug|x86
		{34EA51BA-206A-491C-A40A-C9E012AD88F3}.GCDebug|x86.Build.0 = Debug|x86
		{34EA51BA-206A-491C-A40A-C9E012AD88F3}.GCRelease|Any CPU.ActiveCfg = Release|x86
		{34EA51BA-206A-491C-A40A-C9E012AD88F3}.GCRelease|x86.ActiveCfg = Release|x86
		{34EA51BA-206A-491C-A40A-C9E012AD88F3}.GCRelease|x86.Build.0 = Release|x86
		{34EA51BA-206A-491C-A40A-C9E012AD88F3}.Release|Any CPU.ActiveCfg = Release|Any CPU
		{34EA51BA-206A-491C-A40A-C9E012AD88F3}.Release|Any CPU.Build.0 = Release|Any CPU
		{34EA51BA-206A-491C-A40A-C9E012AD88F3}.Release|x86.ActiveCfg = Release|x86
		{34EA51BA-206A-491C-A40A-C9E012AD88F3}.Release|x86.Build.0 = Release|x86
		{34BAED2D-9BA3-4A3A-95E8-6D19F251D3BC}.Debug|Any CPU.ActiveCfg = Debug|Any CPU
		{34BAED2D-9BA3-4A3A-95E8-6D19F251D3BC}.Debug|Any CPU.Build.0 = Debug|Any CPU
		{34BAED2D-9BA3-4A3A-95E8-6D19F251D3BC}.Debug|x86.ActiveCfg = Debug|x86
		{34BAED2D-9BA3-4A3A-95E8-6D19F251D3BC}.Debug|x86.Build.0 = Debug|x86
		{34BAED2D-9BA3-4A3A-95E8-6D19F251D3BC}.GCDebug|Any CPU.ActiveCfg = Debug|x86
		{34BAED2D-9BA3-4A3A-95E8-6D19F251D3BC}.GCDebug|x86.ActiveCfg = Debug|x86
		{34BAED2D-9BA3-4A3A-95E8-6D19F251D3BC}.GCDebug|x86.Build.0 = Debug|x86
		{34BAED2D-9BA3-4A3A-95E8-6D19F251D3BC}.GCRelease|Any CPU.ActiveCfg = Release|x86
		{34BAED2D-9BA3-4A3A-95E8-6D19F251D3BC}.GCRelease|x86.ActiveCfg = Release|x86
		{34BAED2D-9BA3-4A3A-95E8-6D19F251D3BC}.GCRelease|x86.Build.0 = Release|x86
		{34BAED2D-9BA3-4A3A-95E8-6D19F251D3BC}.Release|Any CPU.ActiveCfg = Release|Any CPU
		{34BAED2D-9BA3-4A3A-95E8-6D19F251D3BC}.Release|Any CPU.Build.0 = Release|Any CPU
		{34BAED2D-9BA3-4A3A-95E8-6D19F251D3BC}.Release|x86.ActiveCfg = Release|x86
		{34BAED2D-9BA3-4A3A-95E8-6D19F251D3BC}.Release|x86.Build.0 = Release|x86
		{60EC2097-7A82-4789-AAD7-EE64D8D2C5FD}.Debug|Any CPU.ActiveCfg = Debug|Any CPU
		{60EC2097-7A82-4789-AAD7-EE64D8D2C5FD}.Debug|Any CPU.Build.0 = Debug|Any CPU
		{60EC2097-7A82-4789-AAD7-EE64D8D2C5FD}.Debug|x86.ActiveCfg = Debug|Any CPU
		{60EC2097-7A82-4789-AAD7-EE64D8D2C5FD}.Debug|x86.Build.0 = Debug|Any CPU
		{60EC2097-7A82-4789-AAD7-EE64D8D2C5FD}.GCDebug|Any CPU.ActiveCfg = Debug|Any CPU
		{60EC2097-7A82-4789-AAD7-EE64D8D2C5FD}.GCDebug|Any CPU.Build.0 = Debug|Any CPU
		{60EC2097-7A82-4789-AAD7-EE64D8D2C5FD}.GCDebug|x86.ActiveCfg = Debug|Any CPU
		{60EC2097-7A82-4789-AAD7-EE64D8D2C5FD}.GCDebug|x86.Build.0 = Debug|Any CPU
		{60EC2097-7A82-4789-AAD7-EE64D8D2C5FD}.GCRelease|Any CPU.ActiveCfg = Release|Any CPU
		{60EC2097-7A82-4789-AAD7-EE64D8D2C5FD}.GCRelease|Any CPU.Build.0 = Release|Any CPU
		{60EC2097-7A82-4789-AAD7-EE64D8D2C5FD}.GCRelease|x86.ActiveCfg = Release|Any CPU
		{60EC2097-7A82-4789-AAD7-EE64D8D2C5FD}.GCRelease|x86.Build.0 = Release|Any CPU
		{60EC2097-7A82-4789-AAD7-EE64D8D2C5FD}.Release|Any CPU.ActiveCfg = Release|Any CPU
		{60EC2097-7A82-4789-AAD7-EE64D8D2C5FD}.Release|Any CPU.Build.0 = Release|Any CPU
		{60EC2097-7A82-4789-AAD7-EE64D8D2C5FD}.Release|x86.ActiveCfg = Release|Any CPU
		{60EC2097-7A82-4789-AAD7-EE64D8D2C5FD}.Release|x86.Build.0 = Release|Any CPU
		{1244B09F-C5B2-4A07-AD90-6C3007F69586}.Debug|Any CPU.ActiveCfg = Debug|Any CPU
		{1244B09F-C5B2-4A07-AD90-6C3007F69586}.Debug|Any CPU.Build.0 = Debug|Any CPU
		{1244B09F-C5B2-4A07-AD90-6C3007F69586}.Debug|x86.ActiveCfg = Debug|Any CPU
		{1244B09F-C5B2-4A07-AD90-6C3007F69586}.Debug|x86.Build.0 = Debug|Any CPU
		{1244B09F-C5B2-4A07-AD90-6C3007F69586}.GCDebug|Any CPU.ActiveCfg = Debug|Any CPU
		{1244B09F-C5B2-4A07-AD90-6C3007F69586}.GCDebug|Any CPU.Build.0 = Debug|Any CPU
		{1244B09F-C5B2-4A07-AD90-6C3007F69586}.GCDebug|x86.ActiveCfg = Debug|Any CPU
		{1244B09F-C5B2-4A07-AD90-6C3007F69586}.GCDebug|x86.Build.0 = Debug|Any CPU
		{1244B09F-C5B2-4A07-AD90-6C3007F69586}.GCRelease|Any CPU.ActiveCfg = Release|Any CPU
		{1244B09F-C5B2-4A07-AD90-6C3007F69586}.GCRelease|Any CPU.Build.0 = Release|Any CPU
		{1244B09F-C5B2-4A07-AD90-6C3007F69586}.GCRelease|x86.ActiveCfg = Release|Any CPU
		{1244B09F-C5B2-4A07-AD90-6C3007F69586}.GCRelease|x86.Build.0 = Release|Any CPU
		{1244B09F-C5B2-4A07-AD90-6C3007F69586}.Release|Any CPU.ActiveCfg = Release|Any CPU
		{1244B09F-C5B2-4A07-AD90-6C3007F69586}.Release|Any CPU.Build.0 = Release|Any CPU
		{1244B09F-C5B2-4A07-AD90-6C3007F69586}.Release|x86.ActiveCfg = Release|Any CPU
		{1244B09F-C5B2-4A07-AD90-6C3007F69586}.Release|x86.Build.0 = Release|Any CPU
		{BBF9AC6F-BE8D-4D52-9E99-F2B7A466D2CF}.Debug|Any CPU.ActiveCfg = Debug|Any CPU
		{BBF9AC6F-BE8D-4D52-9E99-F2B7A466D2CF}.Debug|Any CPU.Build.0 = Debug|Any CPU
		{BBF9AC6F-BE8D-4D52-9E99-F2B7A466D2CF}.Debug|x86.ActiveCfg = Debug|Any CPU
		{BBF9AC6F-BE8D-4D52-9E99-F2B7A466D2CF}.Debug|x86.Build.0 = Debug|Any CPU
		{BBF9AC6F-BE8D-4D52-9E99-F2B7A466D2CF}.GCDebug|Any CPU.ActiveCfg = Debug|Any CPU
		{BBF9AC6F-BE8D-4D52-9E99-F2B7A466D2CF}.GCDebug|Any CPU.Build.0 = Debug|Any CPU
		{BBF9AC6F-BE8D-4D52-9E99-F2B7A466D2CF}.GCDebug|x86.ActiveCfg = Debug|Any CPU
		{BBF9AC6F-BE8D-4D52-9E99-F2B7A466D2CF}.GCDebug|x86.Build.0 = Debug|Any CPU
		{BBF9AC6F-BE8D-4D52-9E99-F2B7A466D2CF}.GCRelease|Any CPU.ActiveCfg = Release|Any CPU
		{BBF9AC6F-BE8D-4D52-9E99-F2B7A466D2CF}.GCRelease|Any CPU.Build.0 = Release|Any CPU
		{BBF9AC6F-BE8D-4D52-9E99-F2B7A466D2CF}.GCRelease|x86.ActiveCfg = Release|Any CPU
		{BBF9AC6F-BE8D-4D52-9E99-F2B7A466D2CF}.GCRelease|x86.Build.0 = Release|Any CPU
		{BBF9AC6F-BE8D-4D52-9E99-F2B7A466D2CF}.Release|Any CPU.ActiveCfg = Release|Any CPU
		{BBF9AC6F-BE8D-4D52-9E99-F2B7A466D2CF}.Release|Any CPU.Build.0 = Release|Any CPU
		{BBF9AC6F-BE8D-4D52-9E99-F2B7A466D2CF}.Release|x86.ActiveCfg = Release|Any CPU
		{BBF9AC6F-BE8D-4D52-9E99-F2B7A466D2CF}.Release|x86.Build.0 = Release|Any CPU
		{2B6D6B3A-302E-4832-910C-27CC2617B38F}.Debug|Any CPU.ActiveCfg = Debug|Any CPU
		{2B6D6B3A-302E-4832-910C-27CC2617B38F}.Debug|Any CPU.Build.0 = Debug|Any CPU
		{2B6D6B3A-302E-4832-910C-27CC2617B38F}.Debug|x86.ActiveCfg = Debug|Any CPU
		{2B6D6B3A-302E-4832-910C-27CC2617B38F}.Debug|x86.Build.0 = Debug|Any CPU
		{2B6D6B3A-302E-4832-910C-27CC2617B38F}.GCDebug|Any CPU.ActiveCfg = Debug|Any CPU
		{2B6D6B3A-302E-4832-910C-27CC2617B38F}.GCDebug|Any CPU.Build.0 = Debug|Any CPU
		{2B6D6B3A-302E-4832-910C-27CC2617B38F}.GCDebug|x86.ActiveCfg = Debug|Any CPU
		{2B6D6B3A-302E-4832-910C-27CC2617B38F}.GCDebug|x86.Build.0 = Debug|Any CPU
		{2B6D6B3A-302E-4832-910C-27CC2617B38F}.GCRelease|Any CPU.ActiveCfg = Release|Any CPU
		{2B6D6B3A-302E-4832-910C-27CC2617B38F}.GCRelease|Any CPU.Build.0 = Release|Any CPU
		{2B6D6B3A-302E-4832-910C-27CC2617B38F}.GCRelease|x86.ActiveCfg = Release|Any CPU
		{2B6D6B3A-302E-4832-910C-27CC2617B38F}.GCRelease|x86.Build.0 = Release|Any CPU
		{2B6D6B3A-302E-4832-910C-27CC2617B38F}.Release|Any CPU.ActiveCfg = Release|Any CPU
		{2B6D6B3A-302E-4832-910C-27CC2617B38F}.Release|Any CPU.Build.0 = Release|Any CPU
		{2B6D6B3A-302E-4832-910C-27CC2617B38F}.Release|x86.ActiveCfg = Release|Any CPU
		{2B6D6B3A-302E-4832-910C-27CC2617B38F}.Release|x86.Build.0 = Release|Any CPU
		{B5237FF8-50F4-460B-A4F4-B3D38DC315FE}.Debug|Any CPU.ActiveCfg = Debug|Any CPU
		{B5237FF8-50F4-460B-A4F4-B3D38DC315FE}.Debug|Any CPU.Build.0 = Debug|Any CPU
		{B5237FF8-50F4-460B-A4F4-B3D38DC315FE}.Debug|x86.ActiveCfg = Debug|x86
		{B5237FF8-50F4-460B-A4F4-B3D38DC315FE}.Debug|x86.Build.0 = Debug|x86
		{B5237FF8-50F4-460B-A4F4-B3D38DC315FE}.GCDebug|Any CPU.ActiveCfg = Debug|Any CPU
		{B5237FF8-50F4-460B-A4F4-B3D38DC315FE}.GCDebug|Any CPU.Build.0 = Debug|Any CPU
		{B5237FF8-50F4-460B-A4F4-B3D38DC315FE}.GCDebug|x86.ActiveCfg = Debug|x86
		{B5237FF8-50F4-460B-A4F4-B3D38DC315FE}.GCDebug|x86.Build.0 = Debug|x86
		{B5237FF8-50F4-460B-A4F4-B3D38DC315FE}.GCRelease|Any CPU.ActiveCfg = Release|Any CPU
		{B5237FF8-50F4-460B-A4F4-B3D38DC315FE}.GCRelease|Any CPU.Build.0 = Release|Any CPU
		{B5237FF8-50F4-460B-A4F4-B3D38DC315FE}.GCRelease|x86.ActiveCfg = Release|x86
		{B5237FF8-50F4-460B-A4F4-B3D38DC315FE}.GCRelease|x86.Build.0 = Release|x86
		{B5237FF8-50F4-460B-A4F4-B3D38DC315FE}.Release|Any CPU.ActiveCfg = Release|Any CPU
		{B5237FF8-50F4-460B-A4F4-B3D38DC315FE}.Release|Any CPU.Build.0 = Release|Any CPU
		{B5237FF8-50F4-460B-A4F4-B3D38DC315FE}.Release|x86.ActiveCfg = Release|x86
		{B5237FF8-50F4-460B-A4F4-B3D38DC315FE}.Release|x86.Build.0 = Release|x86
		{B2F19BFC-D098-48DD-9BB2-980ED098C13B}.Debug|Any CPU.ActiveCfg = Debug|Any CPU
		{B2F19BFC-D098-48DD-9BB2-980ED098C13B}.Debug|Any CPU.Build.0 = Debug|Any CPU
		{B2F19BFC-D098-48DD-9BB2-980ED098C13B}.Debug|x86.ActiveCfg = Debug|Any CPU
		{B2F19BFC-D098-48DD-9BB2-980ED098C13B}.Debug|x86.Build.0 = Debug|Any CPU
		{B2F19BFC-D098-48DD-9BB2-980ED098C13B}.GCDebug|Any CPU.ActiveCfg = Debug|Any CPU
		{B2F19BFC-D098-48DD-9BB2-980ED098C13B}.GCDebug|Any CPU.Build.0 = Debug|Any CPU
		{B2F19BFC-D098-48DD-9BB2-980ED098C13B}.GCDebug|x86.ActiveCfg = Debug|Any CPU
		{B2F19BFC-D098-48DD-9BB2-980ED098C13B}.GCDebug|x86.Build.0 = Debug|Any CPU
		{B2F19BFC-D098-48DD-9BB2-980ED098C13B}.GCRelease|Any CPU.ActiveCfg = Release|Any CPU
		{B2F19BFC-D098-48DD-9BB2-980ED098C13B}.GCRelease|Any CPU.Build.0 = Release|Any CPU
		{B2F19BFC-D098-48DD-9BB2-980ED098C13B}.GCRelease|x86.ActiveCfg = Release|Any CPU
		{B2F19BFC-D098-48DD-9BB2-980ED098C13B}.GCRelease|x86.Build.0 = Release|Any CPU
		{B2F19BFC-D098-48DD-9BB2-980ED098C13B}.Release|Any CPU.ActiveCfg = Release|Any CPU
		{B2F19BFC-D098-48DD-9BB2-980ED098C13B}.Release|Any CPU.Build.0 = Release|Any CPU
		{B2F19BFC-D098-48DD-9BB2-980ED098C13B}.Release|x86.ActiveCfg = Release|Any CPU
		{B2F19BFC-D098-48DD-9BB2-980ED098C13B}.Release|x86.Build.0 = Release|Any CPU
		{4B587C1B-4213-4631-A8D4-9AE3E26ABAE1}.Debug|Any CPU.ActiveCfg = Debug|Any CPU
		{4B587C1B-4213-4631-A8D4-9AE3E26ABAE1}.Debug|Any CPU.Build.0 = Debug|Any CPU
		{4B587C1B-4213-4631-A8D4-9AE3E26ABAE1}.Debug|x86.ActiveCfg = Debug|Any CPU
		{4B587C1B-4213-4631-A8D4-9AE3E26ABAE1}.Debug|x86.Build.0 = Debug|Any CPU
		{4B587C1B-4213-4631-A8D4-9AE3E26ABAE1}.GCDebug|Any CPU.ActiveCfg = Debug|Any CPU
		{4B587C1B-4213-4631-A8D4-9AE3E26ABAE1}.GCDebug|Any CPU.Build.0 = Debug|Any CPU
		{4B587C1B-4213-4631-A8D4-9AE3E26ABAE1}.GCDebug|x86.ActiveCfg = Debug|Any CPU
		{4B587C1B-4213-4631-A8D4-9AE3E26ABAE1}.GCDebug|x86.Build.0 = Debug|Any CPU
		{4B587C1B-4213-4631-A8D4-9AE3E26ABAE1}.GCRelease|Any CPU.ActiveCfg = Release|Any CPU
		{4B587C1B-4213-4631-A8D4-9AE3E26ABAE1}.GCRelease|Any CPU.Build.0 = Release|Any CPU
		{4B587C1B-4213-4631-A8D4-9AE3E26ABAE1}.GCRelease|x86.ActiveCfg = Release|Any CPU
		{4B587C1B-4213-4631-A8D4-9AE3E26ABAE1}.GCRelease|x86.Build.0 = Release|Any CPU
		{4B587C1B-4213-4631-A8D4-9AE3E26ABAE1}.Release|Any CPU.ActiveCfg = Release|Any CPU
		{4B587C1B-4213-4631-A8D4-9AE3E26ABAE1}.Release|Any CPU.Build.0 = Release|Any CPU
		{4B587C1B-4213-4631-A8D4-9AE3E26ABAE1}.Release|x86.ActiveCfg = Release|Any CPU
		{4B587C1B-4213-4631-A8D4-9AE3E26ABAE1}.Release|x86.Build.0 = Release|Any CPU
		{14644A84-952B-4C02-9F33-3BBEA099968B}.Debug|Any CPU.ActiveCfg = Debug|Any CPU
		{14644A84-952B-4C02-9F33-3BBEA099968B}.Debug|Any CPU.Build.0 = Debug|Any CPU
		{14644A84-952B-4C02-9F33-3BBEA099968B}.Debug|x86.ActiveCfg = Debug|Any CPU
		{14644A84-952B-4C02-9F33-3BBEA099968B}.Debug|x86.Build.0 = Debug|Any CPU
		{14644A84-952B-4C02-9F33-3BBEA099968B}.GCDebug|Any CPU.ActiveCfg = Debug|Any CPU
		{14644A84-952B-4C02-9F33-3BBEA099968B}.GCDebug|Any CPU.Build.0 = Debug|Any CPU
		{14644A84-952B-4C02-9F33-3BBEA099968B}.GCDebug|x86.ActiveCfg = Debug|Any CPU
		{14644A84-952B-4C02-9F33-3BBEA099968B}.GCDebug|x86.Build.0 = Debug|Any CPU
		{14644A84-952B-4C02-9F33-3BBEA099968B}.GCRelease|Any CPU.ActiveCfg = Release|Any CPU
		{14644A84-952B-4C02-9F33-3BBEA099968B}.GCRelease|Any CPU.Build.0 = Release|Any CPU
		{14644A84-952B-4C02-9F33-3BBEA099968B}.GCRelease|x86.ActiveCfg = Release|Any CPU
		{14644A84-952B-4C02-9F33-3BBEA099968B}.GCRelease|x86.Build.0 = Release|Any CPU
		{14644A84-952B-4C02-9F33-3BBEA099968B}.Release|Any CPU.ActiveCfg = Release|Any CPU
		{14644A84-952B-4C02-9F33-3BBEA099968B}.Release|Any CPU.Build.0 = Release|Any CPU
		{14644A84-952B-4C02-9F33-3BBEA099968B}.Release|x86.ActiveCfg = Release|Any CPU
		{14644A84-952B-4C02-9F33-3BBEA099968B}.Release|x86.Build.0 = Release|Any CPU
		{098B2718-4E02-4421-B8B8-3CCEF81A640D}.Debug|Any CPU.ActiveCfg = Debug|Any CPU
		{098B2718-4E02-4421-B8B8-3CCEF81A640D}.Debug|Any CPU.Build.0 = Debug|Any CPU
		{098B2718-4E02-4421-B8B8-3CCEF81A640D}.Debug|x86.ActiveCfg = Debug|Any CPU
		{098B2718-4E02-4421-B8B8-3CCEF81A640D}.Debug|x86.Build.0 = Debug|Any CPU
		{098B2718-4E02-4421-B8B8-3CCEF81A640D}.GCDebug|Any CPU.ActiveCfg = Debug|Any CPU
		{098B2718-4E02-4421-B8B8-3CCEF81A640D}.GCDebug|Any CPU.Build.0 = Debug|Any CPU
		{098B2718-4E02-4421-B8B8-3CCEF81A640D}.GCDebug|x86.ActiveCfg = Debug|Any CPU
		{098B2718-4E02-4421-B8B8-3CCEF81A640D}.GCDebug|x86.Build.0 = Debug|Any CPU
		{098B2718-4E02-4421-B8B8-3CCEF81A640D}.GCRelease|Any CPU.ActiveCfg = Release|Any CPU
		{098B2718-4E02-4421-B8B8-3CCEF81A640D}.GCRelease|Any CPU.Build.0 = Release|Any CPU
		{098B2718-4E02-4421-B8B8-3CCEF81A640D}.GCRelease|x86.ActiveCfg = Release|Any CPU
		{098B2718-4E02-4421-B8B8-3CCEF81A640D}.GCRelease|x86.Build.0 = Release|Any CPU
		{098B2718-4E02-4421-B8B8-3CCEF81A640D}.Release|Any CPU.ActiveCfg = Release|Any CPU
		{098B2718-4E02-4421-B8B8-3CCEF81A640D}.Release|Any CPU.Build.0 = Release|Any CPU
		{098B2718-4E02-4421-B8B8-3CCEF81A640D}.Release|x86.ActiveCfg = Release|Any CPU
		{098B2718-4E02-4421-B8B8-3CCEF81A640D}.Release|x86.Build.0 = Release|Any CPU
		{69200DD2-3758-4755-A6D4-DA2EFB8350C7}.Debug|Any CPU.ActiveCfg = Debug|Any CPU
		{69200DD2-3758-4755-A6D4-DA2EFB8350C7}.Debug|Any CPU.Build.0 = Debug|Any CPU
		{69200DD2-3758-4755-A6D4-DA2EFB8350C7}.Debug|x86.ActiveCfg = Debug|Any CPU
		{69200DD2-3758-4755-A6D4-DA2EFB8350C7}.Debug|x86.Build.0 = Debug|Any CPU
		{69200DD2-3758-4755-A6D4-DA2EFB8350C7}.GCDebug|Any CPU.ActiveCfg = Debug|Any CPU
		{69200DD2-3758-4755-A6D4-DA2EFB8350C7}.GCDebug|Any CPU.Build.0 = Debug|Any CPU
		{69200DD2-3758-4755-A6D4-DA2EFB8350C7}.GCDebug|x86.ActiveCfg = Debug|Any CPU
		{69200DD2-3758-4755-A6D4-DA2EFB8350C7}.GCDebug|x86.Build.0 = Debug|Any CPU
		{69200DD2-3758-4755-A6D4-DA2EFB8350C7}.GCRelease|Any CPU.ActiveCfg = Release|Any CPU
		{69200DD2-3758-4755-A6D4-DA2EFB8350C7}.GCRelease|Any CPU.Build.0 = Release|Any CPU
		{69200DD2-3758-4755-A6D4-DA2EFB8350C7}.GCRelease|x86.ActiveCfg = Release|Any CPU
		{69200DD2-3758-4755-A6D4-DA2EFB8350C7}.GCRelease|x86.Build.0 = Release|Any CPU
		{69200DD2-3758-4755-A6D4-DA2EFB8350C7}.Release|Any CPU.ActiveCfg = Release|Any CPU
		{69200DD2-3758-4755-A6D4-DA2EFB8350C7}.Release|Any CPU.Build.0 = Release|Any CPU
		{69200DD2-3758-4755-A6D4-DA2EFB8350C7}.Release|x86.ActiveCfg = Release|Any CPU
		{69200DD2-3758-4755-A6D4-DA2EFB8350C7}.Release|x86.Build.0 = Release|Any CPU
		{BF880B7E-6800-4760-8420-488CF6AAA190}.Debug|Any CPU.ActiveCfg = Debug|Any CPU
		{BF880B7E-6800-4760-8420-488CF6AAA190}.Debug|Any CPU.Build.0 = Debug|Any CPU
		{BF880B7E-6800-4760-8420-488CF6AAA190}.Debug|x86.ActiveCfg = Debug|Any CPU
		{BF880B7E-6800-4760-8420-488CF6AAA190}.Debug|x86.Build.0 = Debug|Any CPU
		{BF880B7E-6800-4760-8420-488CF6AAA190}.GCDebug|Any CPU.ActiveCfg = Debug|Any CPU
		{BF880B7E-6800-4760-8420-488CF6AAA190}.GCDebug|Any CPU.Build.0 = Debug|Any CPU
		{BF880B7E-6800-4760-8420-488CF6AAA190}.GCDebug|x86.ActiveCfg = Debug|Any CPU
		{BF880B7E-6800-4760-8420-488CF6AAA190}.GCDebug|x86.Build.0 = Debug|Any CPU
		{BF880B7E-6800-4760-8420-488CF6AAA190}.GCRelease|Any CPU.ActiveCfg = Release|Any CPU
		{BF880B7E-6800-4760-8420-488CF6AAA190}.GCRelease|Any CPU.Build.0 = Release|Any CPU
		{BF880B7E-6800-4760-8420-488CF6AAA190}.GCRelease|x86.ActiveCfg = Release|Any CPU
		{BF880B7E-6800-4760-8420-488CF6AAA190}.GCRelease|x86.Build.0 = Release|Any CPU
		{BF880B7E-6800-4760-8420-488CF6AAA190}.Release|Any CPU.ActiveCfg = Release|Any CPU
		{BF880B7E-6800-4760-8420-488CF6AAA190}.Release|Any CPU.Build.0 = Release|Any CPU
		{BF880B7E-6800-4760-8420-488CF6AAA190}.Release|x86.ActiveCfg = Release|Any CPU
		{BF880B7E-6800-4760-8420-488CF6AAA190}.Release|x86.Build.0 = Release|Any CPU
		{221C1691-D388-4A37-888E-18B22F29DEEC}.Debug|Any CPU.ActiveCfg = Debug|Any CPU
		{221C1691-D388-4A37-888E-18B22F29DEEC}.Debug|Any CPU.Build.0 = Debug|Any CPU
		{221C1691-D388-4A37-888E-18B22F29DEEC}.Debug|x86.ActiveCfg = Debug|Any CPU
		{221C1691-D388-4A37-888E-18B22F29DEEC}.Debug|x86.Build.0 = Debug|Any CPU
		{221C1691-D388-4A37-888E-18B22F29DEEC}.GCDebug|Any CPU.ActiveCfg = Debug|Any CPU
		{221C1691-D388-4A37-888E-18B22F29DEEC}.GCDebug|Any CPU.Build.0 = Debug|Any CPU
		{221C1691-D388-4A37-888E-18B22F29DEEC}.GCDebug|x86.ActiveCfg = Debug|Any CPU
		{221C1691-D388-4A37-888E-18B22F29DEEC}.GCDebug|x86.Build.0 = Debug|Any CPU
		{221C1691-D388-4A37-888E-18B22F29DEEC}.GCRelease|Any CPU.ActiveCfg = Release|Any CPU
		{221C1691-D388-4A37-888E-18B22F29DEEC}.GCRelease|Any CPU.Build.0 = Release|Any CPU
		{221C1691-D388-4A37-888E-18B22F29DEEC}.GCRelease|x86.ActiveCfg = Release|Any CPU
		{221C1691-D388-4A37-888E-18B22F29DEEC}.GCRelease|x86.Build.0 = Release|Any CPU
		{221C1691-D388-4A37-888E-18B22F29DEEC}.Release|Any CPU.ActiveCfg = Release|Any CPU
		{221C1691-D388-4A37-888E-18B22F29DEEC}.Release|Any CPU.Build.0 = Release|Any CPU
		{221C1691-D388-4A37-888E-18B22F29DEEC}.Release|x86.ActiveCfg = Release|Any CPU
		{221C1691-D388-4A37-888E-18B22F29DEEC}.Release|x86.Build.0 = Release|Any CPU
		{12C1F07A-4F3B-4C9C-82BC-CACF5B66E9F5}.Debug|Any CPU.ActiveCfg = Debug|Any CPU
		{12C1F07A-4F3B-4C9C-82BC-CACF5B66E9F5}.Debug|Any CPU.Build.0 = Debug|Any CPU
		{12C1F07A-4F3B-4C9C-82BC-CACF5B66E9F5}.Debug|x86.ActiveCfg = Debug|Any CPU
		{12C1F07A-4F3B-4C9C-82BC-CACF5B66E9F5}.Debug|x86.Build.0 = Debug|Any CPU
		{12C1F07A-4F3B-4C9C-82BC-CACF5B66E9F5}.GCDebug|Any CPU.ActiveCfg = Debug|Any CPU
		{12C1F07A-4F3B-4C9C-82BC-CACF5B66E9F5}.GCDebug|Any CPU.Build.0 = Debug|Any CPU
		{12C1F07A-4F3B-4C9C-82BC-CACF5B66E9F5}.GCDebug|x86.ActiveCfg = Debug|Any CPU
		{12C1F07A-4F3B-4C9C-82BC-CACF5B66E9F5}.GCDebug|x86.Build.0 = Debug|Any CPU
		{12C1F07A-4F3B-4C9C-82BC-CACF5B66E9F5}.GCRelease|Any CPU.ActiveCfg = Release|Any CPU
		{12C1F07A-4F3B-4C9C-82BC-CACF5B66E9F5}.GCRelease|Any CPU.Build.0 = Release|Any CPU
		{12C1F07A-4F3B-4C9C-82BC-CACF5B66E9F5}.GCRelease|x86.ActiveCfg = Release|Any CPU
		{12C1F07A-4F3B-4C9C-82BC-CACF5B66E9F5}.GCRelease|x86.Build.0 = Release|Any CPU
		{12C1F07A-4F3B-4C9C-82BC-CACF5B66E9F5}.Release|Any CPU.ActiveCfg = Release|Any CPU
		{12C1F07A-4F3B-4C9C-82BC-CACF5B66E9F5}.Release|Any CPU.Build.0 = Release|Any CPU
		{12C1F07A-4F3B-4C9C-82BC-CACF5B66E9F5}.Release|x86.ActiveCfg = Release|Any CPU
		{12C1F07A-4F3B-4C9C-82BC-CACF5B66E9F5}.Release|x86.Build.0 = Release|Any CPU
		{CB06AEA2-4BD4-4D1A-82E7-3A0DF7F0F74C}.Debug|Any CPU.ActiveCfg = Debug|Any CPU
		{CB06AEA2-4BD4-4D1A-82E7-3A0DF7F0F74C}.Debug|Any CPU.Build.0 = Debug|Any CPU
		{CB06AEA2-4BD4-4D1A-82E7-3A0DF7F0F74C}.Debug|x86.ActiveCfg = Debug|Any CPU
		{CB06AEA2-4BD4-4D1A-82E7-3A0DF7F0F74C}.Debug|x86.Build.0 = Debug|Any CPU
		{CB06AEA2-4BD4-4D1A-82E7-3A0DF7F0F74C}.GCDebug|Any CPU.ActiveCfg = Debug|Any CPU
		{CB06AEA2-4BD4-4D1A-82E7-3A0DF7F0F74C}.GCDebug|Any CPU.Build.0 = Debug|Any CPU
		{CB06AEA2-4BD4-4D1A-82E7-3A0DF7F0F74C}.GCDebug|x86.ActiveCfg = Debug|Any CPU
		{CB06AEA2-4BD4-4D1A-82E7-3A0DF7F0F74C}.GCDebug|x86.Build.0 = Debug|Any CPU
		{CB06AEA2-4BD4-4D1A-82E7-3A0DF7F0F74C}.GCRelease|Any CPU.ActiveCfg = Release|Any CPU
		{CB06AEA2-4BD4-4D1A-82E7-3A0DF7F0F74C}.GCRelease|Any CPU.Build.0 = Release|Any CPU
		{CB06AEA2-4BD4-4D1A-82E7-3A0DF7F0F74C}.GCRelease|x86.ActiveCfg = Release|Any CPU
		{CB06AEA2-4BD4-4D1A-82E7-3A0DF7F0F74C}.GCRelease|x86.Build.0 = Release|Any CPU
		{CB06AEA2-4BD4-4D1A-82E7-3A0DF7F0F74C}.Release|Any CPU.ActiveCfg = Release|Any CPU
		{CB06AEA2-4BD4-4D1A-82E7-3A0DF7F0F74C}.Release|Any CPU.Build.0 = Release|Any CPU
		{CB06AEA2-4BD4-4D1A-82E7-3A0DF7F0F74C}.Release|x86.ActiveCfg = Release|Any CPU
		{CB06AEA2-4BD4-4D1A-82E7-3A0DF7F0F74C}.Release|x86.Build.0 = Release|Any CPU
		{49B52E57-0FC8-4D45-9351-9702EE02B9BC}.Debug|Any CPU.ActiveCfg = Debug|Any CPU
		{49B52E57-0FC8-4D45-9351-9702EE02B9BC}.Debug|Any CPU.Build.0 = Debug|Any CPU
		{49B52E57-0FC8-4D45-9351-9702EE02B9BC}.Debug|x86.ActiveCfg = Debug|Any CPU
		{49B52E57-0FC8-4D45-9351-9702EE02B9BC}.Debug|x86.Build.0 = Debug|Any CPU
		{49B52E57-0FC8-4D45-9351-9702EE02B9BC}.GCDebug|Any CPU.ActiveCfg = Debug|Any CPU
		{49B52E57-0FC8-4D45-9351-9702EE02B9BC}.GCDebug|Any CPU.Build.0 = Debug|Any CPU
		{49B52E57-0FC8-4D45-9351-9702EE02B9BC}.GCDebug|x86.ActiveCfg = Debug|Any CPU
		{49B52E57-0FC8-4D45-9351-9702EE02B9BC}.GCDebug|x86.Build.0 = Debug|Any CPU
		{49B52E57-0FC8-4D45-9351-9702EE02B9BC}.GCRelease|Any CPU.ActiveCfg = Release|Any CPU
		{49B52E57-0FC8-4D45-9351-9702EE02B9BC}.GCRelease|Any CPU.Build.0 = Release|Any CPU
		{49B52E57-0FC8-4D45-9351-9702EE02B9BC}.GCRelease|x86.ActiveCfg = Release|Any CPU
		{49B52E57-0FC8-4D45-9351-9702EE02B9BC}.GCRelease|x86.Build.0 = Release|Any CPU
		{49B52E57-0FC8-4D45-9351-9702EE02B9BC}.Release|Any CPU.ActiveCfg = Release|Any CPU
		{49B52E57-0FC8-4D45-9351-9702EE02B9BC}.Release|Any CPU.Build.0 = Release|Any CPU
		{49B52E57-0FC8-4D45-9351-9702EE02B9BC}.Release|x86.ActiveCfg = Release|Any CPU
		{49B52E57-0FC8-4D45-9351-9702EE02B9BC}.Release|x86.Build.0 = Release|Any CPU
		{3A7ABC7A-AABC-4573-91F1-F66775AA6901}.Debug|Any CPU.ActiveCfg = Debug|Any CPU
		{3A7ABC7A-AABC-4573-91F1-F66775AA6901}.Debug|Any CPU.Build.0 = Debug|Any CPU
		{3A7ABC7A-AABC-4573-91F1-F66775AA6901}.Debug|x86.ActiveCfg = Debug|x86
		{3A7ABC7A-AABC-4573-91F1-F66775AA6901}.Debug|x86.Build.0 = Debug|x86
		{3A7ABC7A-AABC-4573-91F1-F66775AA6901}.GCDebug|Any CPU.ActiveCfg = Release|x86
		{3A7ABC7A-AABC-4573-91F1-F66775AA6901}.GCDebug|Any CPU.Build.0 = Release|x86
		{3A7ABC7A-AABC-4573-91F1-F66775AA6901}.GCDebug|x86.ActiveCfg = Debug|x86
		{3A7ABC7A-AABC-4573-91F1-F66775AA6901}.GCDebug|x86.Build.0 = Debug|x86
		{3A7ABC7A-AABC-4573-91F1-F66775AA6901}.GCRelease|Any CPU.ActiveCfg = Release|x86
		{3A7ABC7A-AABC-4573-91F1-F66775AA6901}.GCRelease|Any CPU.Build.0 = Release|x86
		{3A7ABC7A-AABC-4573-91F1-F66775AA6901}.GCRelease|x86.ActiveCfg = Release|x86
		{3A7ABC7A-AABC-4573-91F1-F66775AA6901}.GCRelease|x86.Build.0 = Release|x86
		{3A7ABC7A-AABC-4573-91F1-F66775AA6901}.Release|Any CPU.ActiveCfg = Release|Any CPU
		{3A7ABC7A-AABC-4573-91F1-F66775AA6901}.Release|Any CPU.Build.0 = Release|Any CPU
		{3A7ABC7A-AABC-4573-91F1-F66775AA6901}.Release|x86.ActiveCfg = Release|x86
		{3A7ABC7A-AABC-4573-91F1-F66775AA6901}.Release|x86.Build.0 = Release|x86
		{1A83453A-527B-4791-BD5D-4821010F3D76}.Debug|Any CPU.ActiveCfg = Debug|Any CPU
		{1A83453A-527B-4791-BD5D-4821010F3D76}.Debug|Any CPU.Build.0 = Debug|Any CPU
		{1A83453A-527B-4791-BD5D-4821010F3D76}.Debug|x86.ActiveCfg = Debug|Any CPU
		{1A83453A-527B-4791-BD5D-4821010F3D76}.Debug|x86.Build.0 = Debug|Any CPU
		{1A83453A-527B-4791-BD5D-4821010F3D76}.GCDebug|Any CPU.ActiveCfg = Debug|Any CPU
		{1A83453A-527B-4791-BD5D-4821010F3D76}.GCDebug|Any CPU.Build.0 = Debug|Any CPU
		{1A83453A-527B-4791-BD5D-4821010F3D76}.GCDebug|x86.ActiveCfg = Debug|Any CPU
		{1A83453A-527B-4791-BD5D-4821010F3D76}.GCDebug|x86.Build.0 = Debug|Any CPU
		{1A83453A-527B-4791-BD5D-4821010F3D76}.GCRelease|Any CPU.ActiveCfg = Release|Any CPU
		{1A83453A-527B-4791-BD5D-4821010F3D76}.GCRelease|Any CPU.Build.0 = Release|Any CPU
		{1A83453A-527B-4791-BD5D-4821010F3D76}.GCRelease|x86.ActiveCfg = Release|Any CPU
		{1A83453A-527B-4791-BD5D-4821010F3D76}.GCRelease|x86.Build.0 = Release|Any CPU
		{1A83453A-527B-4791-BD5D-4821010F3D76}.Release|Any CPU.ActiveCfg = Release|Any CPU
		{1A83453A-527B-4791-BD5D-4821010F3D76}.Release|Any CPU.Build.0 = Release|Any CPU
		{1A83453A-527B-4791-BD5D-4821010F3D76}.Release|x86.ActiveCfg = Release|Any CPU
		{1A83453A-527B-4791-BD5D-4821010F3D76}.Release|x86.Build.0 = Release|Any CPU
		{E7253A99-E7E1-45A9-B353-7D62BD6E3D83}.Debug|Any CPU.ActiveCfg = Debug|Any CPU
		{E7253A99-E7E1-45A9-B353-7D62BD6E3D83}.Debug|Any CPU.Build.0 = Debug|Any CPU
		{E7253A99-E7E1-45A9-B353-7D62BD6E3D83}.Debug|x86.ActiveCfg = Debug|Any CPU
		{E7253A99-E7E1-45A9-B353-7D62BD6E3D83}.Debug|x86.Build.0 = Debug|Any CPU
		{E7253A99-E7E1-45A9-B353-7D62BD6E3D83}.GCDebug|Any CPU.ActiveCfg = Debug|Any CPU
		{E7253A99-E7E1-45A9-B353-7D62BD6E3D83}.GCDebug|Any CPU.Build.0 = Debug|Any CPU
		{E7253A99-E7E1-45A9-B353-7D62BD6E3D83}.GCDebug|x86.ActiveCfg = Debug|Any CPU
		{E7253A99-E7E1-45A9-B353-7D62BD6E3D83}.GCDebug|x86.Build.0 = Debug|Any CPU
		{E7253A99-E7E1-45A9-B353-7D62BD6E3D83}.GCRelease|Any CPU.ActiveCfg = Release|Any CPU
		{E7253A99-E7E1-45A9-B353-7D62BD6E3D83}.GCRelease|Any CPU.Build.0 = Release|Any CPU
		{E7253A99-E7E1-45A9-B353-7D62BD6E3D83}.GCRelease|x86.ActiveCfg = Release|Any CPU
		{E7253A99-E7E1-45A9-B353-7D62BD6E3D83}.GCRelease|x86.Build.0 = Release|Any CPU
		{E7253A99-E7E1-45A9-B353-7D62BD6E3D83}.Release|Any CPU.ActiveCfg = Release|Any CPU
		{E7253A99-E7E1-45A9-B353-7D62BD6E3D83}.Release|Any CPU.Build.0 = Release|Any CPU
		{E7253A99-E7E1-45A9-B353-7D62BD6E3D83}.Release|x86.ActiveCfg = Release|Any CPU
		{E7253A99-E7E1-45A9-B353-7D62BD6E3D83}.Release|x86.Build.0 = Release|Any CPU
		{6E8CE8CE-7B37-46EE-AA05-17C8DEE5626F}.Debug|Any CPU.ActiveCfg = Debug|Any CPU
		{6E8CE8CE-7B37-46EE-AA05-17C8DEE5626F}.Debug|Any CPU.Build.0 = Debug|Any CPU
		{6E8CE8CE-7B37-46EE-AA05-17C8DEE5626F}.Debug|x86.ActiveCfg = Debug|x86
		{6E8CE8CE-7B37-46EE-AA05-17C8DEE5626F}.Debug|x86.Build.0 = Debug|x86
		{6E8CE8CE-7B37-46EE-AA05-17C8DEE5626F}.GCDebug|Any CPU.ActiveCfg = Release|x86
		{6E8CE8CE-7B37-46EE-AA05-17C8DEE5626F}.GCDebug|Any CPU.Build.0 = Release|x86
		{6E8CE8CE-7B37-46EE-AA05-17C8DEE5626F}.GCDebug|x86.ActiveCfg = Debug|x86
		{6E8CE8CE-7B37-46EE-AA05-17C8DEE5626F}.GCDebug|x86.Build.0 = Debug|x86
		{6E8CE8CE-7B37-46EE-AA05-17C8DEE5626F}.GCRelease|Any CPU.ActiveCfg = Release|x86
		{6E8CE8CE-7B37-46EE-AA05-17C8DEE5626F}.GCRelease|Any CPU.Build.0 = Release|x86
		{6E8CE8CE-7B37-46EE-AA05-17C8DEE5626F}.GCRelease|x86.ActiveCfg = Release|x86
		{6E8CE8CE-7B37-46EE-AA05-17C8DEE5626F}.GCRelease|x86.Build.0 = Release|x86
		{6E8CE8CE-7B37-46EE-AA05-17C8DEE5626F}.Release|Any CPU.ActiveCfg = Release|Any CPU
		{6E8CE8CE-7B37-46EE-AA05-17C8DEE5626F}.Release|Any CPU.Build.0 = Release|Any CPU
		{6E8CE8CE-7B37-46EE-AA05-17C8DEE5626F}.Release|x86.ActiveCfg = Release|x86
		{6E8CE8CE-7B37-46EE-AA05-17C8DEE5626F}.Release|x86.Build.0 = Release|x86
		{5F5A3FD1-4E77-4780-A74D-F64A6AFA453A}.Debug|Any CPU.ActiveCfg = Debug|Any CPU
		{5F5A3FD1-4E77-4780-A74D-F64A6AFA453A}.Debug|Any CPU.Build.0 = Debug|Any CPU
		{5F5A3FD1-4E77-4780-A74D-F64A6AFA453A}.Debug|x86.ActiveCfg = Debug|Any CPU
		{5F5A3FD1-4E77-4780-A74D-F64A6AFA453A}.Debug|x86.Build.0 = Debug|Any CPU
		{5F5A3FD1-4E77-4780-A74D-F64A6AFA453A}.GCDebug|Any CPU.ActiveCfg = Debug|Any CPU
		{5F5A3FD1-4E77-4780-A74D-F64A6AFA453A}.GCDebug|Any CPU.Build.0 = Debug|Any CPU
		{5F5A3FD1-4E77-4780-A74D-F64A6AFA453A}.GCDebug|x86.ActiveCfg = Debug|Any CPU
		{5F5A3FD1-4E77-4780-A74D-F64A6AFA453A}.GCDebug|x86.Build.0 = Debug|Any CPU
		{5F5A3FD1-4E77-4780-A74D-F64A6AFA453A}.GCRelease|Any CPU.ActiveCfg = Release|Any CPU
		{5F5A3FD1-4E77-4780-A74D-F64A6AFA453A}.GCRelease|Any CPU.Build.0 = Release|Any CPU
		{5F5A3FD1-4E77-4780-A74D-F64A6AFA453A}.GCRelease|x86.ActiveCfg = Release|Any CPU
		{5F5A3FD1-4E77-4780-A74D-F64A6AFA453A}.GCRelease|x86.Build.0 = Release|Any CPU
		{5F5A3FD1-4E77-4780-A74D-F64A6AFA453A}.Release|Any CPU.ActiveCfg = Release|Any CPU
		{5F5A3FD1-4E77-4780-A74D-F64A6AFA453A}.Release|Any CPU.Build.0 = Release|Any CPU
		{5F5A3FD1-4E77-4780-A74D-F64A6AFA453A}.Release|x86.ActiveCfg = Release|Any CPU
		{5F5A3FD1-4E77-4780-A74D-F64A6AFA453A}.Release|x86.Build.0 = Release|Any CPU
		{AB7C8083-8DA7-4EC6-82EC-029423983582}.Debug|Any CPU.ActiveCfg = Debug|Any CPU
		{AB7C8083-8DA7-4EC6-82EC-029423983582}.Debug|Any CPU.Build.0 = Debug|Any CPU
		{AB7C8083-8DA7-4EC6-82EC-029423983582}.Debug|x86.ActiveCfg = Debug|Any CPU
		{AB7C8083-8DA7-4EC6-82EC-029423983582}.Debug|x86.Build.0 = Debug|Any CPU
		{AB7C8083-8DA7-4EC6-82EC-029423983582}.GCDebug|Any CPU.ActiveCfg = Debug|Any CPU
		{AB7C8083-8DA7-4EC6-82EC-029423983582}.GCDebug|Any CPU.Build.0 = Debug|Any CPU
		{AB7C8083-8DA7-4EC6-82EC-029423983582}.GCDebug|x86.ActiveCfg = Debug|Any CPU
		{AB7C8083-8DA7-4EC6-82EC-029423983582}.GCDebug|x86.Build.0 = Debug|Any CPU
		{AB7C8083-8DA7-4EC6-82EC-029423983582}.GCRelease|Any CPU.ActiveCfg = Release|Any CPU
		{AB7C8083-8DA7-4EC6-82EC-029423983582}.GCRelease|Any CPU.Build.0 = Release|Any CPU
		{AB7C8083-8DA7-4EC6-82EC-029423983582}.GCRelease|x86.ActiveCfg = Release|Any CPU
		{AB7C8083-8DA7-4EC6-82EC-029423983582}.GCRelease|x86.Build.0 = Release|Any CPU
		{AB7C8083-8DA7-4EC6-82EC-029423983582}.Release|Any CPU.ActiveCfg = Release|Any CPU
		{AB7C8083-8DA7-4EC6-82EC-029423983582}.Release|Any CPU.Build.0 = Release|Any CPU
		{AB7C8083-8DA7-4EC6-82EC-029423983582}.Release|x86.ActiveCfg = Release|Any CPU
		{AB7C8083-8DA7-4EC6-82EC-029423983582}.Release|x86.Build.0 = Release|Any CPU
		{2A917DBB-24D1-43B5-9D7A-CC98F8A52471}.Debug|Any CPU.ActiveCfg = Debug|Any CPU
		{2A917DBB-24D1-43B5-9D7A-CC98F8A52471}.Debug|Any CPU.Build.0 = Debug|Any CPU
		{2A917DBB-24D1-43B5-9D7A-CC98F8A52471}.Debug|x86.ActiveCfg = Debug|Any CPU
		{2A917DBB-24D1-43B5-9D7A-CC98F8A52471}.Debug|x86.Build.0 = Debug|Any CPU
		{2A917DBB-24D1-43B5-9D7A-CC98F8A52471}.GCDebug|Any CPU.ActiveCfg = Debug|Any CPU
		{2A917DBB-24D1-43B5-9D7A-CC98F8A52471}.GCDebug|Any CPU.Build.0 = Debug|Any CPU
		{2A917DBB-24D1-43B5-9D7A-CC98F8A52471}.GCDebug|x86.ActiveCfg = Debug|Any CPU
		{2A917DBB-24D1-43B5-9D7A-CC98F8A52471}.GCDebug|x86.Build.0 = Debug|Any CPU
		{2A917DBB-24D1-43B5-9D7A-CC98F8A52471}.GCRelease|Any CPU.ActiveCfg = Release|Any CPU
		{2A917DBB-24D1-43B5-9D7A-CC98F8A52471}.GCRelease|Any CPU.Build.0 = Release|Any CPU
		{2A917DBB-24D1-43B5-9D7A-CC98F8A52471}.GCRelease|x86.ActiveCfg = Release|Any CPU
		{2A917DBB-24D1-43B5-9D7A-CC98F8A52471}.GCRelease|x86.Build.0 = Release|Any CPU
		{2A917DBB-24D1-43B5-9D7A-CC98F8A52471}.Release|Any CPU.ActiveCfg = Release|Any CPU
		{2A917DBB-24D1-43B5-9D7A-CC98F8A52471}.Release|Any CPU.Build.0 = Release|Any CPU
		{2A917DBB-24D1-43B5-9D7A-CC98F8A52471}.Release|x86.ActiveCfg = Release|Any CPU
		{2A917DBB-24D1-43B5-9D7A-CC98F8A52471}.Release|x86.Build.0 = Release|Any CPU
		{DB8FC6E8-2466-4678-AD97-EBD31733C295}.Debug|Any CPU.ActiveCfg = Debug|Any CPU
		{DB8FC6E8-2466-4678-AD97-EBD31733C295}.Debug|Any CPU.Build.0 = Debug|Any CPU
		{DB8FC6E8-2466-4678-AD97-EBD31733C295}.Debug|x86.ActiveCfg = Debug|Any CPU
		{DB8FC6E8-2466-4678-AD97-EBD31733C295}.Debug|x86.Build.0 = Debug|Any CPU
		{DB8FC6E8-2466-4678-AD97-EBD31733C295}.GCDebug|Any CPU.ActiveCfg = Debug|Any CPU
		{DB8FC6E8-2466-4678-AD97-EBD31733C295}.GCDebug|Any CPU.Build.0 = Debug|Any CPU
		{DB8FC6E8-2466-4678-AD97-EBD31733C295}.GCDebug|x86.ActiveCfg = Debug|Any CPU
		{DB8FC6E8-2466-4678-AD97-EBD31733C295}.GCDebug|x86.Build.0 = Debug|Any CPU
		{DB8FC6E8-2466-4678-AD97-EBD31733C295}.GCRelease|Any CPU.ActiveCfg = Release|Any CPU
		{DB8FC6E8-2466-4678-AD97-EBD31733C295}.GCRelease|Any CPU.Build.0 = Release|Any CPU
		{DB8FC6E8-2466-4678-AD97-EBD31733C295}.GCRelease|x86.ActiveCfg = Release|Any CPU
		{DB8FC6E8-2466-4678-AD97-EBD31733C295}.GCRelease|x86.Build.0 = Release|Any CPU
		{DB8FC6E8-2466-4678-AD97-EBD31733C295}.Release|Any CPU.ActiveCfg = Release|Any CPU
		{DB8FC6E8-2466-4678-AD97-EBD31733C295}.Release|Any CPU.Build.0 = Release|Any CPU
		{DB8FC6E8-2466-4678-AD97-EBD31733C295}.Release|x86.ActiveCfg = Release|Any CPU
		{DB8FC6E8-2466-4678-AD97-EBD31733C295}.Release|x86.Build.0 = Release|Any CPU
		{1F7CB514-0E4E-4C58-85CF-823DB0335BD0}.Debug|Any CPU.ActiveCfg = Debug|Any CPU
		{1F7CB514-0E4E-4C58-85CF-823DB0335BD0}.Debug|Any CPU.Build.0 = Debug|Any CPU
		{1F7CB514-0E4E-4C58-85CF-823DB0335BD0}.Debug|x86.ActiveCfg = Debug|Any CPU
		{1F7CB514-0E4E-4C58-85CF-823DB0335BD0}.Debug|x86.Build.0 = Debug|Any CPU
		{1F7CB514-0E4E-4C58-85CF-823DB0335BD0}.GCDebug|Any CPU.ActiveCfg = Debug|Any CPU
		{1F7CB514-0E4E-4C58-85CF-823DB0335BD0}.GCDebug|Any CPU.Build.0 = Debug|Any CPU
		{1F7CB514-0E4E-4C58-85CF-823DB0335BD0}.GCDebug|x86.ActiveCfg = Debug|Any CPU
		{1F7CB514-0E4E-4C58-85CF-823DB0335BD0}.GCDebug|x86.Build.0 = Debug|Any CPU
		{1F7CB514-0E4E-4C58-85CF-823DB0335BD0}.GCRelease|Any CPU.ActiveCfg = Release|Any CPU
		{1F7CB514-0E4E-4C58-85CF-823DB0335BD0}.GCRelease|Any CPU.Build.0 = Release|Any CPU
		{1F7CB514-0E4E-4C58-85CF-823DB0335BD0}.GCRelease|x86.ActiveCfg = Release|Any CPU
		{1F7CB514-0E4E-4C58-85CF-823DB0335BD0}.GCRelease|x86.Build.0 = Release|Any CPU
		{1F7CB514-0E4E-4C58-85CF-823DB0335BD0}.Release|Any CPU.ActiveCfg = Release|Any CPU
		{1F7CB514-0E4E-4C58-85CF-823DB0335BD0}.Release|Any CPU.Build.0 = Release|Any CPU
		{1F7CB514-0E4E-4C58-85CF-823DB0335BD0}.Release|x86.ActiveCfg = Release|Any CPU
		{1F7CB514-0E4E-4C58-85CF-823DB0335BD0}.Release|x86.Build.0 = Release|Any CPU
		{920A516D-F2F2-4E7A-B365-8C5C6B277EF4}.Debug|Any CPU.ActiveCfg = Debug|Any CPU
		{920A516D-F2F2-4E7A-B365-8C5C6B277EF4}.Debug|Any CPU.Build.0 = Debug|Any CPU
		{920A516D-F2F2-4E7A-B365-8C5C6B277EF4}.Debug|x86.ActiveCfg = Debug|Any CPU
		{920A516D-F2F2-4E7A-B365-8C5C6B277EF4}.Debug|x86.Build.0 = Debug|Any CPU
		{920A516D-F2F2-4E7A-B365-8C5C6B277EF4}.GCDebug|Any CPU.ActiveCfg = Debug|Any CPU
		{920A516D-F2F2-4E7A-B365-8C5C6B277EF4}.GCDebug|Any CPU.Build.0 = Debug|Any CPU
		{920A516D-F2F2-4E7A-B365-8C5C6B277EF4}.GCDebug|x86.ActiveCfg = Debug|Any CPU
		{920A516D-F2F2-4E7A-B365-8C5C6B277EF4}.GCDebug|x86.Build.0 = Debug|Any CPU
		{920A516D-F2F2-4E7A-B365-8C5C6B277EF4}.GCRelease|Any CPU.ActiveCfg = Release|Any CPU
		{920A516D-F2F2-4E7A-B365-8C5C6B277EF4}.GCRelease|Any CPU.Build.0 = Release|Any CPU
		{920A516D-F2F2-4E7A-B365-8C5C6B277EF4}.GCRelease|x86.ActiveCfg = Release|Any CPU
		{920A516D-F2F2-4E7A-B365-8C5C6B277EF4}.GCRelease|x86.Build.0 = Release|Any CPU
		{920A516D-F2F2-4E7A-B365-8C5C6B277EF4}.Release|Any CPU.ActiveCfg = Release|Any CPU
		{920A516D-F2F2-4E7A-B365-8C5C6B277EF4}.Release|Any CPU.Build.0 = Release|Any CPU
		{920A516D-F2F2-4E7A-B365-8C5C6B277EF4}.Release|x86.ActiveCfg = Release|Any CPU
		{920A516D-F2F2-4E7A-B365-8C5C6B277EF4}.Release|x86.Build.0 = Release|Any CPU
		{22A7A61D-DB05-4642-97A1-1FB5E2F2977A}.Debug|Any CPU.ActiveCfg = Debug|Any CPU
		{22A7A61D-DB05-4642-97A1-1FB5E2F2977A}.Debug|Any CPU.Build.0 = Debug|Any CPU
		{22A7A61D-DB05-4642-97A1-1FB5E2F2977A}.Debug|x86.ActiveCfg = Debug|Any CPU
		{22A7A61D-DB05-4642-97A1-1FB5E2F2977A}.Debug|x86.Build.0 = Debug|Any CPU
		{22A7A61D-DB05-4642-97A1-1FB5E2F2977A}.GCDebug|Any CPU.ActiveCfg = Debug|Any CPU
		{22A7A61D-DB05-4642-97A1-1FB5E2F2977A}.GCDebug|Any CPU.Build.0 = Debug|Any CPU
		{22A7A61D-DB05-4642-97A1-1FB5E2F2977A}.GCDebug|x86.ActiveCfg = Debug|Any CPU
		{22A7A61D-DB05-4642-97A1-1FB5E2F2977A}.GCDebug|x86.Build.0 = Debug|Any CPU
		{22A7A61D-DB05-4642-97A1-1FB5E2F2977A}.GCRelease|Any CPU.ActiveCfg = Release|Any CPU
		{22A7A61D-DB05-4642-97A1-1FB5E2F2977A}.GCRelease|Any CPU.Build.0 = Release|Any CPU
		{22A7A61D-DB05-4642-97A1-1FB5E2F2977A}.GCRelease|x86.ActiveCfg = Release|Any CPU
		{22A7A61D-DB05-4642-97A1-1FB5E2F2977A}.GCRelease|x86.Build.0 = Release|Any CPU
		{22A7A61D-DB05-4642-97A1-1FB5E2F2977A}.Release|Any CPU.ActiveCfg = Release|Any CPU
		{22A7A61D-DB05-4642-97A1-1FB5E2F2977A}.Release|Any CPU.Build.0 = Release|Any CPU
		{22A7A61D-DB05-4642-97A1-1FB5E2F2977A}.Release|x86.ActiveCfg = Release|Any CPU
		{22A7A61D-DB05-4642-97A1-1FB5E2F2977A}.Release|x86.Build.0 = Release|Any CPU
		{073D7E08-1CE8-43C3-A05C-201FAD23B062}.Debug|Any CPU.ActiveCfg = Debug|Any CPU
		{073D7E08-1CE8-43C3-A05C-201FAD23B062}.Debug|Any CPU.Build.0 = Debug|Any CPU
		{073D7E08-1CE8-43C3-A05C-201FAD23B062}.Debug|x86.ActiveCfg = Debug|Any CPU
		{073D7E08-1CE8-43C3-A05C-201FAD23B062}.Debug|x86.Build.0 = Debug|Any CPU
		{073D7E08-1CE8-43C3-A05C-201FAD23B062}.GCDebug|Any CPU.ActiveCfg = Debug|Any CPU
		{073D7E08-1CE8-43C3-A05C-201FAD23B062}.GCDebug|Any CPU.Build.0 = Debug|Any CPU
		{073D7E08-1CE8-43C3-A05C-201FAD23B062}.GCDebug|x86.ActiveCfg = Debug|Any CPU
		{073D7E08-1CE8-43C3-A05C-201FAD23B062}.GCDebug|x86.Build.0 = Debug|Any CPU
		{073D7E08-1CE8-43C3-A05C-201FAD23B062}.GCRelease|Any CPU.ActiveCfg = Release|Any CPU
		{073D7E08-1CE8-43C3-A05C-201FAD23B062}.GCRelease|Any CPU.Build.0 = Release|Any CPU
		{073D7E08-1CE8-43C3-A05C-201FAD23B062}.GCRelease|x86.ActiveCfg = Release|Any CPU
		{073D7E08-1CE8-43C3-A05C-201FAD23B062}.GCRelease|x86.Build.0 = Release|Any CPU
		{073D7E08-1CE8-43C3-A05C-201FAD23B062}.Release|Any CPU.ActiveCfg = Release|Any CPU
		{073D7E08-1CE8-43C3-A05C-201FAD23B062}.Release|Any CPU.Build.0 = Release|Any CPU
		{073D7E08-1CE8-43C3-A05C-201FAD23B062}.Release|x86.ActiveCfg = Release|Any CPU
		{073D7E08-1CE8-43C3-A05C-201FAD23B062}.Release|x86.Build.0 = Release|Any CPU
		{B0710606-28C4-4BD1-8E67-AB6A3876DF3B}.Debug|Any CPU.ActiveCfg = Debug|Any CPU
		{B0710606-28C4-4BD1-8E67-AB6A3876DF3B}.Debug|Any CPU.Build.0 = Debug|Any CPU
		{B0710606-28C4-4BD1-8E67-AB6A3876DF3B}.Debug|x86.ActiveCfg = Debug|Any CPU
		{B0710606-28C4-4BD1-8E67-AB6A3876DF3B}.Debug|x86.Build.0 = Debug|Any CPU
		{B0710606-28C4-4BD1-8E67-AB6A3876DF3B}.GCDebug|Any CPU.ActiveCfg = Debug|Any CPU
		{B0710606-28C4-4BD1-8E67-AB6A3876DF3B}.GCDebug|Any CPU.Build.0 = Debug|Any CPU
		{B0710606-28C4-4BD1-8E67-AB6A3876DF3B}.GCDebug|x86.ActiveCfg = Debug|Any CPU
		{B0710606-28C4-4BD1-8E67-AB6A3876DF3B}.GCDebug|x86.Build.0 = Debug|Any CPU
		{B0710606-28C4-4BD1-8E67-AB6A3876DF3B}.GCRelease|Any CPU.ActiveCfg = Release|Any CPU
		{B0710606-28C4-4BD1-8E67-AB6A3876DF3B}.GCRelease|Any CPU.Build.0 = Release|Any CPU
		{B0710606-28C4-4BD1-8E67-AB6A3876DF3B}.GCRelease|x86.ActiveCfg = Release|Any CPU
		{B0710606-28C4-4BD1-8E67-AB6A3876DF3B}.GCRelease|x86.Build.0 = Release|Any CPU
		{B0710606-28C4-4BD1-8E67-AB6A3876DF3B}.Release|Any CPU.ActiveCfg = Release|Any CPU
		{B0710606-28C4-4BD1-8E67-AB6A3876DF3B}.Release|Any CPU.Build.0 = Release|Any CPU
		{B0710606-28C4-4BD1-8E67-AB6A3876DF3B}.Release|x86.ActiveCfg = Release|Any CPU
		{B0710606-28C4-4BD1-8E67-AB6A3876DF3B}.Release|x86.Build.0 = Release|Any CPU
	EndGlobalSection
	GlobalSection(SolutionProperties) = preSolution
		HideSolutionNode = FALSE
	EndGlobalSection
	GlobalSection(NestedProjects) = preSolution
		{E89F546E-AFFF-48C1-8361-5755AB7C4CC0} = {30C87C42-DFE9-4679-812B-E7333D182D3D}
		{2830D4D0-F04E-45F1-A909-CB85B2FA2786} = {30C87C42-DFE9-4679-812B-E7333D182D3D}
		{72228374-3CA1-4EED-8F29-1389D26E217D} = {30C87C42-DFE9-4679-812B-E7333D182D3D}
		{3B09AAE5-73DB-4284-829D-95734E7528CF} = {30C87C42-DFE9-4679-812B-E7333D182D3D}
		{25396FB6-A295-4141-94E9-35C5A787F455} = {30C87C42-DFE9-4679-812B-E7333D182D3D}
		{9F3BA62C-0B1E-4697-9155-25728A8C0CE0} = {30C87C42-DFE9-4679-812B-E7333D182D3D}
		{826853F0-69D2-4CB3-B393-B324F9AA7760} = {30C87C42-DFE9-4679-812B-E7333D182D3D}
		{91018CB1-FF07-44B4-8C21-F78005D53CFA} = {30C87C42-DFE9-4679-812B-E7333D182D3D}
		{43BC3343-131D-4FEC-AFE1-30C07932496D} = {30C87C42-DFE9-4679-812B-E7333D182D3D}
		{267D767F-BD15-47E7-9513-46B0808381E9} = {30C87C42-DFE9-4679-812B-E7333D182D3D}
		{BFFA2ED4-D7AA-4326-9A42-0166345458E9} = {30C87C42-DFE9-4679-812B-E7333D182D3D}
		{19E4878F-6807-4341-A132-CC3389528F92} = {30C87C42-DFE9-4679-812B-E7333D182D3D}
		{D2C69A9B-C98B-4812-AA8C-C17EB881A25D} = {30C87C42-DFE9-4679-812B-E7333D182D3D}
		{DB06BC2E-F0AF-4A83-8864-4F3136AAFCB8} = {30C87C42-DFE9-4679-812B-E7333D182D3D}
		{D276C1C8-A498-470A-9FE3-991F39570966} = {30C87C42-DFE9-4679-812B-E7333D182D3D}
		{F9A1E6BB-E0B9-4510-9ABD-3886508EBAD5} = {30C87C42-DFE9-4679-812B-E7333D182D3D}
		{2E1F7427-67BD-4A5B-A751-9777CEC3322C} = {30C87C42-DFE9-4679-812B-E7333D182D3D}
		{D186FFCB-C684-47C4-A7CE-13007D61B7BD} = {30C87C42-DFE9-4679-812B-E7333D182D3D}
		{C7F14BC7-3249-4B2D-91AA-5F87D2DAF088} = {30C87C42-DFE9-4679-812B-E7333D182D3D}
		{34EA51BA-206A-491C-A40A-C9E012AD88F3} = {30C87C42-DFE9-4679-812B-E7333D182D3D}
		{34BAED2D-9BA3-4A3A-95E8-6D19F251D3BC} = {30C87C42-DFE9-4679-812B-E7333D182D3D}
		{60EC2097-7A82-4789-AAD7-EE64D8D2C5FD} = {30C87C42-DFE9-4679-812B-E7333D182D3D}
		{1244B09F-C5B2-4A07-AD90-6C3007F69586} = {30C87C42-DFE9-4679-812B-E7333D182D3D}
		{BBF9AC6F-BE8D-4D52-9E99-F2B7A466D2CF} = {30C87C42-DFE9-4679-812B-E7333D182D3D}
		{2B6D6B3A-302E-4832-910C-27CC2617B38F} = {30C87C42-DFE9-4679-812B-E7333D182D3D}
		{B5237FF8-50F4-460B-A4F4-B3D38DC315FE} = {30C87C42-DFE9-4679-812B-E7333D182D3D}
		{B2F19BFC-D098-48DD-9BB2-980ED098C13B} = {30C87C42-DFE9-4679-812B-E7333D182D3D}
		{4B587C1B-4213-4631-A8D4-9AE3E26ABAE1} = {30C87C42-DFE9-4679-812B-E7333D182D3D}
		{14644A84-952B-4C02-9F33-3BBEA099968B} = {30C87C42-DFE9-4679-812B-E7333D182D3D}
		{098B2718-4E02-4421-B8B8-3CCEF81A640D} = {30C87C42-DFE9-4679-812B-E7333D182D3D}
		{69200DD2-3758-4755-A6D4-DA2EFB8350C7} = {30C87C42-DFE9-4679-812B-E7333D182D3D}
		{BF880B7E-6800-4760-8420-488CF6AAA190} = {30C87C42-DFE9-4679-812B-E7333D182D3D}
		{221C1691-D388-4A37-888E-18B22F29DEEC} = {30C87C42-DFE9-4679-812B-E7333D182D3D}
		{12C1F07A-4F3B-4C9C-82BC-CACF5B66E9F5} = {30C87C42-DFE9-4679-812B-E7333D182D3D}
		{CB06AEA2-4BD4-4D1A-82E7-3A0DF7F0F74C} = {30C87C42-DFE9-4679-812B-E7333D182D3D}
		{49B52E57-0FC8-4D45-9351-9702EE02B9BC} = {30C87C42-DFE9-4679-812B-E7333D182D3D}
		{3A7ABC7A-AABC-4573-91F1-F66775AA6901} = {30C87C42-DFE9-4679-812B-E7333D182D3D}
		{1A83453A-527B-4791-BD5D-4821010F3D76} = {30C87C42-DFE9-4679-812B-E7333D182D3D}
		{E7253A99-E7E1-45A9-B353-7D62BD6E3D83} = {30C87C42-DFE9-4679-812B-E7333D182D3D}
		{6E8CE8CE-7B37-46EE-AA05-17C8DEE5626F} = {30C87C42-DFE9-4679-812B-E7333D182D3D}
		{5F5A3FD1-4E77-4780-A74D-F64A6AFA453A} = {30C87C42-DFE9-4679-812B-E7333D182D3D}
		{AB7C8083-8DA7-4EC6-82EC-029423983582} = {30C87C42-DFE9-4679-812B-E7333D182D3D}
		{2A917DBB-24D1-43B5-9D7A-CC98F8A52471} = {30C87C42-DFE9-4679-812B-E7333D182D3D}
		{DB8FC6E8-2466-4678-AD97-EBD31733C295} = {30C87C42-DFE9-4679-812B-E7333D182D3D}
		{1F7CB514-0E4E-4C58-85CF-823DB0335BD0} = {30C87C42-DFE9-4679-812B-E7333D182D3D}
		{920A516D-F2F2-4E7A-B365-8C5C6B277EF4} = {30C87C42-DFE9-4679-812B-E7333D182D3D}
		{22A7A61D-DB05-4642-97A1-1FB5E2F2977A} = {30C87C42-DFE9-4679-812B-E7333D182D3D}
		{073D7E08-1CE8-43C3-A05C-201FAD23B062} = {30C87C42-DFE9-4679-812B-E7333D182D3D}
		{B0710606-28C4-4BD1-8E67-AB6A3876DF3B} = {30C87C42-DFE9-4679-812B-E7333D182D3D}
	EndGlobalSection
	GlobalSection(ExtensibilityGlobals) = postSolution
		SolutionGuid = {5F4E0842-7A83-4816-9AE8-4C730DBFD6C4}
	EndGlobalSection
EndGlobal
