
Microsoft Visual Studio Solution File, Format Version 11.00
# Visual Studio 2010
Project("{FAE04EC0-301F-11D3-BF4B-00C04F79EFBC}") = "WeatherChart2010.4", "WeatherChart2010.4.csproj", "{D83F28CB-757D-4614-A188-7F5355F416E1}"
EndProject
Global
	GlobalSection(SolutionConfigurationPlatforms) = preSolution
		Debug|Any CPU = Debug|Any CPU
		GCDebug|Any CPU = GCDebug|Any CPU
		GCRelease|Any CPU = GCRelease|Any CPU
		Release|Any CPU = Release|Any CPU
	EndGlobalSection
	GlobalSection(ProjectConfigurationPlatforms) = postSolution
		{D83F28CB-757D-4614-A188-7F5355F416E1}.Debug|Any CPU.ActiveCfg = Debug|Any CPU
		{D83F28CB-757D-4614-A188-7F5355F416E1}.Debug|Any CPU.Build.0 = Debug|Any CPU
		{D83F28CB-757D-4614-A188-7F5355F416E1}.GCDebug|Any CPU.ActiveCfg = Debug|Any CPU
		{D83F28CB-757D-4614-A188-7F5355F416E1}.GCDebug|Any CPU.Build.0 = Debug|Any CPU
		{D83F28CB-757D-4614-A188-7F5355F416E1}.GCRelease|Any CPU.ActiveCfg = Release|Any CPU
		{D83F28CB-757D-4614-A188-7F5355F416E1}.GCRelease|Any CPU.Build.0 = Release|Any CPU
		{D83F28CB-757D-4614-A188-7F5355F416E1}.Release|Any CPU.ActiveCfg = Release|Any CPU
		{D83F28CB-757D-4614-A188-7F5355F416E1}.Release|Any CPU.Build.0 = Release|Any CPU
	EndGlobalSection
	GlobalSection(SolutionProperties) = preSolution
		HideSolutionNode = FALSE
	EndGlobalSection
EndGlobal
