
Microsoft Visual Studio Solution File, Format Version 12.00
# Visual Studio 14
VisualStudioVersion = 14.0.25420.1
MinimumVisualStudioVersion = 10.0.40219.1
Project("{FAE04EC0-301F-11D3-BF4B-00C04F79EFBC}") = "CustomColumn2010.4", "CustomColumn\CustomColumn2010.4.csproj", "{42A31526-3A33-49C3-8417-8A50ECC6D4EA}"
EndProject
Global
	GlobalSection(SolutionConfigurationPlatforms) = preSolution
		Debug|Any CPU = Debug|Any CPU
		GCDebug|Any CPU = GCDebug|Any CPU
		GCRelease|Any CPU = GCRelease|Any CPU
		Release|Any CPU = Release|Any CPU
	EndGlobalSection
	GlobalSection(ProjectConfigurationPlatforms) = postSolution
		{42A31526-3A33-49C3-8417-8A50ECC6D4EA}.Debug|Any CPU.ActiveCfg = Debug|Any CPU
		{42A31526-3A33-49C3-8417-8A50ECC6D4EA}.Debug|Any CPU.Build.0 = Debug|Any CPU
		{42A31526-3A33-49C3-8417-8A50ECC6D4EA}.GCDebug|Any CPU.ActiveCfg = Debug|Any CPU
		{42A31526-3A33-49C3-8417-8A50ECC6D4EA}.GCDebug|Any CPU.Build.0 = Debug|Any CPU
		{42A31526-3A33-49C3-8417-8A50ECC6D4EA}.GCRelease|Any CPU.ActiveCfg = Release|Any CPU
		{42A31526-3A33-49C3-8417-8A50ECC6D4EA}.GCRelease|Any CPU.Build.0 = Release|Any CPU
		{42A31526-3A33-49C3-8417-8A50ECC6D4EA}.Release|Any CPU.ActiveCfg = Release|Any CPU
		{42A31526-3A33-49C3-8417-8A50ECC6D4EA}.Release|Any CPU.Build.0 = Release|Any CPU
	EndGlobalSection
	GlobalSection(SolutionProperties) = preSolution
		HideSolutionNode = FALSE
	EndGlobalSection
EndGlobal
