
Microsoft Visual Studio Solution File, Format Version 12.00
# Visual Studio Version 17
Project("{FAE04EC0-301F-11D3-BF4B-00C04F79EFBC}") = "OutlookBarSamples2010.4", "OutlookBarSamples2010.4.csproj", "{19E4878F-6807-4341-A132-CC3389528F92}"
EndProject
Global
	GlobalSection(SolutionConfigurationPlatforms) = preSolution
		Debug|Any CPU = Debug|Any CPU
		Release|Any CPU = Release|Any CPU
	EndGlobalSection
	GlobalSection(ProjectConfigurationPlatforms) = postSolution
		{19E4878F-6807-4341-A132-CC3389528F92}.Debug|Any CPU.ActiveCfg = Debug|Any CPU
		{19E4878F-6807-4341-A132-CC3389528F92}.Debug|Any CPU.Build.0 = Debug|Any CPU
		{19E4878F-6807-4341-A132-CC3389528F92}.Release|Any CPU.ActiveCfg = Release|Any CPU
		{19E4878F-6807-4341-A132-CC3389528F92}.Release|Any CPU.Build.0 = Release|Any CPU
	EndGlobalSection
	GlobalSection(SolutionProperties) = preSolution
		HideSolutionNode = FALSE
	EndGlobalSection
	GlobalSection(SharedMSBuildProjectFiles) = preSolution
		..\..\..\..\Shared\GCLicensing\GcWPF452Licensing.projitems*{1855a88f-0a0b-418a-b1c8-01eed7b796d5}*SharedItemsImports = 5
	EndGlobalSection
EndGlobal
