
Microsoft Visual Studio Solution File, Format Version 12.00
# Visual Studio Version 16
VisualStudioVersion = 16.0.31205.134
MinimumVisualStudioVersion = 10.0.40219.1
Project("{FAE04EC0-301F-11D3-BF4B-00C04F79EFBC}") = "AutoSizeTable", "AutoSizeTable.csproj", "{AE82F881-44D4-46A2-9CAB-D6F7CD48367A}"
EndProject
Global
	GlobalSection(SolutionConfigurationPlatforms) = preSolution
		Debug|Any CPU = Debug|Any CPU
		GCRelease|Any CPU = GCRelease|Any CPU
		Release|Any CPU = Release|Any CPU
	EndGlobalSection
	GlobalSection(ProjectConfigurationPlatforms) = postSolution
		{AE82F881-44D4-46A2-9CAB-D6F7CD48367A}.Debug|Any CPU.ActiveCfg = Debug|Any CPU
		{AE82F881-44D4-46A2-9CAB-D6F7CD48367A}.Debug|Any CPU.Build.0 = Debug|Any CPU
		{AE82F881-44D4-46A2-9CAB-D6F7CD48367A}.GCRelease|Any CPU.ActiveCfg = Release|Any CPU
		{AE82F881-44D4-46A2-9CAB-D6F7CD48367A}.GCRelease|Any CPU.Build.0 = Release|Any CPU
		{AE82F881-44D4-46A2-9CAB-D6F7CD48367A}.Release|Any CPU.ActiveCfg = Release|Any CPU
		{AE82F881-44D4-46A2-9CAB-D6F7CD48367A}.Release|Any CPU.Build.0 = Release|Any CPU
	EndGlobalSection
	GlobalSection(SolutionProperties) = preSolution
		HideSolutionNode = FALSE
	EndGlobalSection
	GlobalSection(ExtensibilityGlobals) = postSolution
		SolutionGuid = {183DAA7C-7FED-4AA2-A1B6-9C03EBEA0787}
	EndGlobalSection
EndGlobal
