
Microsoft Visual Studio Solution File, Format Version 12.00
# Visual Studio Version 17
VisualStudioVersion = 17.0.31919.166
MinimumVisualStudioVersion = 10.0.40219.1
Project("{FAE04EC0-301F-11D3-BF4B-00C04F79EFBC}") = "ToolbarSamples2010.4", "ToolbarSamples2010.4.csproj", "{2E1F7427-67BD-4A5B-A751-9777CEC3322C}"
EndProject
Global
	GlobalSection(SharedMSBuildProjectFiles) = preSolution
	EndGlobalSection
	GlobalSection(SolutionConfigurationPlatforms) = preSolution
		Debug|Any CPU = Debug|Any CPU
		GCDebug|Any CPU = GCDebug|Any CPU
		GCRelease|Any CPU = GCRelease|Any CPU
		Release|Any CPU = Release|Any CPU
	EndGlobalSection
	GlobalSection(ProjectConfigurationPlatforms) = postSolution
		{2E1F7427-67BD-4A5B-A751-9777CEC3322C}.Debug|Any CPU.ActiveCfg = Debug|Any CPU
		{2E1F7427-67BD-4A5B-A751-9777CEC3322C}.Debug|Any CPU.Build.0 = Debug|Any CPU
		{2E1F7427-67BD-4A5B-A751-9777CEC3322C}.GCDebug|Any CPU.ActiveCfg = Debug|Any CPU
		{2E1F7427-67BD-4A5B-A751-9777CEC3322C}.GCDebug|Any CPU.Build.0 = Debug|Any CPU
		{2E1F7427-67BD-4A5B-A751-9777CEC3322C}.GCRelease|Any CPU.ActiveCfg = Release|Any CPU
		{2E1F7427-67BD-4A5B-A751-9777CEC3322C}.GCRelease|Any CPU.Build.0 = Release|Any CPU
		{2E1F7427-67BD-4A5B-A751-9777CEC3322C}.Release|Any CPU.ActiveCfg = Release|Any CPU
		{2E1F7427-67BD-4A5B-A751-9777CEC3322C}.Release|Any CPU.Build.0 = Release|Any CPU
	EndGlobalSection
	GlobalSection(SolutionProperties) = preSolution
		HideSolutionNode = FALSE
	EndGlobalSection
	GlobalSection(ExtensibilityGlobals) = postSolution
		SolutionGuid = {D1FB7325-7052-4DAA-9F68-C7B991478D11}
	EndGlobalSection
EndGlobal
