
Microsoft Visual Studio Solution File, Format Version 12.00
# Visual Studio Version 17
Project("{9A19103F-16F7-4668-BE54-9A1E7A4F7556}") = "CustomColumn", "CustomColumn.csproj", "{B538AB1B-E0A5-4630-AC08-3DB9EC9560AE}"
EndProject
Global
	GlobalSection(SolutionConfigurationPlatforms) = preSolution
		Debug|Any CPU = Debug|Any CPU
		GCDebug|Any CPU = GCDebug|Any CPU
		GCRelease|Any CPU = GCRelease|Any CPU
		GRAPECITY|Any CPU = GRAPECITY|Any CPU
		Release|Any CPU = Release|Any CPU
	EndGlobalSection
	GlobalSection(ProjectConfigurationPlatforms) = postSolution
		{B538AB1B-E0A5-4630-AC08-3DB9EC9560AE}.Debug|Any CPU.ActiveCfg = Debug|Any CPU
		{B538AB1B-E0A5-4630-AC08-3DB9EC9560AE}.Debug|Any CPU.Build.0 = Debug|Any CPU
		{B538AB1B-E0A5-4630-AC08-3DB9EC9560AE}.GCDebug|Any CPU.ActiveCfg = Debug|Any CPU
		{B538AB1B-E0A5-4630-AC08-3DB9EC9560AE}.GCDebug|Any CPU.Build.0 = Debug|Any CPU
		{B538AB1B-E0A5-4630-AC08-3DB9EC9560AE}.GCRelease|Any CPU.ActiveCfg = Release|Any CPU
		{B538AB1B-E0A5-4630-AC08-3DB9EC9560AE}.GCRelease|Any CPU.Build.0 = Release|Any CPU
		{B538AB1B-E0A5-4630-AC08-3DB9EC9560AE}.GRAPECITY|Any CPU.ActiveCfg = Debug|Any CPU
		{B538AB1B-E0A5-4630-AC08-3DB9EC9560AE}.GRAPECITY|Any CPU.Build.0 = Debug|Any CPU
		{B538AB1B-E0A5-4630-AC08-3DB9EC9560AE}.Release|Any CPU.ActiveCfg = Release|Any CPU
		{B538AB1B-E0A5-4630-AC08-3DB9EC9560AE}.Release|Any CPU.Build.0 = Release|Any CPU
	EndGlobalSection
	GlobalSection(SolutionProperties) = preSolution
		HideSolutionNode = FALSE
	EndGlobalSection
	GlobalSection(ExtensibilityGlobals) = postSolution
		SolutionGuid = {2445C617-0DFE-46BE-BC43-5B20F6810AD8}
	EndGlobalSection
EndGlobal
