
Microsoft Visual Studio Solution File, Format Version 12.00
# Visual Studio Version 17
Project("{FAE04EC0-301F-11D3-BF4B-00C04F79EFBC}") = "UnboundCellFactoryWPF.4", "UnboundCellFactoryWPF.4.csproj", "{9FE464B5-8A2A-401A-AA85-6EB6EB3B48CA}"
EndProject
Global
	GlobalSection(SolutionConfigurationPlatforms) = preSolution
		Debug|Any CPU = Debug|Any CPU
		Debug|Mixed Platforms = Debug|Mixed Platforms
		Debug|x86 = Debug|x86
		GCDebug|Any CPU = GCDebug|Any CPU
		GCDebug|Mixed Platforms = GCDebug|Mixed Platforms
		GCDebug|x86 = GCDebug|x86
		GCRelease|Any CPU = GCRelease|Any CPU
		GCRelease|Mixed Platforms = GCRelease|Mixed Platforms
		GCRelease|x86 = GCRelease|x86
		Release|Any CPU = Release|Any CPU
		Release|Mixed Platforms = Release|Mixed Platforms
		Release|x86 = Release|x86
		ReleaseGC|Any CPU = ReleaseGC|Any CPU
		ReleaseGC|Mixed Platforms = ReleaseGC|Mixed Platforms
		ReleaseGC|x86 = ReleaseGC|x86
	EndGlobalSection
	GlobalSection(ProjectConfigurationPlatforms) = postSolution
		{9FE464B5-8A2A-401A-AA85-6EB6EB3B48CA}.Debug|Any CPU.ActiveCfg = Debug|x86
		{9FE464B5-8A2A-401A-AA85-6EB6EB3B48CA}.Debug|Mixed Platforms.ActiveCfg = Debug|x86
		{9FE464B5-8A2A-401A-AA85-6EB6EB3B48CA}.Debug|Mixed Platforms.Build.0 = Debug|x86
		{9FE464B5-8A2A-401A-AA85-6EB6EB3B48CA}.Debug|x86.ActiveCfg = Debug|x86
		{9FE464B5-8A2A-401A-AA85-6EB6EB3B48CA}.Debug|x86.Build.0 = Debug|x86
		{9FE464B5-8A2A-401A-AA85-6EB6EB3B48CA}.GCDebug|Any CPU.ActiveCfg = Debug|x86
		{9FE464B5-8A2A-401A-AA85-6EB6EB3B48CA}.GCDebug|Mixed Platforms.ActiveCfg = Debug|x86
		{9FE464B5-8A2A-401A-AA85-6EB6EB3B48CA}.GCDebug|Mixed Platforms.Build.0 = Debug|x86
		{9FE464B5-8A2A-401A-AA85-6EB6EB3B48CA}.GCDebug|x86.ActiveCfg = Debug|x86
		{9FE464B5-8A2A-401A-AA85-6EB6EB3B48CA}.GCDebug|x86.Build.0 = Debug|x86
		{9FE464B5-8A2A-401A-AA85-6EB6EB3B48CA}.GCRelease|Any CPU.ActiveCfg = Release|x86
		{9FE464B5-8A2A-401A-AA85-6EB6EB3B48CA}.GCRelease|Mixed Platforms.ActiveCfg = Release|x86
		{9FE464B5-8A2A-401A-AA85-6EB6EB3B48CA}.GCRelease|Mixed Platforms.Build.0 = Release|x86
		{9FE464B5-8A2A-401A-AA85-6EB6EB3B48CA}.GCRelease|x86.ActiveCfg = Release|x86
		{9FE464B5-8A2A-401A-AA85-6EB6EB3B48CA}.GCRelease|x86.Build.0 = Release|x86
		{9FE464B5-8A2A-401A-AA85-6EB6EB3B48CA}.Release|Any CPU.ActiveCfg = Release|x86
		{9FE464B5-8A2A-401A-AA85-6EB6EB3B48CA}.Release|Mixed Platforms.ActiveCfg = Release|x86
		{9FE464B5-8A2A-401A-AA85-6EB6EB3B48CA}.Release|Mixed Platforms.Build.0 = Release|x86
		{9FE464B5-8A2A-401A-AA85-6EB6EB3B48CA}.Release|x86.ActiveCfg = Release|x86
		{9FE464B5-8A2A-401A-AA85-6EB6EB3B48CA}.Release|x86.Build.0 = Release|x86
		{9FE464B5-8A2A-401A-AA85-6EB6EB3B48CA}.ReleaseGC|Any CPU.ActiveCfg = Release|x86
		{9FE464B5-8A2A-401A-AA85-6EB6EB3B48CA}.ReleaseGC|Mixed Platforms.ActiveCfg = Release|x86
		{9FE464B5-8A2A-401A-AA85-6EB6EB3B48CA}.ReleaseGC|Mixed Platforms.Build.0 = Release|x86
		{9FE464B5-8A2A-401A-AA85-6EB6EB3B48CA}.ReleaseGC|x86.ActiveCfg = Release|x86
		{9FE464B5-8A2A-401A-AA85-6EB6EB3B48CA}.ReleaseGC|x86.Build.0 = Release|x86
	EndGlobalSection
	GlobalSection(SolutionProperties) = preSolution
		HideSolutionNode = FALSE
	EndGlobalSection
	GlobalSection(ExtensibilityGlobals) = postSolution
		SolutionGuid = {44E3356B-C89C-457A-B5D5-38901048DD30}
	EndGlobalSection
	GlobalSection(SharedMSBuildProjectFiles) = preSolution
		..\..\..\..\Shared\GCLicensing\GcWPF452Licensing.projitems*{1855a88f-0a0b-418a-b1c8-01eed7b796d5}*SharedItemsImports = 5
	EndGlobalSection
EndGlobal
