
Microsoft Visual Studio Solution File, Format Version 12.00
# Visual Studio Version 17
Project("{9A19103F-16F7-4668-BE54-9A1E7A4F7556}") = "DynamicBinding", "DynamicBinding.csproj", "{D75DEF33-09C3-4A17-B9E4-2C8E16C427B4}"
EndProject
Global
	GlobalSection(SolutionConfigurationPlatforms) = preSolution
		Debug|Any CPU = Debug|Any CPU
		GRAPECITY|Any CPU = GRAPECITY|Any CPU
		Release|Any CPU = Release|Any CPU
	EndGlobalSection
	GlobalSection(ProjectConfigurationPlatforms) = postSolution
		{D75DEF33-09C3-4A17-B9E4-2C8E16C427B4}.Debug|Any CPU.ActiveCfg = Debug|Any CPU
		{D75DEF33-09C3-4A17-B9E4-2C8E16C427B4}.Debug|Any CPU.Build.0 = Debug|Any CPU
		{D75DEF33-09C3-4A17-B9E4-2C8E16C427B4}.GRAPECITY|Any CPU.ActiveCfg = Debug|Any CPU
		{D75DEF33-09C3-4A17-B9E4-2C8E16C427B4}.GRAPECITY|Any CPU.Build.0 = Debug|Any CPU
		{D75DEF33-09C3-4A17-B9E4-2C8E16C427B4}.Release|Any CPU.ActiveCfg = Release|Any CPU
		{D75DEF33-09C3-4A17-B9E4-2C8E16C427B4}.Release|Any CPU.Build.0 = Release|Any CPU
	EndGlobalSection
	GlobalSection(SolutionProperties) = preSolution
		HideSolutionNode = FALSE
	EndGlobalSection
	GlobalSection(ExtensibilityGlobals) = postSolution
		SolutionGuid = {CF23BD17-94E9-4198-9059-AC8B8A551AB0}
	EndGlobalSection
EndGlobal
