
Microsoft Visual Studio Solution File, Format Version 12.00
# Visual Studio Version 16
Project("{9A19103F-16F7-4668-BE54-9A1E7A4F7556}") = "FinancialChartExplorer", "FinancialChartExplorer.csproj", "{14644A84-952B-4C02-9F33-3BBEA099968B}"
EndProject
Global
	GlobalSection(SolutionConfigurationPlatforms) = preSolution
		Debug|Any CPU = Debug|Any CPU
		GCDebug|Any CPU = GCDebug|Any CPU
		GCRelease|Any CPU = GCRelease|Any CPU
		GRAPECITY|Any CPU = GRAPECITY|Any CPU
		Release|Any CPU = Release|Any CPU
	EndGlobalSection
	GlobalSection(ProjectConfigurationPlatforms) = postSolution
		{14644A84-952B-4C02-9F33-3BBEA099968B}.Debug|Any CPU.ActiveCfg = Debug|Any CPU
		{14644A84-952B-4C02-9F33-3BBEA099968B}.Debug|Any CPU.Build.0 = Debug|Any CPU
		{14644A84-952B-4C02-9F33-3BBEA099968B}.GCDebug|Any CPU.ActiveCfg = Debug|Any CPU
		{14644A84-952B-4C02-9F33-3BBEA099968B}.GCDebug|Any CPU.Build.0 = Debug|Any CPU
		{14644A84-952B-4C02-9F33-3BBEA099968B}.GCRelease|Any CPU.ActiveCfg = Release|Any CPU
		{14644A84-952B-4C02-9F33-3BBEA099968B}.GCRelease|Any CPU.Build.0 = Release|Any CPU
		{14644A84-952B-4C02-9F33-3BBEA099968B}.GRAPECITY|Any CPU.ActiveCfg = Release|Any CPU
		{14644A84-952B-4C02-9F33-3BBEA099968B}.GRAPECITY|Any CPU.Build.0 = Release|Any CPU
		{14644A84-952B-4C02-9F33-3BBEA099968B}.Release|Any CPU.ActiveCfg = Release|Any CPU
		{14644A84-952B-4C02-9F33-3BBEA099968B}.Release|Any CPU.Build.0 = Release|Any CPU
	EndGlobalSection
	GlobalSection(SolutionProperties) = preSolution
		HideSolutionNode = FALSE
	EndGlobalSection
	GlobalSection(ExtensibilityGlobals) = postSolution
		SolutionGuid = {171F0DAA-67C0-45D0-AAC9-A090FE4A38E7}
	EndGlobalSection
EndGlobal
