
Microsoft Visual Studio Solution File, Format Version 12.00
# Visual Studio Version 16
Project("{FAE04EC0-301F-11D3-BF4B-00C04F79EFBC}") = "HierarchicalRows", "HierarchicalRows.csproj", "{427C8940-6B81-4078-9A41-94B9BCE57E82}"
EndProject
Global
	GlobalSection(SolutionConfigurationPlatforms) = preSolution
		Debug|Any CPU = Debug|Any CPU
		GRAPECITY|Any CPU = GRAPECITY|Any CPU
		Release|Any CPU = Release|Any CPU
	EndGlobalSection
	GlobalSection(ProjectConfigurationPlatforms) = postSolution
		{427C8940-6B81-4078-9A41-94B9BCE57E82}.Debug|Any CPU.ActiveCfg = Debug|Any CPU
		{427C8940-6B81-4078-9A41-94B9BCE57E82}.Debug|Any CPU.Build.0 = Debug|Any CPU
		{427C8940-6B81-4078-9A41-94B9BCE57E82}.GRAPECITY|Any CPU.ActiveCfg = Debug|Any CPU
		{427C8940-6B81-4078-9A41-94B9BCE57E82}.GRAPECITY|Any CPU.Build.0 = Debug|Any CPU
		{427C8940-6B81-4078-9A41-94B9BCE57E82}.Release|Any CPU.ActiveCfg = Release|Any CPU
		{427C8940-6B81-4078-9A41-94B9BCE57E82}.Release|Any CPU.Build.0 = Release|Any CPU
	EndGlobalSection
	GlobalSection(SolutionProperties) = preSolution
		HideSolutionNode = FALSE
	EndGlobalSection
	GlobalSection(ExtensibilityGlobals) = postSolution
		SolutionGuid = {7BC145D8-BD49-498D-9CF6-DD7D826E00A8}
	EndGlobalSection
EndGlobal
