
Microsoft Visual Studio Solution File, Format Version 12.00
# Visual Studio Version 17
Project("{FAE04EC0-301F-11D3-BF4B-00C04F79EFBC}") = "StockAnalysis", "StockAnalysis\StockAnalysis.csproj", "{F12647A3-4F7C-4252-A7C9-424B2C9D2239}"
EndProject
Project("{FAE04EC0-301F-11D3-BF4B-00C04F79EFBC}") = "StockAnalysis.Data", "StockAnalysis.Data\StockAnalysis.Data.csproj", "{C75F1C25-9A8C-40B6-BD65-B30F2C8F1937}"
EndProject
Project("{FAE04EC0-301F-11D3-BF4B-00C04F79EFBC}") = "StockAnalysis.Object", "StockAnalysis.Object\StockAnalysis.Object.csproj", "{F49BA2B3-24F8-442B-892D-AE5984E39D9D}"
EndProject
Global
	GlobalSection(SolutionConfigurationPlatforms) = preSolution
		Debug|Any CPU = Debug|Any CPU
		GCDebug|Any CPU = GCDebug|Any CPU
		GCRelease|Any CPU = GCRelease|Any CPU
		Release|Any CPU = Release|Any CPU
	EndGlobalSection
	GlobalSection(ProjectConfigurationPlatforms) = postSolution
		{F12647A3-4F7C-4252-A7C9-424B2C9D2239}.Debug|Any CPU.ActiveCfg = Debug|Any CPU
		{F12647A3-4F7C-4252-A7C9-424B2C9D2239}.Debug|Any CPU.Build.0 = Debug|Any CPU
		{F12647A3-4F7C-4252-A7C9-424B2C9D2239}.GCDebug|Any CPU.ActiveCfg = Debug|Any CPU
		{F12647A3-4F7C-4252-A7C9-424B2C9D2239}.GCDebug|Any CPU.Build.0 = Debug|Any CPU
		{F12647A3-4F7C-4252-A7C9-424B2C9D2239}.GCRelease|Any CPU.ActiveCfg = Release|Any CPU
		{F12647A3-4F7C-4252-A7C9-424B2C9D2239}.GCRelease|Any CPU.Build.0 = Release|Any CPU
		{F12647A3-4F7C-4252-A7C9-424B2C9D2239}.Release|Any CPU.ActiveCfg = Release|Any CPU
		{F12647A3-4F7C-4252-A7C9-424B2C9D2239}.Release|Any CPU.Build.0 = Release|Any CPU
		{C75F1C25-9A8C-40B6-BD65-B30F2C8F1937}.Debug|Any CPU.ActiveCfg = Debug|Any CPU
		{C75F1C25-9A8C-40B6-BD65-B30F2C8F1937}.Debug|Any CPU.Build.0 = Debug|Any CPU
		{C75F1C25-9A8C-40B6-BD65-B30F2C8F1937}.GCDebug|Any CPU.ActiveCfg = Debug|Any CPU
		{C75F1C25-9A8C-40B6-BD65-B30F2C8F1937}.GCDebug|Any CPU.Build.0 = Debug|Any CPU
		{C75F1C25-9A8C-40B6-BD65-B30F2C8F1937}.GCRelease|Any CPU.ActiveCfg = Release|Any CPU
		{C75F1C25-9A8C-40B6-BD65-B30F2C8F1937}.GCRelease|Any CPU.Build.0 = Release|Any CPU
		{C75F1C25-9A8C-40B6-BD65-B30F2C8F1937}.Release|Any CPU.ActiveCfg = Release|Any CPU
		{C75F1C25-9A8C-40B6-BD65-B30F2C8F1937}.Release|Any CPU.Build.0 = Release|Any CPU
		{F49BA2B3-24F8-442B-892D-AE5984E39D9D}.Debug|Any CPU.ActiveCfg = Debug|Any CPU
		{F49BA2B3-24F8-442B-892D-AE5984E39D9D}.Debug|Any CPU.Build.0 = Debug|Any CPU
		{F49BA2B3-24F8-442B-892D-AE5984E39D9D}.GCDebug|Any CPU.ActiveCfg = Debug|Any CPU
		{F49BA2B3-24F8-442B-892D-AE5984E39D9D}.GCDebug|Any CPU.Build.0 = Debug|Any CPU
		{F49BA2B3-24F8-442B-892D-AE5984E39D9D}.GCRelease|Any CPU.ActiveCfg = Release|Any CPU
		{F49BA2B3-24F8-442B-892D-AE5984E39D9D}.GCRelease|Any CPU.Build.0 = Release|Any CPU
		{F49BA2B3-24F8-442B-892D-AE5984E39D9D}.Release|Any CPU.ActiveCfg = Release|Any CPU
		{F49BA2B3-24F8-442B-892D-AE5984E39D9D}.Release|Any CPU.Build.0 = Release|Any CPU
	EndGlobalSection
	GlobalSection(SolutionProperties) = preSolution
		HideSolutionNode = FALSE
	EndGlobalSection
	GlobalSection(ExtensibilityGlobals) = postSolution
		SolutionGuid = {A27A432D-909D-4E86-A83D-99027C9514DC}
	EndGlobalSection
	GlobalSection(SharedMSBuildProjectFiles) = preSolution
		..\..\..\..\Shared\GCLicensing\GcWPF452Licensing.projitems*{1855a88f-0a0b-418a-b1c8-01eed7b796d5}*SharedItemsImports = 5
	EndGlobalSection
EndGlobal
