
Microsoft Visual Studio Solution File, Format Version 12.00
# Visual Studio Version 17
Project("{FAE04EC0-301F-11D3-BF4B-00C04F79EFBC}") = "TileSamples2010.4", "TileSamples\TileSamples2010.4.csproj", "{60376290-9B88-4E5F-9A74-4897EADDB714}"
EndProject
Project("{FAE04EC0-301F-11D3-BF4B-00C04F79EFBC}") = "TileSamplesLib2010.4", "TileSamplesLib\TileSamplesLib2010.4.csproj", "{60EC2097-7A82-4789-AAD7-EE64D8D2C5FD}"
EndProject
Global
	GlobalSection(SolutionConfigurationPlatforms) = preSolution
		Debug|Any CPU = Debug|Any CPU
		Release|Any CPU = Release|Any CPU
	EndGlobalSection
	GlobalSection(ProjectConfigurationPlatforms) = postSolution
		{60376290-9B88-4E5F-9A74-4897EADDB714}.Debug|Any CPU.ActiveCfg = Debug|Any CPU
		{60376290-9B88-4E5F-9A74-4897EADDB714}.Debug|Any CPU.Build.0 = Debug|Any CPU
		{60376290-9B88-4E5F-9A74-4897EADDB714}.Release|Any CPU.ActiveCfg = Release|Any CPU
		{60376290-9B88-4E5F-9A74-4897EADDB714}.Release|Any CPU.Build.0 = Release|Any CPU
		{60EC2097-7A82-4789-AAD7-EE64D8D2C5FD}.Debug|Any CPU.ActiveCfg = Debug|Any CPU
		{60EC2097-7A82-4789-AAD7-EE64D8D2C5FD}.Debug|Any CPU.Build.0 = Debug|Any CPU
		{60EC2097-7A82-4789-AAD7-EE64D8D2C5FD}.Release|Any CPU.ActiveCfg = Release|Any CPU
		{60EC2097-7A82-4789-AAD7-EE64D8D2C5FD}.Release|Any CPU.Build.0 = Release|Any CPU
	EndGlobalSection
	GlobalSection(SolutionProperties) = preSolution
		HideSolutionNode = FALSE
	EndGlobalSection
	GlobalSection(ExtensibilityGlobals) = postSolution
		SolutionGuid = {0C29B66F-8E58-4470-9697-32AE55194C0B}
	EndGlobalSection
	GlobalSection(SharedMSBuildProjectFiles) = preSolution
		..\..\..\..\Shared\GCLicensing\GcWPF452Licensing.projitems*{1855a88f-0a0b-418a-b1c8-01eed7b796d5}*SharedItemsImports = 5
	EndGlobalSection
EndGlobal
