
Microsoft Visual Studio Solution File, Format Version 12.00
# Visual Studio 2012
Project("{F184B08F-C81C-45F6-A57F-5ABD9991F28F}") = "Tutorials-WPF.4", "Tutorials-WPF.4.vbproj", "{7A63297A-C181-46B4-AE98-F83EAB13DB8C}"
EndProject
Global
	GlobalSection(SolutionConfigurationPlatforms) = preSolution
		Debug|Mixed Platforms = Debug|Mixed Platforms
		Debug|x86 = Debug|x86
		Release|Mixed Platforms = Release|Mixed Platforms
		Release|x86 = Release|x86
	EndGlobalSection
	GlobalSection(ProjectConfigurationPlatforms) = postSolution
		{7A63297A-C181-46B4-AE98-F83EAB13DB8C}.Debug|Mixed Platforms.ActiveCfg = Debug|x86
		{7A63297A-C181-46B4-AE98-F83EAB13DB8C}.Debug|Mixed Platforms.Build.0 = Debug|x86
		{7A63297A-C181-46B4-AE98-F83EAB13DB8C}.Debug|x86.ActiveCfg = Debug|x86
		{7A63297A-C181-46B4-AE98-F83EAB13DB8C}.Debug|x86.Build.0 = Debug|x86
		{7A63297A-C181-46B4-AE98-F83EAB13DB8C}.Release|Mixed Platforms.ActiveCfg = Release|x86
		{7A63297A-C181-46B4-AE98-F83EAB13DB8C}.Release|Mixed Platforms.Build.0 = Release|x86
		{7A63297A-C181-46B4-AE98-F83EAB13DB8C}.Release|x86.ActiveCfg = Release|x86
		{7A63297A-C181-46B4-AE98-F83EAB13DB8C}.Release|x86.Build.0 = Release|x86
	EndGlobalSection
	GlobalSection(SolutionProperties) = preSolution
		HideSolutionNode = FALSE
	EndGlobalSection
EndGlobal
