
Microsoft Visual Studio Solution File, Format Version 12.00
# Visual Studio Version 17
Project("{FAE04EC0-301F-11D3-BF4B-00C04F79EFBC}") = "DrillDown", "DrillDown.csproj", "{D9855E8E-216F-44F1-9DB3-42B35410C63F}"
EndProject
Global
	GlobalSection(SolutionConfigurationPlatforms) = preSolution
		Debug|Any CPU = Debug|Any CPU
		GCRelease|Any CPU = GCRelease|Any CPU
		Release|Any CPU = Release|Any CPU
	EndGlobalSection
	GlobalSection(ProjectConfigurationPlatforms) = postSolution
		{D9855E8E-216F-44F1-9DB3-42B35410C63F}.Debug|Any CPU.ActiveCfg = Debug|Any CPU
		{D9855E8E-216F-44F1-9DB3-42B35410C63F}.Debug|Any CPU.Build.0 = Debug|Any CPU
		{D9855E8E-216F-44F1-9DB3-42B35410C63F}.GCRelease|Any CPU.ActiveCfg = Release|Any CPU
		{D9855E8E-216F-44F1-9DB3-42B35410C63F}.GCRelease|Any CPU.Build.0 = Release|Any CPU
		{D9855E8E-216F-44F1-9DB3-42B35410C63F}.Release|Any CPU.ActiveCfg = Release|Any CPU
		{D9855E8E-216F-44F1-9DB3-42B35410C63F}.Release|Any CPU.Build.0 = Release|Any CPU
	EndGlobalSection
	GlobalSection(SolutionProperties) = preSolution
		HideSolutionNode = FALSE
	EndGlobalSection
	GlobalSection(SharedMSBuildProjectFiles) = preSolution
		..\..\..\..\Shared\GCLicensing\GcWPF452Licensing.projitems*{1855a88f-0a0b-418a-b1c8-01eed7b796d5}*SharedItemsImports = 5
	EndGlobalSection
EndGlobal
