
Microsoft Visual Studio Solution File, Format Version 12.00
# Visual Studio 15
VisualStudioVersion = 15.0.27004.2002
MinimumVisualStudioVersion = 10.0.40219.1
Project("{FAE04EC0-301F-11D3-BF4B-00C04F79EFBC}") = "MultiUser2010.4", "MultiUser2010.4.csproj", "{F72B0D47-54AB-4AB8-8AB9-CF11F971CB73}"
EndProject
Global
	GlobalSection(SolutionConfigurationPlatforms) = preSolution
		Debug_GRAPECITY|Any CPU = Debug_GRAPECITY|Any CPU
		Debug|Any CPU = Debug|Any CPU
		GCDebug|Any CPU = GCDebug|Any CPU
		GCRelease|Any CPU = GCRelease|Any CPU
		Release_GRAPECITY|Any CPU = Release_GRAPECITY|Any CPU
		Release|Any CPU = Release|Any CPU
	EndGlobalSection
	GlobalSection(ProjectConfigurationPlatforms) = postSolution
		{F72B0D47-54AB-4AB8-8AB9-CF11F971CB73}.Debug_GRAPECITY|Any CPU.ActiveCfg = Debug|Any CPU
		{F72B0D47-54AB-4AB8-8AB9-CF11F971CB73}.Debug_GRAPECITY|Any CPU.Build.0 = Debug|Any CPU
		{F72B0D47-54AB-4AB8-8AB9-CF11F971CB73}.Debug|Any CPU.ActiveCfg = Debug|Any CPU
		{F72B0D47-54AB-4AB8-8AB9-CF11F971CB73}.Debug|Any CPU.Build.0 = Debug|Any CPU
		{F72B0D47-54AB-4AB8-8AB9-CF11F971CB73}.GCDebug|Any CPU.ActiveCfg = Debug|Any CPU
		{F72B0D47-54AB-4AB8-8AB9-CF11F971CB73}.GCDebug|Any CPU.Build.0 = Debug|Any CPU
		{F72B0D47-54AB-4AB8-8AB9-CF11F971CB73}.GCRelease|Any CPU.ActiveCfg = Release|Any CPU
		{F72B0D47-54AB-4AB8-8AB9-CF11F971CB73}.GCRelease|Any CPU.Build.0 = Release|Any CPU
		{F72B0D47-54AB-4AB8-8AB9-CF11F971CB73}.Release_GRAPECITY|Any CPU.ActiveCfg = Release|Any CPU
		{F72B0D47-54AB-4AB8-8AB9-CF11F971CB73}.Release_GRAPECITY|Any CPU.Build.0 = Release|Any CPU
		{F72B0D47-54AB-4AB8-8AB9-CF11F971CB73}.Release|Any CPU.ActiveCfg = Release|Any CPU
		{F72B0D47-54AB-4AB8-8AB9-CF11F971CB73}.Release|Any CPU.Build.0 = Release|Any CPU
	EndGlobalSection
	GlobalSection(SolutionProperties) = preSolution
		HideSolutionNode = FALSE
	EndGlobalSection
	GlobalSection(ExtensibilityGlobals) = postSolution
		SolutionGuid = {6AE15900-A748-44AE-A960-659C3E2BF0AA}
	EndGlobalSection
EndGlobal
