
Microsoft Visual Studio Solution File, Format Version 12.00
# Visual Studio Version 17
Project("{FAE04EC0-301F-11D3-BF4B-00C04F79EFBC}") = "ExpressionEditorSamples2010.4", "ExpressionEditorSamples\ExpressionEditorSamples2010.4.csproj", "{1A83453A-527B-4791-BD5D-4821010F3D76}"
EndProject
Global
	GlobalSection(SolutionConfigurationPlatforms) = preSolution
		Debug|Any CPU = Debug|Any CPU
		Release|Any CPU = Release|Any CPU
	EndGlobalSection
	GlobalSection(ProjectConfigurationPlatforms) = postSolution
		{1A83453A-527B-4791-BD5D-4821010F3D76}.Debug|Any CPU.ActiveCfg = Debug|Any CPU
		{1A83453A-527B-4791-BD5D-4821010F3D76}.Debug|Any CPU.Build.0 = Debug|Any CPU
		{1A83453A-527B-4791-BD5D-4821010F3D76}.Release|Any CPU.ActiveCfg = Release|Any CPU
		{1A83453A-527B-4791-BD5D-4821010F3D76}.Release|Any CPU.Build.0 = Release|Any CPU
	EndGlobalSection
	GlobalSection(SolutionProperties) = preSolution
		HideSolutionNode = FALSE
	EndGlobalSection
	GlobalSection(SharedMSBuildProjectFiles) = preSolution
		..\..\..\..\Shared\GCLicensing\GcWPF452Licensing.projitems*{1855a88f-0a0b-418a-b1c8-01eed7b796d5}*SharedItemsImports = 5
	EndGlobalSection
EndGlobal
