
Microsoft Visual Studio Solution File, Format Version 12.00
# Visual Studio Version 17
Project("{FAE04EC0-301F-11D3-BF4B-00C04F79EFBC}") = "Financial.4", "Financial\Financial.4.csproj", "{FA8226BB-7559-4452-9DB0-63CB7BFC99E0}"
EndProject
Global
	GlobalSection(SolutionConfigurationPlatforms) = preSolution
		Debug|Any CPU = Debug|Any CPU
		Release|Any CPU = Release|Any CPU
	EndGlobalSection
	GlobalSection(ProjectConfigurationPlatforms) = postSolution
		{FA8226BB-7559-4452-9DB0-63CB7BFC99E0}.Debug|Any CPU.ActiveCfg = Debug|Any CPU
		{FA8226BB-7559-4452-9DB0-63CB7BFC99E0}.Debug|Any CPU.Build.0 = Debug|Any CPU
		{FA8226BB-7559-4452-9DB0-63CB7BFC99E0}.Release|Any CPU.ActiveCfg = Release|Any CPU
		{FA8226BB-7559-4452-9DB0-63CB7BFC99E0}.Release|Any CPU.Build.0 = Release|Any CPU
	EndGlobalSection
	GlobalSection(SolutionProperties) = preSolution
		HideSolutionNode = FALSE
	EndGlobalSection
	GlobalSection(ExtensibilityGlobals) = postSolution
		SolutionGuid = {9F41AFB8-F790-417F-9AAC-AB1BF25DEE2F}
	EndGlobalSection
	GlobalSection(SharedMSBuildProjectFiles) = preSolution
		..\..\..\..\Shared\GCLicensing\GcWPF452Licensing.projitems*{1855a88f-0a0b-418a-b1c8-01eed7b796d5}*SharedItemsImports = 5
	EndGlobalSection
EndGlobal
