
Microsoft Visual Studio Solution File, Format Version 12.00
# Visual Studio Version 17
VisualStudioVersion = 17.6.33829.357
MinimumVisualStudioVersion = 10.0.40219.1
Project("{FAE04EC0-301F-11D3-BF4B-00C04F79EFBC}") = "C1ComboBoxMutliSelectionSample2010", "C1ComboBoxMutliSelectionSample2010\C1ComboBoxMutliSelectionSample2010.csproj", "{DCB62B50-587C-4007-9FA5-078C3D5543A7}"
EndProject
Global
	GlobalSection(SolutionConfigurationPlatforms) = preSolution
		Debug|Any CPU = Debug|Any CPU
		GCDebug|Any CPU = GCDebug|Any CPU
		GCRelease|Any CPU = GCRelease|Any CPU
		Release|Any CPU = Release|Any CPU
	EndGlobalSection
	GlobalSection(ProjectConfigurationPlatforms) = postSolution
		{DCB62B50-587C-4007-9FA5-078C3D5543A7}.Debug|Any CPU.ActiveCfg = Debug|Any CPU
		{DCB62B50-587C-4007-9FA5-078C3D5543A7}.Debug|Any CPU.Build.0 = Debug|Any CPU
		{DCB62B50-587C-4007-9FA5-078C3D5543A7}.GCDebug|Any CPU.ActiveCfg = Debug|Any CPU
		{DCB62B50-587C-4007-9FA5-078C3D5543A7}.GCDebug|Any CPU.Build.0 = Debug|Any CPU
		{DCB62B50-587C-4007-9FA5-078C3D5543A7}.GCRelease|Any CPU.ActiveCfg = Release|Any CPU
		{DCB62B50-587C-4007-9FA5-078C3D5543A7}.GCRelease|Any CPU.Build.0 = Release|Any CPU
		{DCB62B50-587C-4007-9FA5-078C3D5543A7}.Release|Any CPU.ActiveCfg = Release|Any CPU
		{DCB62B50-587C-4007-9FA5-078C3D5543A7}.Release|Any CPU.Build.0 = Release|Any CPU
	EndGlobalSection
	GlobalSection(SolutionProperties) = preSolution
		HideSolutionNode = FALSE
	EndGlobalSection
	GlobalSection(SharedMSBuildProjectFiles) = preSolution
	EndGlobalSection
EndGlobal
