
Microsoft Visual Studio Solution File, Format Version 12.00
# Visual Studio Version 16
Project("{FAE04EC0-301F-11D3-BF4B-00C04F79EFBC}") = "CustomRows", "CustomRows.csproj", "{53F9C6E7-4638-4F35-9D1F-E0F256BF9EBF}"
EndProject
Global
	GlobalSection(SolutionConfigurationPlatforms) = preSolution
		Debug|Any CPU = Debug|Any CPU
		GRAPECITY|Any CPU = GRAPECITY|Any CPU
		Release|Any CPU = Release|Any CPU
	EndGlobalSection
	GlobalSection(ProjectConfigurationPlatforms) = postSolution
		{53F9C6E7-4638-4F35-9D1F-E0F256BF9EBF}.Debug|Any CPU.ActiveCfg = Debug|Any CPU
		{53F9C6E7-4638-4F35-9D1F-E0F256BF9EBF}.Debug|Any CPU.Build.0 = Debug|Any CPU
		{53F9C6E7-4638-4F35-9D1F-E0F256BF9EBF}.GRAPECITY|Any CPU.ActiveCfg = Debug|Any CPU
		{53F9C6E7-4638-4F35-9D1F-E0F256BF9EBF}.GRAPECITY|Any CPU.Build.0 = Debug|Any CPU
		{53F9C6E7-4638-4F35-9D1F-E0F256BF9EBF}.Release|Any CPU.ActiveCfg = Release|Any CPU
		{53F9C6E7-4638-4F35-9D1F-E0F256BF9EBF}.Release|Any CPU.Build.0 = Release|Any CPU
	EndGlobalSection
	GlobalSection(SolutionProperties) = preSolution
		HideSolutionNode = FALSE
	EndGlobalSection
	GlobalSection(ExtensibilityGlobals) = postSolution
		SolutionGuid = {6D2B7030-6B08-47AB-8BEF-0C42E116BEF1}
	EndGlobalSection
EndGlobal
