
Microsoft Visual Studio Solution File, Format Version 12.00
# Visual Studio 15
VisualStudioVersion = 15.0.27703.2000
MinimumVisualStudioVersion = 10.0.40219.1
Project("{FAE04EC0-301F-11D3-BF4B-00C04F79EFBC}") = "ColumnFilter.4", "ColumnFilter.4.csproj", "{209A2785-8F45-4441-A38E-F0EA38517E7C}"
EndProject
Global
	GlobalSection(SolutionConfigurationPlatforms) = preSolution
		Debug|Any CPU = Debug|Any CPU
		Debug|Mixed Platforms = Debug|Mixed Platforms
		Debug|x86 = Debug|x86
		Release|Any CPU = Release|Any CPU
		Release|Mixed Platforms = Release|Mixed Platforms
		Release|x86 = Release|x86
		ReleaseGC|Any CPU = ReleaseGC|Any CPU
		ReleaseGC|Mixed Platforms = ReleaseGC|Mixed Platforms
		ReleaseGC|x86 = ReleaseGC|x86
	EndGlobalSection
	GlobalSection(ProjectConfigurationPlatforms) = postSolution
		{209A2785-8F45-4441-A38E-F0EA38517E7C}.Debug|Any CPU.ActiveCfg = Debug|x86
		{209A2785-8F45-4441-A38E-F0EA38517E7C}.Debug|Mixed Platforms.ActiveCfg = Debug|x86
		{209A2785-8F45-4441-A38E-F0EA38517E7C}.Debug|Mixed Platforms.Build.0 = Debug|x86
		{209A2785-8F45-4441-A38E-F0EA38517E7C}.Debug|x86.ActiveCfg = Debug|x86
		{209A2785-8F45-4441-A38E-F0EA38517E7C}.Debug|x86.Build.0 = Debug|x86
		{209A2785-8F45-4441-A38E-F0EA38517E7C}.Release|Any CPU.ActiveCfg = Release|x86
		{209A2785-8F45-4441-A38E-F0EA38517E7C}.Release|Mixed Platforms.ActiveCfg = Release|x86
		{209A2785-8F45-4441-A38E-F0EA38517E7C}.Release|Mixed Platforms.Build.0 = Release|x86
		{209A2785-8F45-4441-A38E-F0EA38517E7C}.Release|x86.ActiveCfg = Release|x86
		{209A2785-8F45-4441-A38E-F0EA38517E7C}.Release|x86.Build.0 = Release|x86
		{209A2785-8F45-4441-A38E-F0EA38517E7C}.ReleaseGC|Any CPU.ActiveCfg = Release|x86
		{209A2785-8F45-4441-A38E-F0EA38517E7C}.ReleaseGC|Mixed Platforms.ActiveCfg = Release|x86
		{209A2785-8F45-4441-A38E-F0EA38517E7C}.ReleaseGC|Mixed Platforms.Build.0 = Release|x86
		{209A2785-8F45-4441-A38E-F0EA38517E7C}.ReleaseGC|x86.ActiveCfg = Release|x86
		{209A2785-8F45-4441-A38E-F0EA38517E7C}.ReleaseGC|x86.Build.0 = Release|x86
	EndGlobalSection
	GlobalSection(SolutionProperties) = preSolution
		HideSolutionNode = FALSE
	EndGlobalSection
	GlobalSection(ExtensibilityGlobals) = postSolution
		SolutionGuid = {0A2F0FAE-B7A1-42E4-98E9-75607DF81494}
	EndGlobalSection
EndGlobal
