
Microsoft Visual Studio Solution File, Format Version 12.00
# Visual Studio Version 17
Project("{9A19103F-16F7-4668-BE54-9A1E7A4F7556}") = "FlexChartShowcase", "FlexChartShowcase.csproj", "{B2F19BFC-D098-48DD-9BB2-980ED098C13B}"
EndProject
Global
	GlobalSection(SolutionConfigurationPlatforms) = preSolution
		Debug|Any CPU = Debug|Any CPU
		GCDebug|Any CPU = GCDebug|Any CPU
		GCRelease|Any CPU = GCRelease|Any CPU
		GRAPECITY|Any CPU = GRAPECITY|Any CPU
		Release|Any CPU = Release|Any CPU
	EndGlobalSection
	GlobalSection(ProjectConfigurationPlatforms) = postSolution
		{B2F19BFC-D098-48DD-9BB2-980ED098C13B}.Debug|Any CPU.ActiveCfg = Debug|Any CPU
		{B2F19BFC-D098-48DD-9BB2-980ED098C13B}.Debug|Any CPU.Build.0 = Debug|Any CPU
		{B2F19BFC-D098-48DD-9BB2-980ED098C13B}.GCDebug|Any CPU.ActiveCfg = Debug|Any CPU
		{B2F19BFC-D098-48DD-9BB2-980ED098C13B}.GCDebug|Any CPU.Build.0 = Debug|Any CPU
		{B2F19BFC-D098-48DD-9BB2-980ED098C13B}.GCRelease|Any CPU.ActiveCfg = Release|Any CPU
		{B2F19BFC-D098-48DD-9BB2-980ED098C13B}.GCRelease|Any CPU.Build.0 = Release|Any CPU
		{B2F19BFC-D098-48DD-9BB2-980ED098C13B}.GRAPECITY|Any CPU.ActiveCfg = Release|Any CPU
		{B2F19BFC-D098-48DD-9BB2-980ED098C13B}.GRAPECITY|Any CPU.Build.0 = Release|Any CPU
		{B2F19BFC-D098-48DD-9BB2-980ED098C13B}.Release|Any CPU.ActiveCfg = Release|Any CPU
		{B2F19BFC-D098-48DD-9BB2-980ED098C13B}.Release|Any CPU.Build.0 = Release|Any CPU
	EndGlobalSection
	GlobalSection(SolutionProperties) = preSolution
		HideSolutionNode = FALSE
	EndGlobalSection
	GlobalSection(ExtensibilityGlobals) = postSolution
		SolutionGuid = {173EED94-8408-4B0B-93C7-23E5D0CD8C09}
	EndGlobalSection
EndGlobal
