
Microsoft Visual Studio Solution File, Format Version 12.00
# Visual Studio Version 17
Project("{FAE04EC0-301F-11D3-BF4B-00C04F79EFBC}") = "C1DataCollection101", "C1DataCollection101\C1DataCollection101.csproj", "{304B337D-2363-49D4-A0D4-B20D017B11FE}"
EndProject
Global
	GlobalSection(SolutionConfigurationPlatforms) = preSolution
		Debug|Any CPU = Debug|Any CPU
		GCDebug|Any CPU = GCDebug|Any CPU
		GCRelease|Any CPU = GCRelease|Any CPU
		Release|Any CPU = Release|Any CPU
	EndGlobalSection
	GlobalSection(ProjectConfigurationPlatforms) = postSolution
		{304B337D-2363-49D4-A0D4-B20D017B11FE}.Debug|Any CPU.ActiveCfg = Debug|Any CPU
		{304B337D-2363-49D4-A0D4-B20D017B11FE}.Debug|Any CPU.Build.0 = Debug|Any CPU
		{304B337D-2363-49D4-A0D4-B20D017B11FE}.GCDebug|Any CPU.ActiveCfg = Debug|Any CPU
		{304B337D-2363-49D4-A0D4-B20D017B11FE}.GCDebug|Any CPU.Build.0 = Debug|Any CPU
		{304B337D-2363-49D4-A0D4-B20D017B11FE}.GCRelease|Any CPU.ActiveCfg = Release|Any CPU
		{304B337D-2363-49D4-A0D4-B20D017B11FE}.GCRelease|Any CPU.Build.0 = Release|Any CPU
		{304B337D-2363-49D4-A0D4-B20D017B11FE}.Release|Any CPU.ActiveCfg = Release|Any CPU
		{304B337D-2363-49D4-A0D4-B20D017B11FE}.Release|Any CPU.Build.0 = Release|Any CPU
	EndGlobalSection
	GlobalSection(SolutionProperties) = preSolution
		HideSolutionNode = FALSE
	EndGlobalSection
	GlobalSection(ExtensibilityGlobals) = postSolution
		SolutionGuid = {DD7ED2A4-F98A-4C03-9526-69FA6A465A6F}
	EndGlobalSection
	GlobalSection(SharedMSBuildProjectFiles) = preSolution
		..\..\..\..\Shared\GCLicensing\GcWPF452Licensing.projitems*{1855a88f-0a0b-418a-b1c8-01eed7b796d5}*SharedItemsImports = 5
	EndGlobalSection
EndGlobal
