
Microsoft Visual Studio Solution File, Format Version 11.00
# Visual Studio 2010
Project("{F184B08F-C81C-45F6-A57F-5ABD9991F28F}") = "ToolbarCommands2010.4", "ToolbarCommands2010.4.vbproj", "{EE773CD8-52F4-4997-ACDF-1A122B9D73BD}"
EndProject
Global
	GlobalSection(SolutionConfigurationPlatforms) = preSolution
		Debug|Any CPU = Debug|Any CPU
		Debug|Mixed Platforms = Debug|Mixed Platforms
		Debug|x86 = Debug|x86
		GCDebug|Any CPU = GCDebug|Any CPU
		GCDebug|Mixed Platforms = GCDebug|Mixed Platforms
		GCDebug|x86 = GCDebug|x86
		GCRelease|Any CPU = GCRelease|Any CPU
		GCRelease|Mixed Platforms = GCRelease|Mixed Platforms
		GCRelease|x86 = GCRelease|x86
		Release|Any CPU = Release|Any CPU
		Release|Mixed Platforms = Release|Mixed Platforms
		Release|x86 = Release|x86
	EndGlobalSection
	GlobalSection(ProjectConfigurationPlatforms) = postSolution
		{EE773CD8-52F4-4997-ACDF-1A122B9D73BD}.Debug|Any CPU.ActiveCfg = Debug|x86
		{EE773CD8-52F4-4997-ACDF-1A122B9D73BD}.Debug|Mixed Platforms.ActiveCfg = Debug|x86
		{EE773CD8-52F4-4997-ACDF-1A122B9D73BD}.Debug|Mixed Platforms.Build.0 = Debug|x86
		{EE773CD8-52F4-4997-ACDF-1A122B9D73BD}.Debug|x86.ActiveCfg = Debug|x86
		{EE773CD8-52F4-4997-ACDF-1A122B9D73BD}.Debug|x86.Build.0 = Debug|x86
		{EE773CD8-52F4-4997-ACDF-1A122B9D73BD}.GCDebug|Any CPU.ActiveCfg = Debug|x86
		{EE773CD8-52F4-4997-ACDF-1A122B9D73BD}.GCDebug|Mixed Platforms.ActiveCfg = Debug|x86
		{EE773CD8-52F4-4997-ACDF-1A122B9D73BD}.GCDebug|Mixed Platforms.Build.0 = Debug|x86
		{EE773CD8-52F4-4997-ACDF-1A122B9D73BD}.GCDebug|x86.ActiveCfg = Debug|x86
		{EE773CD8-52F4-4997-ACDF-1A122B9D73BD}.GCDebug|x86.Build.0 = Debug|x86
		{EE773CD8-52F4-4997-ACDF-1A122B9D73BD}.GCRelease|Any CPU.ActiveCfg = Release|x86
		{EE773CD8-52F4-4997-ACDF-1A122B9D73BD}.GCRelease|Mixed Platforms.ActiveCfg = Release|x86
		{EE773CD8-52F4-4997-ACDF-1A122B9D73BD}.GCRelease|Mixed Platforms.Build.0 = Release|x86
		{EE773CD8-52F4-4997-ACDF-1A122B9D73BD}.GCRelease|x86.ActiveCfg = Release|x86
		{EE773CD8-52F4-4997-ACDF-1A122B9D73BD}.GCRelease|x86.Build.0 = Release|x86
		{EE773CD8-52F4-4997-ACDF-1A122B9D73BD}.Release|Any CPU.ActiveCfg = Release|x86
		{EE773CD8-52F4-4997-ACDF-1A122B9D73BD}.Release|Mixed Platforms.ActiveCfg = Release|x86
		{EE773CD8-52F4-4997-ACDF-1A122B9D73BD}.Release|Mixed Platforms.Build.0 = Release|x86
		{EE773CD8-52F4-4997-ACDF-1A122B9D73BD}.Release|x86.ActiveCfg = Release|x86
		{EE773CD8-52F4-4997-ACDF-1A122B9D73BD}.Release|x86.Build.0 = Release|x86
	EndGlobalSection
	GlobalSection(SolutionProperties) = preSolution
		HideSolutionNode = FALSE
	EndGlobalSection
EndGlobal
