
Microsoft Visual Studio Solution File, Format Version 12.00
# Visual Studio Version 17
Project("{FAE04EC0-301F-11D3-BF4B-00C04F79EFBC}") = "MultiGridPdf.4", "MultiGridPdf\MultiGridPdf.4.csproj", "{DE566445-ACE1-48E8-824C-691BDC682CDF}"
EndProject
Global
	GlobalSection(SolutionConfigurationPlatforms) = preSolution
		Debug|Any CPU = Debug|Any CPU
		Debug|Mixed Platforms = Debug|Mixed Platforms
		Debug|x86 = Debug|x86
		GCDebug|Any CPU = GCDebug|Any CPU
		GCDebug|Mixed Platforms = GCDebug|Mixed Platforms
		GCDebug|x86 = GCDebug|x86
		GCRelease|Any CPU = GCRelease|Any CPU
		GCRelease|Mixed Platforms = GCRelease|Mixed Platforms
		GCRelease|x86 = GCRelease|x86
		Release|Any CPU = Release|Any CPU
		Release|Mixed Platforms = Release|Mixed Platforms
		Release|x86 = Release|x86
		ReleaseGC|Any CPU = ReleaseGC|Any CPU
		ReleaseGC|Mixed Platforms = ReleaseGC|Mixed Platforms
		ReleaseGC|x86 = ReleaseGC|x86
	EndGlobalSection
	GlobalSection(ProjectConfigurationPlatforms) = postSolution
		{DE566445-ACE1-48E8-824C-691BDC682CDF}.Debug|Any CPU.ActiveCfg = Debug|x86
		{DE566445-ACE1-48E8-824C-691BDC682CDF}.Debug|Mixed Platforms.ActiveCfg = Debug|x86
		{DE566445-ACE1-48E8-824C-691BDC682CDF}.Debug|Mixed Platforms.Build.0 = Debug|x86
		{DE566445-ACE1-48E8-824C-691BDC682CDF}.Debug|x86.ActiveCfg = Debug|x86
		{DE566445-ACE1-48E8-824C-691BDC682CDF}.Debug|x86.Build.0 = Debug|x86
		{DE566445-ACE1-48E8-824C-691BDC682CDF}.GCDebug|Any CPU.ActiveCfg = Debug|x86
		{DE566445-ACE1-48E8-824C-691BDC682CDF}.GCDebug|Mixed Platforms.ActiveCfg = Debug|x86
		{DE566445-ACE1-48E8-824C-691BDC682CDF}.GCDebug|Mixed Platforms.Build.0 = Debug|x86
		{DE566445-ACE1-48E8-824C-691BDC682CDF}.GCDebug|x86.ActiveCfg = Debug|x86
		{DE566445-ACE1-48E8-824C-691BDC682CDF}.GCDebug|x86.Build.0 = Debug|x86
		{DE566445-ACE1-48E8-824C-691BDC682CDF}.GCRelease|Any CPU.ActiveCfg = Release|x86
		{DE566445-ACE1-48E8-824C-691BDC682CDF}.GCRelease|Mixed Platforms.ActiveCfg = Release|x86
		{DE566445-ACE1-48E8-824C-691BDC682CDF}.GCRelease|Mixed Platforms.Build.0 = Release|x86
		{DE566445-ACE1-48E8-824C-691BDC682CDF}.GCRelease|x86.ActiveCfg = Release|x86
		{DE566445-ACE1-48E8-824C-691BDC682CDF}.GCRelease|x86.Build.0 = Release|x86
		{DE566445-ACE1-48E8-824C-691BDC682CDF}.Release|Any CPU.ActiveCfg = Release|x86
		{DE566445-ACE1-48E8-824C-691BDC682CDF}.Release|Mixed Platforms.ActiveCfg = Release|x86
		{DE566445-ACE1-48E8-824C-691BDC682CDF}.Release|Mixed Platforms.Build.0 = Release|x86
		{DE566445-ACE1-48E8-824C-691BDC682CDF}.Release|x86.ActiveCfg = Release|x86
		{DE566445-ACE1-48E8-824C-691BDC682CDF}.Release|x86.Build.0 = Release|x86
		{DE566445-ACE1-48E8-824C-691BDC682CDF}.ReleaseGC|Any CPU.ActiveCfg = Release|x86
		{DE566445-ACE1-48E8-824C-691BDC682CDF}.ReleaseGC|Mixed Platforms.ActiveCfg = Release|x86
		{DE566445-ACE1-48E8-824C-691BDC682CDF}.ReleaseGC|Mixed Platforms.Build.0 = Release|x86
		{DE566445-ACE1-48E8-824C-691BDC682CDF}.ReleaseGC|x86.ActiveCfg = Release|x86
		{DE566445-ACE1-48E8-824C-691BDC682CDF}.ReleaseGC|x86.Build.0 = Release|x86
	EndGlobalSection
	GlobalSection(SolutionProperties) = preSolution
		HideSolutionNode = FALSE
	EndGlobalSection
	GlobalSection(ExtensibilityGlobals) = postSolution
		SolutionGuid = {E38F7034-4B63-4BA7-80CB-102F9FF377CB}
	EndGlobalSection
	GlobalSection(SharedMSBuildProjectFiles) = preSolution
		..\..\..\..\Shared\GCLicensing\GcWPF452Licensing.projitems*{1855a88f-0a0b-418a-b1c8-01eed7b796d5}*SharedItemsImports = 5
		..\..\..\..\Shared\Pdf.Net\Pdf.Net.projitems*{483bf9dc-0011-471b-8714-1ccb1754b8ee}*SharedItemsImports = 5
	EndGlobalSection
EndGlobal
