
Microsoft Visual Studio Solution File, Format Version 12.00
# Visual Studio 15
VisualStudioVersion = 15.0.27004.2002
MinimumVisualStudioVersion = 10.0.40219.1
Project("{FAE04EC0-301F-11D3-BF4B-00C04F79EFBC}") = "PrintDocTemplates2010.4", "PrintDocTemplates2010.4.csproj", "{416E4797-CDFC-4CD5-A62C-5EFD4B8EE978}"
EndProject
Global
	GlobalSection(SolutionConfigurationPlatforms) = preSolution
		Debug_BETA|Any CPU = Debug_BETA|Any CPU
		Debug_GRAPECITY|Any CPU = Debug_GRAPECITY|Any CPU
		Debug|Any CPU = Debug|Any CPU
		GCDebug|Any CPU = GCDebug|Any CPU
		GCRelease|Any CPU = GCRelease|Any CPU
		Release_BETA|Any CPU = Release_BETA|Any CPU
		Release_GRAPECITY|Any CPU = Release_GRAPECITY|Any CPU
		Release|Any CPU = Release|Any CPU
	EndGlobalSection
	GlobalSection(ProjectConfigurationPlatforms) = postSolution
		{416E4797-CDFC-4CD5-A62C-5EFD4B8EE978}.Debug_BETA|Any CPU.ActiveCfg = Debug|Any CPU
		{416E4797-CDFC-4CD5-A62C-5EFD4B8EE978}.Debug_BETA|Any CPU.Build.0 = Debug|Any CPU
		{416E4797-CDFC-4CD5-A62C-5EFD4B8EE978}.Debug_GRAPECITY|Any CPU.ActiveCfg = Debug|Any CPU
		{416E4797-CDFC-4CD5-A62C-5EFD4B8EE978}.Debug_GRAPECITY|Any CPU.Build.0 = Debug|Any CPU
		{416E4797-CDFC-4CD5-A62C-5EFD4B8EE978}.Debug|Any CPU.ActiveCfg = Debug|Any CPU
		{416E4797-CDFC-4CD5-A62C-5EFD4B8EE978}.Debug|Any CPU.Build.0 = Debug|Any CPU
		{416E4797-CDFC-4CD5-A62C-5EFD4B8EE978}.GCDebug|Any CPU.ActiveCfg = Debug|Any CPU
		{416E4797-CDFC-4CD5-A62C-5EFD4B8EE978}.GCDebug|Any CPU.Build.0 = Debug|Any CPU
		{416E4797-CDFC-4CD5-A62C-5EFD4B8EE978}.GCRelease|Any CPU.ActiveCfg = Release|Any CPU
		{416E4797-CDFC-4CD5-A62C-5EFD4B8EE978}.GCRelease|Any CPU.Build.0 = Release|Any CPU
		{416E4797-CDFC-4CD5-A62C-5EFD4B8EE978}.Release_BETA|Any CPU.ActiveCfg = Release|Any CPU
		{416E4797-CDFC-4CD5-A62C-5EFD4B8EE978}.Release_BETA|Any CPU.Build.0 = Release|Any CPU
		{416E4797-CDFC-4CD5-A62C-5EFD4B8EE978}.Release_GRAPECITY|Any CPU.ActiveCfg = Release|Any CPU
		{416E4797-CDFC-4CD5-A62C-5EFD4B8EE978}.Release_GRAPECITY|Any CPU.Build.0 = Release|Any CPU
		{416E4797-CDFC-4CD5-A62C-5EFD4B8EE978}.Release|Any CPU.ActiveCfg = Release|Any CPU
		{416E4797-CDFC-4CD5-A62C-5EFD4B8EE978}.Release|Any CPU.Build.0 = Release|Any CPU
	EndGlobalSection
	GlobalSection(SolutionProperties) = preSolution
		HideSolutionNode = FALSE
	EndGlobalSection
	GlobalSection(ExtensibilityGlobals) = postSolution
		SolutionGuid = {76EF9F10-50A8-456F-8605-88D0523EFF6C}
	EndGlobalSection
EndGlobal
