
Microsoft Visual Studio Solution File, Format Version 11.00
# Visual Studio 2010
Project("{FAE04EC0-301F-11D3-BF4B-00C04F79EFBC}") = "AxisScrollbar2010.4", "AxisScrollbar2010.4.csproj", "{51E284DA-4DE6-4454-ADA7-0594EEAAB807}"
EndProject
Global
	GlobalSection(SolutionConfigurationPlatforms) = preSolution
		Debug|Any CPU = Debug|Any CPU
		GCDebug|Any CPU = GCDebug|Any CPU
		GCRelease|Any CPU = GCRelease|Any CPU
		Release|Any CPU = Release|Any CPU
	EndGlobalSection
	GlobalSection(ProjectConfigurationPlatforms) = postSolution
		{51E284DA-4DE6-4454-ADA7-0594EEAAB807}.Debug|Any CPU.ActiveCfg = Debug|Any CPU
		{51E284DA-4DE6-4454-ADA7-0594EEAAB807}.Debug|Any CPU.Build.0 = Debug|Any CPU
		{51E284DA-4DE6-4454-ADA7-0594EEAAB807}.GCDebug|Any CPU.ActiveCfg = Debug|Any CPU
		{51E284DA-4DE6-4454-ADA7-0594EEAAB807}.GCDebug|Any CPU.Build.0 = Debug|Any CPU
		{51E284DA-4DE6-4454-ADA7-0594EEAAB807}.GCRelease|Any CPU.ActiveCfg = Release|Any CPU
		{51E284DA-4DE6-4454-ADA7-0594EEAAB807}.GCRelease|Any CPU.Build.0 = Release|Any CPU
		{51E284DA-4DE6-4454-ADA7-0594EEAAB807}.Release|Any CPU.ActiveCfg = Release|Any CPU
		{51E284DA-4DE6-4454-ADA7-0594EEAAB807}.Release|Any CPU.Build.0 = Release|Any CPU
	EndGlobalSection
	GlobalSection(SolutionProperties) = preSolution
		HideSolutionNode = FALSE
	EndGlobalSection
EndGlobal
