
Microsoft Visual Studio Solution File, Format Version 12.00
# Visual Studio Version 17
Project("{9A19103F-16F7-4668-BE54-9A1E7A4F7556}") = "SpellCheckerExplorer", "SpellCheckerExplorer.csproj", "{360E3F55-9F4D-4339-88A0-9275EC58463A}"
EndProject
Global
	GlobalSection(SolutionConfigurationPlatforms) = preSolution
		Debug|Any CPU = Debug|Any CPU
		Debug|x86 = Debug|x86
		Release|Any CPU = Release|Any CPU
		Release|x86 = Release|x86
	EndGlobalSection
	GlobalSection(ProjectConfigurationPlatforms) = postSolution
		{360E3F55-9F4D-4339-88A0-9275EC58463A}.Debug|Any CPU.ActiveCfg = Debug|Any CPU
		{360E3F55-9F4D-4339-88A0-9275EC58463A}.Debug|Any CPU.Build.0 = Debug|Any CPU
		{360E3F55-9F4D-4339-88A0-9275EC58463A}.Debug|x86.ActiveCfg = Debug|Any CPU
		{360E3F55-9F4D-4339-88A0-9275EC58463A}.Debug|x86.Build.0 = Debug|Any CPU
		{360E3F55-9F4D-4339-88A0-9275EC58463A}.Release|Any CPU.ActiveCfg = Release|x86
		{360E3F55-9F4D-4339-88A0-9275EC58463A}.Release|Any CPU.Build.0 = Release|x86
		{360E3F55-9F4D-4339-88A0-9275EC58463A}.Release|x86.ActiveCfg = Release|x86
		{360E3F55-9F4D-4339-88A0-9275EC58463A}.Release|x86.Build.0 = Release|x86
	EndGlobalSection
	GlobalSection(SolutionProperties) = preSolution
		HideSolutionNode = FALSE
	EndGlobalSection
	GlobalSection(ExtensibilityGlobals) = postSolution
		SolutionGuid = {347C7AA9-F984-4DF5-BFE3-AEF341474F5C}
	EndGlobalSection
EndGlobal
