
Microsoft Visual Studio Solution File, Format Version 11.00
# Visual Studio 2010
Project("{FAE04EC0-301F-11D3-BF4B-00C04F79EFBC}") = "FlexChartMvvmDemo2010.4", "FlexChartMvvmDemo2010.4.csproj", "{34F4B3BA-DB35-4E8B-B9B4-AB1015DD15BD}"
EndProject
Global
	GlobalSection(SolutionConfigurationPlatforms) = preSolution
		Debug|Any CPU = Debug|Any CPU
		GCDebug|Any CPU = GCDebug|Any CPU
		GCRelease|Any CPU = GCRelease|Any CPU
		Release|Any CPU = Release|Any CPU
	EndGlobalSection
	GlobalSection(ProjectConfigurationPlatforms) = postSolution
		{34F4B3BA-DB35-4E8B-B9B4-AB1015DD15BD}.Debug|Any CPU.ActiveCfg = Debug|Any CPU
		{34F4B3BA-DB35-4E8B-B9B4-AB1015DD15BD}.Debug|Any CPU.Build.0 = Debug|Any CPU
		{34F4B3BA-DB35-4E8B-B9B4-AB1015DD15BD}.GCDebug|Any CPU.ActiveCfg = Debug|Any CPU
		{34F4B3BA-DB35-4E8B-B9B4-AB1015DD15BD}.GCDebug|Any CPU.Build.0 = Debug|Any CPU
		{34F4B3BA-DB35-4E8B-B9B4-AB1015DD15BD}.GCRelease|Any CPU.ActiveCfg = Release|Any CPU
		{34F4B3BA-DB35-4E8B-B9B4-AB1015DD15BD}.GCRelease|Any CPU.Build.0 = Release|Any CPU
		{34F4B3BA-DB35-4E8B-B9B4-AB1015DD15BD}.Release|Any CPU.ActiveCfg = Release|Any CPU
		{34F4B3BA-DB35-4E8B-B9B4-AB1015DD15BD}.Release|Any CPU.Build.0 = Release|Any CPU
	EndGlobalSection
	GlobalSection(SolutionProperties) = preSolution
		HideSolutionNode = FALSE
	EndGlobalSection
EndGlobal
