
Microsoft Visual Studio Solution File, Format Version 12.00
# Visual Studio Version 17
Project("{9A19103F-16F7-4668-BE54-9A1E7A4F7556}") = "Printing", "Printing.csproj", "{A0A3E78C-C8DF-42FA-9C0F-4010B7B7336D}"
EndProject
Global
	GlobalSection(SolutionConfigurationPlatforms) = preSolution
		Debug|Any CPU = Debug|Any CPU
		Release|Any CPU = Release|Any CPU
	EndGlobalSection
	GlobalSection(ProjectConfigurationPlatforms) = postSolution
		{A0A3E78C-C8DF-42FA-9C0F-4010B7B7336D}.Debug|Any CPU.ActiveCfg = Debug|Any CPU
		{A0A3E78C-C8DF-42FA-9C0F-4010B7B7336D}.Debug|Any CPU.Build.0 = Debug|Any CPU
		{A0A3E78C-C8DF-42FA-9C0F-4010B7B7336D}.Release|Any CPU.ActiveCfg = Release|x86
	EndGlobalSection
	GlobalSection(SolutionProperties) = preSolution
		HideSolutionNode = FALSE
	EndGlobalSection
	GlobalSection(ExtensibilityGlobals) = postSolution
		SolutionGuid = {4DD6A2F5-F5C7-4547-9755-80941B40C0CC}
	EndGlobalSection
EndGlobal
