
Microsoft Visual Studio Solution File, Format Version 12.00
# Visual Studio Version 17
Project("{9A19103F-16F7-4668-BE54-9A1E7A4F7556}") = "ExcelSamples2010.4", "ExcelSamples2010.4.csproj", "{3A7ABC7A-AABC-4573-91F1-F66775AA6901}"
EndProject
Global
	GlobalSection(SolutionConfigurationPlatforms) = preSolution
		Debug|Any CPU = Debug|Any CPU
		Release|Any CPU = Release|Any CPU
	EndGlobalSection
	GlobalSection(ProjectConfigurationPlatforms) = postSolution
		{3A7ABC7A-AABC-4573-91F1-F66775AA6901}.Debug|Any CPU.ActiveCfg = Debug|Any CPU
		{3A7ABC7A-AABC-4573-91F1-F66775AA6901}.Debug|Any CPU.Build.0 = Debug|Any CPU
		{3A7ABC7A-AABC-4573-91F1-F66775AA6901}.Release|Any CPU.ActiveCfg = Release|Any CPU
		{3A7ABC7A-AABC-4573-91F1-F66775AA6901}.Release|Any CPU.Build.0 = Release|Any CPU
	EndGlobalSection
	GlobalSection(SolutionProperties) = preSolution
		HideSolutionNode = FALSE
	EndGlobalSection
	GlobalSection(SharedMSBuildProjectFiles) = preSolution
		..\..\..\..\Shared\GCLicensing\GcWPF452Licensing.projitems*{1855a88f-0a0b-418a-b1c8-01eed7b796d5}*SharedItemsImports = 5
		..\..\..\..\Shared\GCLicensing\GcWPF452Licensing.projitems*{8e5db594-dfc1-436d-b203-b3049044d905}*SharedItemsImports = 5
	EndGlobalSection
EndGlobal
