
Microsoft Visual Studio Solution File, Format Version 12.00
# Visual Studio Version 17
VisualStudioVersion = 17.0.31919.166
MinimumVisualStudioVersion = 10.0.40219.1
Project("{FAE04EC0-301F-11D3-BF4B-00C04F79EFBC}") = "SimplifiedRibbonSample", "SimplifiedRibbonSample.csproj", "{35DDB496-2B77-4769-9740-16320B9821D1}"
EndProject
Global
	GlobalSection(SharedMSBuildProjectFiles) = preSolution
	EndGlobalSection
	GlobalSection(SolutionConfigurationPlatforms) = preSolution
		Debug|Any CPU = Debug|Any CPU
		GCDebug|Any CPU = GCDebug|Any CPU
		GCRelease|Any CPU = GCRelease|Any CPU
		Release|Any CPU = Release|Any CPU
	EndGlobalSection
	GlobalSection(ProjectConfigurationPlatforms) = postSolution
		{35DDB496-2B77-4769-9740-16320B9821D1}.Debug|Any CPU.ActiveCfg = Debug|Any CPU
		{35DDB496-2B77-4769-9740-16320B9821D1}.Debug|Any CPU.Build.0 = Debug|Any CPU
		{35DDB496-2B77-4769-9740-16320B9821D1}.GCDebug|Any CPU.ActiveCfg = Debug|Any CPU
		{35DDB496-2B77-4769-9740-16320B9821D1}.GCDebug|Any CPU.Build.0 = Debug|Any CPU
		{35DDB496-2B77-4769-9740-16320B9821D1}.GCRelease|Any CPU.ActiveCfg = Release|Any CPU
		{35DDB496-2B77-4769-9740-16320B9821D1}.GCRelease|Any CPU.Build.0 = Release|Any CPU
		{35DDB496-2B77-4769-9740-16320B9821D1}.Release|Any CPU.ActiveCfg = Release|Any CPU
		{35DDB496-2B77-4769-9740-16320B9821D1}.Release|Any CPU.Build.0 = Release|Any CPU
	EndGlobalSection
	GlobalSection(SolutionProperties) = preSolution
		HideSolutionNode = FALSE
	EndGlobalSection
	GlobalSection(ExtensibilityGlobals) = postSolution
		SolutionGuid = {E4E0F3B1-FC9B-41D0-A736-E6B2C04AD5A8}
	EndGlobalSection
EndGlobal
