
Microsoft Visual Studio Solution File, Format Version 12.00
# Visual Studio Version 16
VisualStudioVersion = 16.0.31205.134
MinimumVisualStudioVersion = 10.0.40219.1
Project("{FAE04EC0-301F-11D3-BF4B-00C04F79EFBC}") = "Printing2010.4", "Printing2010.4.csproj", "{416E4797-CDFC-4CD5-A62C-5EFD4B8EE978}"
EndProject
Global
	GlobalSection(SolutionConfigurationPlatforms) = preSolution
		Debug|Any CPU = Debug|Any CPU
		GCDebug|Any CPU = GCDebug|Any CPU
		GCRelease|Any CPU = GCRelease|Any CPU
		Release|Any CPU = Release|Any CPU
		ReleaseGC|Any CPU = ReleaseGC|Any CPU
	EndGlobalSection
	GlobalSection(ProjectConfigurationPlatforms) = postSolution
		{416E4797-CDFC-4CD5-A62C-5EFD4B8EE978}.Debug|Any CPU.ActiveCfg = Debug|Any CPU
		{416E4797-CDFC-4CD5-A62C-5EFD4B8EE978}.Debug|Any CPU.Build.0 = Debug|Any CPU
		{416E4797-CDFC-4CD5-A62C-5EFD4B8EE978}.GCDebug|Any CPU.ActiveCfg = Debug|Any CPU
		{416E4797-CDFC-4CD5-A62C-5EFD4B8EE978}.GCDebug|Any CPU.Build.0 = Debug|Any CPU
		{416E4797-CDFC-4CD5-A62C-5EFD4B8EE978}.GCRelease|Any CPU.ActiveCfg = Release|Any CPU
		{416E4797-CDFC-4CD5-A62C-5EFD4B8EE978}.GCRelease|Any CPU.Build.0 = Release|Any CPU
		{416E4797-CDFC-4CD5-A62C-5EFD4B8EE978}.Release|Any CPU.ActiveCfg = Release|Any CPU
		{416E4797-CDFC-4CD5-A62C-5EFD4B8EE978}.Release|Any CPU.Build.0 = Release|Any CPU
		{416E4797-CDFC-4CD5-A62C-5EFD4B8EE978}.ReleaseGC|Any CPU.ActiveCfg = Release|Any CPU
		{416E4797-CDFC-4CD5-A62C-5EFD4B8EE978}.ReleaseGC|Any CPU.Build.0 = Release|Any CPU
	EndGlobalSection
	GlobalSection(SolutionProperties) = preSolution
		HideSolutionNode = FALSE
	EndGlobalSection
	GlobalSection(ExtensibilityGlobals) = postSolution
		SolutionGuid = {01507F69-2F89-4FC0-B228-4ED933616194}
	EndGlobalSection
EndGlobal
