
Microsoft Visual Studio Solution File, Format Version 12.00
# Visual Studio 14
VisualStudioVersion = 14.0.25420.1
MinimumVisualStudioVersion = 10.0.40219.1
Project("{FAE04EC0-301F-11D3-BF4B-00C04F79EFBC}") = "FlexGridSamples2010.4", "FlexGridSamples2010.4.csproj", "{C7F14BC7-3249-4B2D-91AA-5F87D2DAF088}"
EndProject
Global
	GlobalSection(SolutionConfigurationPlatforms) = preSolution
		Debug|Any CPU = Debug|Any CPU
		GCDebug|Any CPU = GCDebug|Any CPU
		GCRelease|Any CPU = GCRelease|Any CPU
		Release|Any CPU = Release|Any CPU
		ReleaseGC|Any CPU = ReleaseGC|Any CPU
	EndGlobalSection
	GlobalSection(ProjectConfigurationPlatforms) = postSolution
		{C7F14BC7-3249-4B2D-91AA-5F87D2DAF088}.Debug|Any CPU.ActiveCfg = Debug|Any CPU
		{C7F14BC7-3249-4B2D-91AA-5F87D2DAF088}.Debug|Any CPU.Build.0 = Debug|Any CPU
		{C7F14BC7-3249-4B2D-91AA-5F87D2DAF088}.GCDebug|Any CPU.ActiveCfg = Debug|Any CPU
		{C7F14BC7-3249-4B2D-91AA-5F87D2DAF088}.GCDebug|Any CPU.Build.0 = Debug|Any CPU
		{C7F14BC7-3249-4B2D-91AA-5F87D2DAF088}.GCRelease|Any CPU.ActiveCfg = Release|Any CPU
		{C7F14BC7-3249-4B2D-91AA-5F87D2DAF088}.GCRelease|Any CPU.Build.0 = Release|Any CPU
		{C7F14BC7-3249-4B2D-91AA-5F87D2DAF088}.Release|Any CPU.ActiveCfg = Release|Any CPU
		{C7F14BC7-3249-4B2D-91AA-5F87D2DAF088}.Release|Any CPU.Build.0 = Release|Any CPU
		{C7F14BC7-3249-4B2D-91AA-5F87D2DAF088}.ReleaseGC|Any CPU.ActiveCfg = Release|Any CPU
		{C7F14BC7-3249-4B2D-91AA-5F87D2DAF088}.ReleaseGC|Any CPU.Build.0 = Release|Any CPU
	EndGlobalSection
	GlobalSection(SolutionProperties) = preSolution
		HideSolutionNode = FALSE
	EndGlobalSection
EndGlobal
