
Microsoft Visual Studio Solution File, Format Version 12.00
# Visual Studio Version 17
Project("{9A19103F-16F7-4668-BE54-9A1E7A4F7556}") = "CustomLocalization", "CustomLocalization.csproj", "{59A32A21-4D27-448E-8C6E-D0327D55CEF1}"
EndProject
Global
	GlobalSection(SolutionConfigurationPlatforms) = preSolution
		Debug|Any CPU = Debug|Any CPU
		GRAPECITY|Any CPU = GRAPECITY|Any CPU
		Release|Any CPU = Release|Any CPU
	EndGlobalSection
	GlobalSection(ProjectConfigurationPlatforms) = postSolution
		{59A32A21-4D27-448E-8C6E-D0327D55CEF1}.Debug|Any CPU.ActiveCfg = Debug|Any CPU
		{59A32A21-4D27-448E-8C6E-D0327D55CEF1}.Debug|Any CPU.Build.0 = Debug|Any CPU
		{59A32A21-4D27-448E-8C6E-D0327D55CEF1}.GRAPECITY|Any CPU.ActiveCfg = Release|Any CPU
		{59A32A21-4D27-448E-8C6E-D0327D55CEF1}.GRAPECITY|Any CPU.Build.0 = Release|Any CPU
		{59A32A21-4D27-448E-8C6E-D0327D55CEF1}.Release|Any CPU.ActiveCfg = Release|Any CPU
		{59A32A21-4D27-448E-8C6E-D0327D55CEF1}.Release|Any CPU.Build.0 = Release|Any CPU
	EndGlobalSection
	GlobalSection(SolutionProperties) = preSolution
		HideSolutionNode = FALSE
	EndGlobalSection
	GlobalSection(ExtensibilityGlobals) = postSolution
		SolutionGuid = {1EF8A0F3-09C1-487C-9633-771CB95FE6B0}
	EndGlobalSection
EndGlobal
