
Microsoft Visual Studio Solution File, Format Version 12.00
# Visual Studio Version 16
VisualStudioVersion = 16.0.29806.167
MinimumVisualStudioVersion = 10.0.40219.1
Project("{FAE04EC0-301F-11D3-BF4B-00C04F79EFBC}") = "FilterStyle", "FilterStyle.csproj", "{AB7C8083-8DA7-4EC6-82EC-029423983582}"
EndProject
Global
	GlobalSection(SharedMSBuildProjectFiles) = preSolution
	EndGlobalSection
	GlobalSection(SolutionConfigurationPlatforms) = preSolution
		Debug|Any CPU = Debug|Any CPU
		Debug|x86 = Debug|x86
		GCDebug|Any CPU = GCDebug|Any CPU
		GCDebug|x86 = GCDebug|x86
		GCRelease|Any CPU = GCRelease|Any CPU
		GCRelease|x86 = GCRelease|x86
		GRAPECITY|Any CPU = GRAPECITY|Any CPU
		GRAPECITY|x86 = GRAPECITY|x86
		Release|Any CPU = Release|Any CPU
		Release|x86 = Release|x86
	EndGlobalSection
	GlobalSection(ProjectConfigurationPlatforms) = postSolution
		{AB7C8083-8DA7-4EC6-82EC-029423983582}.Debug|Any CPU.ActiveCfg = Debug|Any CPU
		{AB7C8083-8DA7-4EC6-82EC-029423983582}.Debug|Any CPU.Build.0 = Debug|Any CPU
		{AB7C8083-8DA7-4EC6-82EC-029423983582}.Debug|x86.ActiveCfg = Debug|Any CPU
		{AB7C8083-8DA7-4EC6-82EC-029423983582}.Debug|x86.Build.0 = Debug|Any CPU
		{AB7C8083-8DA7-4EC6-82EC-029423983582}.GCDebug|Any CPU.ActiveCfg = Debug|Any CPU
		{AB7C8083-8DA7-4EC6-82EC-029423983582}.GCDebug|Any CPU.Build.0 = Debug|Any CPU
		{AB7C8083-8DA7-4EC6-82EC-029423983582}.GCDebug|x86.ActiveCfg = Debug|Any CPU
		{AB7C8083-8DA7-4EC6-82EC-029423983582}.GCDebug|x86.Build.0 = Debug|Any CPU
		{AB7C8083-8DA7-4EC6-82EC-029423983582}.GCRelease|Any CPU.ActiveCfg = Release|Any CPU
		{AB7C8083-8DA7-4EC6-82EC-029423983582}.GCRelease|Any CPU.Build.0 = Release|Any CPU
		{AB7C8083-8DA7-4EC6-82EC-029423983582}.GCRelease|x86.ActiveCfg = Release|Any CPU
		{AB7C8083-8DA7-4EC6-82EC-029423983582}.GCRelease|x86.Build.0 = Release|Any CPU
		{AB7C8083-8DA7-4EC6-82EC-029423983582}.GRAPECITY|Any CPU.ActiveCfg = Release|Any CPU
		{AB7C8083-8DA7-4EC6-82EC-029423983582}.GRAPECITY|Any CPU.Build.0 = Release|Any CPU
		{AB7C8083-8DA7-4EC6-82EC-029423983582}.GRAPECITY|x86.ActiveCfg = Release|Any CPU
		{AB7C8083-8DA7-4EC6-82EC-029423983582}.GRAPECITY|x86.Build.0 = Release|Any CPU
		{AB7C8083-8DA7-4EC6-82EC-029423983582}.Release|Any CPU.ActiveCfg = Release|Any CPU
		{AB7C8083-8DA7-4EC6-82EC-029423983582}.Release|Any CPU.Build.0 = Release|Any CPU
		{AB7C8083-8DA7-4EC6-82EC-029423983582}.Release|x86.ActiveCfg = Release|Any CPU
		{AB7C8083-8DA7-4EC6-82EC-029423983582}.Release|x86.Build.0 = Release|Any CPU
	EndGlobalSection
	GlobalSection(SolutionProperties) = preSolution
		HideSolutionNode = FALSE
	EndGlobalSection
	GlobalSection(ExtensibilityGlobals) = postSolution
		SolutionGuid = {A07B434F-858F-4AC6-9B3F-E76FF62EDFE6}
	EndGlobalSection
EndGlobal
