
Microsoft Visual Studio Solution File, Format Version 12.00
# Visual Studio Version 17
Project("{FAE04EC0-301F-11D3-BF4B-00C04F79EFBC}") = "ExpressionEditorExplorer", "ExpressionEditorExplorer.csproj", "{1F7F485C-2833-4474-8E51-B02A4265343C}"
EndProject
Global
	GlobalSection(SolutionConfigurationPlatforms) = preSolution
		Debug|Any CPU = Debug|Any CPU
		Release|Any CPU = Release|Any CPU
	EndGlobalSection
	GlobalSection(ProjectConfigurationPlatforms) = postSolution
		{1F7F485C-2833-4474-8E51-B02A4265343C}.Debug|Any CPU.ActiveCfg = Debug|Any CPU
		{1F7F485C-2833-4474-8E51-B02A4265343C}.Debug|Any CPU.Build.0 = Debug|Any CPU
		{1F7F485C-2833-4474-8E51-B02A4265343C}.Release|Any CPU.ActiveCfg = Release|Any CPU
		{1F7F485C-2833-4474-8E51-B02A4265343C}.Release|Any CPU.Build.0 = Release|Any CPU
	EndGlobalSection
	GlobalSection(SolutionProperties) = preSolution
		HideSolutionNode = FALSE
	EndGlobalSection
	GlobalSection(ExtensibilityGlobals) = postSolution
		SolutionGuid = {3D4F7539-A0E6-4C48-8C64-23D28E8F9B50}
	EndGlobalSection
EndGlobal
