
Microsoft Visual Studio Solution File, Format Version 12.00
# Visual Studio 15
VisualStudioVersion = 15.0.27004.2009
MinimumVisualStudioVersion = 10.0.40219.1
Project("{FAE04EC0-301F-11D3-BF4B-00C04F79EFBC}") = "SchedulerSamples2010.4", "SchedulerSamples2010.4.csproj", "{BFFA2ED4-D7AA-4326-9A42-0166345458E9}"
EndProject
Global
	GlobalSection(SolutionConfigurationPlatforms) = preSolution
		Debug|Any CPU = Debug|Any CPU
		GCDebug|Any CPU = GCDebug|Any CPU
		GCRelease|Any CPU = GCRelease|Any CPU
		Release|Any CPU = Release|Any CPU
	EndGlobalSection
	GlobalSection(ProjectConfigurationPlatforms) = postSolution
		{BFFA2ED4-D7AA-4326-9A42-0166345458E9}.Debug|Any CPU.ActiveCfg = Debug|Any CPU
		{BFFA2ED4-D7AA-4326-9A42-0166345458E9}.Debug|Any CPU.Build.0 = Debug|Any CPU
		{BFFA2ED4-D7AA-4326-9A42-0166345458E9}.GCDebug|Any CPU.ActiveCfg = Debug|Any CPU
		{BFFA2ED4-D7AA-4326-9A42-0166345458E9}.GCDebug|Any CPU.Build.0 = Debug|Any CPU
		{BFFA2ED4-D7AA-4326-9A42-0166345458E9}.GCRelease|Any CPU.ActiveCfg = Release|Any CPU
		{BFFA2ED4-D7AA-4326-9A42-0166345458E9}.GCRelease|Any CPU.Build.0 = Release|Any CPU
		{BFFA2ED4-D7AA-4326-9A42-0166345458E9}.Release|Any CPU.ActiveCfg = Release|Any CPU
		{BFFA2ED4-D7AA-4326-9A42-0166345458E9}.Release|Any CPU.Build.0 = Release|Any CPU
	EndGlobalSection
	GlobalSection(SolutionProperties) = preSolution
		HideSolutionNode = FALSE
	EndGlobalSection
	GlobalSection(ExtensibilityGlobals) = postSolution
		SolutionGuid = {7D4EA0C3-AFF4-4CA0-9297-FBAA4B6AEE83}
	EndGlobalSection
EndGlobal
