
Microsoft Visual Studio Solution File, Format Version 12.00
# Visual Studio Version 17
VisualStudioVersion = 17.4.33205.214
MinimumVisualStudioVersion = 10.0.40219.1
Project("{FAE04EC0-301F-11D3-BF4B-00C04F79EFBC}") = "DataAttributes.4", "DataAttributes\DataAttributes.4.csproj", "{46AC8842-1D30-41F3-9EB1-975507C1BFBF}"
EndProject
Global
	GlobalSection(SolutionConfigurationPlatforms) = preSolution
		Debug|Any CPU = Debug|Any CPU
		Debug|Mixed Platforms = Debug|Mixed Platforms
		Debug|x86 = Debug|x86
		GCDebug|Any CPU = GCDebug|Any CPU
		GCDebug|Mixed Platforms = GCDebug|Mixed Platforms
		GCDebug|x86 = GCDebug|x86
		GCRelease|Any CPU = GCRelease|Any CPU
		GCRelease|Mixed Platforms = GCRelease|Mixed Platforms
		GCRelease|x86 = GCRelease|x86
		Release|Any CPU = Release|Any CPU
		Release|Mixed Platforms = Release|Mixed Platforms
		Release|x86 = Release|x86
		ReleaseGC|Any CPU = ReleaseGC|Any CPU
		ReleaseGC|Mixed Platforms = ReleaseGC|Mixed Platforms
		ReleaseGC|x86 = ReleaseGC|x86
	EndGlobalSection
	GlobalSection(ProjectConfigurationPlatforms) = postSolution
		{46AC8842-1D30-41F3-9EB1-975507C1BFBF}.Debug|Any CPU.ActiveCfg = Debug|x86
		{46AC8842-1D30-41F3-9EB1-975507C1BFBF}.Debug|Mixed Platforms.ActiveCfg = Debug|x86
		{46AC8842-1D30-41F3-9EB1-975507C1BFBF}.Debug|Mixed Platforms.Build.0 = Debug|x86
		{46AC8842-1D30-41F3-9EB1-975507C1BFBF}.Debug|x86.ActiveCfg = Debug|x86
		{46AC8842-1D30-41F3-9EB1-975507C1BFBF}.Debug|x86.Build.0 = Debug|x86
		{46AC8842-1D30-41F3-9EB1-975507C1BFBF}.GCDebug|Any CPU.ActiveCfg = Debug|x86
		{46AC8842-1D30-41F3-9EB1-975507C1BFBF}.GCDebug|Mixed Platforms.ActiveCfg = Debug|x86
		{46AC8842-1D30-41F3-9EB1-975507C1BFBF}.GCDebug|Mixed Platforms.Build.0 = Debug|x86
		{46AC8842-1D30-41F3-9EB1-975507C1BFBF}.GCDebug|x86.ActiveCfg = Debug|x86
		{46AC8842-1D30-41F3-9EB1-975507C1BFBF}.GCDebug|x86.Build.0 = Debug|x86
		{46AC8842-1D30-41F3-9EB1-975507C1BFBF}.GCRelease|Any CPU.ActiveCfg = Release|x86
		{46AC8842-1D30-41F3-9EB1-975507C1BFBF}.GCRelease|Mixed Platforms.ActiveCfg = Release|x86
		{46AC8842-1D30-41F3-9EB1-975507C1BFBF}.GCRelease|Mixed Platforms.Build.0 = Release|x86
		{46AC8842-1D30-41F3-9EB1-975507C1BFBF}.GCRelease|x86.ActiveCfg = Release|x86
		{46AC8842-1D30-41F3-9EB1-975507C1BFBF}.GCRelease|x86.Build.0 = Release|x86
		{46AC8842-1D30-41F3-9EB1-975507C1BFBF}.Release|Any CPU.ActiveCfg = Release|x86
		{46AC8842-1D30-41F3-9EB1-975507C1BFBF}.Release|Mixed Platforms.ActiveCfg = Release|x86
		{46AC8842-1D30-41F3-9EB1-975507C1BFBF}.Release|Mixed Platforms.Build.0 = Release|x86
		{46AC8842-1D30-41F3-9EB1-975507C1BFBF}.Release|x86.ActiveCfg = Release|x86
		{46AC8842-1D30-41F3-9EB1-975507C1BFBF}.Release|x86.Build.0 = Release|x86
		{46AC8842-1D30-41F3-9EB1-975507C1BFBF}.ReleaseGC|Any CPU.ActiveCfg = Release|x86
		{46AC8842-1D30-41F3-9EB1-975507C1BFBF}.ReleaseGC|Mixed Platforms.ActiveCfg = Release|x86
		{46AC8842-1D30-41F3-9EB1-975507C1BFBF}.ReleaseGC|Mixed Platforms.Build.0 = Release|x86
		{46AC8842-1D30-41F3-9EB1-975507C1BFBF}.ReleaseGC|x86.ActiveCfg = Release|x86
		{46AC8842-1D30-41F3-9EB1-975507C1BFBF}.ReleaseGC|x86.Build.0 = Release|x86
	EndGlobalSection
	GlobalSection(SolutionProperties) = preSolution
		HideSolutionNode = FALSE
	EndGlobalSection
	GlobalSection(ExtensibilityGlobals) = postSolution
		SolutionGuid = {B301AE60-BB86-4278-B8AE-992F58A82F75}
	EndGlobalSection
	GlobalSection(SharedMSBuildProjectFiles) = preSolution
	EndGlobalSection
EndGlobal
