
Microsoft Visual Studio Solution File, Format Version 11.00
# Visual Studio 2010
Project("{F184B08F-C81C-45F6-A57F-5ABD9991F28F}") = "ConditionalFormatting.4", "ConditionalFormatting\ConditionalFormatting.4.vbproj", "{F633F89A-B7E7-45B8-AA42-5A1C808D5672}"
EndProject
Global
	GlobalSection(SolutionConfigurationPlatforms) = preSolution
		Debug|Any CPU = Debug|Any CPU
		GCDebug|Any CPU = GCDebug|Any CPU
		GCRelease|Any CPU = GCRelease|Any CPU
		Release|Any CPU = Release|Any CPU
	EndGlobalSection
	GlobalSection(ProjectConfigurationPlatforms) = postSolution
		{F633F89A-B7E7-45B8-AA42-5A1C808D5672}.Debug|Any CPU.ActiveCfg = Debug|Any CPU
		{F633F89A-B7E7-45B8-AA42-5A1C808D5672}.Debug|Any CPU.Build.0 = Debug|Any CPU
		{F633F89A-B7E7-45B8-AA42-5A1C808D5672}.GCDebug|Any CPU.ActiveCfg = Debug|Any CPU
		{F633F89A-B7E7-45B8-AA42-5A1C808D5672}.GCDebug|Any CPU.Build.0 = Debug|Any CPU
		{F633F89A-B7E7-45B8-AA42-5A1C808D5672}.GCRelease|Any CPU.ActiveCfg = Release|Any CPU
		{F633F89A-B7E7-45B8-AA42-5A1C808D5672}.GCRelease|Any CPU.Build.0 = Release|Any CPU
		{F633F89A-B7E7-45B8-AA42-5A1C808D5672}.Release|Any CPU.ActiveCfg = Release|Any CPU
		{F633F89A-B7E7-45B8-AA42-5A1C808D5672}.Release|Any CPU.Build.0 = Release|Any CPU
	EndGlobalSection
	GlobalSection(SolutionProperties) = preSolution
		HideSolutionNode = FALSE
	EndGlobalSection
EndGlobal
