
Microsoft Visual Studio Solution File, Format Version 12.00
# Visual Studio 15
VisualStudioVersion = 15.0.27703.2026
MinimumVisualStudioVersion = 10.0.40219.1
Project("{FAE04EC0-301F-11D3-BF4B-00C04F79EFBC}") = "SparklineSamples2010.4", "SparklineSamples2010.4.csproj", "{098B2718-4E02-4421-B8B8-3CCEF81A640D}"
EndProject
Global
	GlobalSection(SolutionConfigurationPlatforms) = preSolution
		Debug|Any CPU = Debug|Any CPU
		GCDebug|Any CPU = GCDebug|Any CPU
		GCRelease|Any CPU = GCRelease|Any CPU
		Release|Any CPU = Release|Any CPU
	EndGlobalSection
	GlobalSection(ProjectConfigurationPlatforms) = postSolution
		{098B2718-4E02-4421-B8B8-3CCEF81A640D}.Debug|Any CPU.ActiveCfg = Debug|Any CPU
		{098B2718-4E02-4421-B8B8-3CCEF81A640D}.Debug|Any CPU.Build.0 = Debug|Any CPU
		{098B2718-4E02-4421-B8B8-3CCEF81A640D}.GCDebug|Any CPU.ActiveCfg = Debug|Any CPU
		{098B2718-4E02-4421-B8B8-3CCEF81A640D}.GCDebug|Any CPU.Build.0 = Debug|Any CPU
		{098B2718-4E02-4421-B8B8-3CCEF81A640D}.GCRelease|Any CPU.ActiveCfg = Release|Any CPU
		{098B2718-4E02-4421-B8B8-3CCEF81A640D}.GCRelease|Any CPU.Build.0 = Release|Any CPU
		{098B2718-4E02-4421-B8B8-3CCEF81A640D}.Release|Any CPU.ActiveCfg = Release|Any CPU
		{098B2718-4E02-4421-B8B8-3CCEF81A640D}.Release|Any CPU.Build.0 = Release|Any CPU
	EndGlobalSection
	GlobalSection(SolutionProperties) = preSolution
		HideSolutionNode = FALSE
	EndGlobalSection
	GlobalSection(ExtensibilityGlobals) = postSolution
		SolutionGuid = {7055D26B-DC98-4926-8A4F-D944CED0EC3A}
	EndGlobalSection
EndGlobal
