
Microsoft Visual Studio Solution File, Format Version 12.00
# Visual Studio Version 17
Project("{FAE04EC0-301F-11D3-BF4B-00C04F79EFBC}") = "Direct2DEffects", "Direct2DEffects.csproj", "{9AAE8527-BD59-4875-853B-2B380DFC9774}"
EndProject
Global
	GlobalSection(SolutionConfigurationPlatforms) = preSolution
		Debug|Any CPU = Debug|Any CPU
		Release|Any CPU = Release|Any CPU
	EndGlobalSection
	GlobalSection(ProjectConfigurationPlatforms) = postSolution
		{9AAE8527-BD59-4875-853B-2B380DFC9774}.Debug|Any CPU.ActiveCfg = Debug|Any CPU
		{9AAE8527-BD59-4875-853B-2B380DFC9774}.Debug|Any CPU.Build.0 = Debug|Any CPU
		{9AAE8527-BD59-4875-853B-2B380DFC9774}.Release|Any CPU.ActiveCfg = Release|Any CPU
		{9AAE8527-BD59-4875-853B-2B380DFC9774}.Release|Any CPU.Build.0 = Release|Any CPU
	EndGlobalSection
	GlobalSection(SolutionProperties) = preSolution
		HideSolutionNode = FALSE
	EndGlobalSection
EndGlobal
