
Microsoft Visual Studio Solution File, Format Version 11.00
# Visual Studio 2010
Project("{FAE04EC0-301F-11D3-BF4B-00C04F79EFBC}") = "C1TreeViewVirtualizationSample2010.4", "C1TreeViewVirtualizationSample2010\C1TreeViewVirtualizationSample2010.4.csproj", "{2C24317A-7D58-4FD4-A751-FE0E00DD0CAD}"
EndProject
Global
	GlobalSection(SolutionConfigurationPlatforms) = preSolution
		Debug|Any CPU = Debug|Any CPU
		GCDebug|Any CPU = GCDebug|Any CPU
		GCRelease|Any CPU = GCRelease|Any CPU
		Release|Any CPU = Release|Any CPU
		ReleaseGC|Any CPU = ReleaseGC|Any CPU
	EndGlobalSection
	GlobalSection(ProjectConfigurationPlatforms) = postSolution
		{2C24317A-7D58-4FD4-A751-FE0E00DD0CAD}.Debug|Any CPU.ActiveCfg = Debug|Any CPU
		{2C24317A-7D58-4FD4-A751-FE0E00DD0CAD}.Debug|Any CPU.Build.0 = Debug|Any CPU
		{2C24317A-7D58-4FD4-A751-FE0E00DD0CAD}.GCDebug|Any CPU.ActiveCfg = Debug|Any CPU
		{2C24317A-7D58-4FD4-A751-FE0E00DD0CAD}.GCDebug|Any CPU.Build.0 = Debug|Any CPU
		{2C24317A-7D58-4FD4-A751-FE0E00DD0CAD}.GCRelease|Any CPU.ActiveCfg = Release|Any CPU
		{2C24317A-7D58-4FD4-A751-FE0E00DD0CAD}.GCRelease|Any CPU.Build.0 = Release|Any CPU
		{2C24317A-7D58-4FD4-A751-FE0E00DD0CAD}.Release|Any CPU.ActiveCfg = Release|Any CPU
		{2C24317A-7D58-4FD4-A751-FE0E00DD0CAD}.Release|Any CPU.Build.0 = Release|Any CPU
		{2C24317A-7D58-4FD4-A751-FE0E00DD0CAD}.ReleaseGC|Any CPU.ActiveCfg = Release|Any CPU
		{2C24317A-7D58-4FD4-A751-FE0E00DD0CAD}.ReleaseGC|Any CPU.Build.0 = Release|Any CPU
	EndGlobalSection
	GlobalSection(SolutionProperties) = preSolution
		HideSolutionNode = FALSE
	EndGlobalSection
EndGlobal
