
Microsoft Visual Studio Solution File, Format Version 11.00
# Visual Studio 2010
Project("{FAE04EC0-301F-11D3-BF4B-00C04F79EFBC}") = "FlexRadarIntro2010.4", "FlexRadarIntro2010.4.csproj", "{BF880B7E-6800-4760-8420-488CF6AAA190}"
EndProject
Global
	GlobalSection(SolutionConfigurationPlatforms) = preSolution
		Debug|Any CPU = Debug|Any CPU
		GCDebug|Any CPU = GCDebug|Any CPU
		GCRelease|Any CPU = GCRelease|Any CPU
		Release|Any CPU = Release|Any CPU
	EndGlobalSection
	GlobalSection(ProjectConfigurationPlatforms) = postSolution
		{BF880B7E-6800-4760-8420-488CF6AAA190}.Debug|Any CPU.ActiveCfg = Debug|Any CPU
		{BF880B7E-6800-4760-8420-488CF6AAA190}.Debug|Any CPU.Build.0 = Debug|Any CPU
		{BF880B7E-6800-4760-8420-488CF6AAA190}.GCDebug|Any CPU.ActiveCfg = Debug|Any CPU
		{BF880B7E-6800-4760-8420-488CF6AAA190}.GCDebug|Any CPU.Build.0 = Debug|Any CPU
		{BF880B7E-6800-4760-8420-488CF6AAA190}.GCRelease|Any CPU.ActiveCfg = Release|Any CPU
		{BF880B7E-6800-4760-8420-488CF6AAA190}.GCRelease|Any CPU.Build.0 = Release|Any CPU
		{BF880B7E-6800-4760-8420-488CF6AAA190}.Release|Any CPU.ActiveCfg = Release|Any CPU
		{BF880B7E-6800-4760-8420-488CF6AAA190}.Release|Any CPU.Build.0 = Release|Any CPU
	EndGlobalSection
	GlobalSection(SolutionProperties) = preSolution
		HideSolutionNode = FALSE
	EndGlobalSection
EndGlobal
