
Microsoft Visual Studio Solution File, Format Version 12.00
# Visual Studio Version 16
VisualStudioVersion = 16.0.29613.14
MinimumVisualStudioVersion = 10.0.40219.1
Project("{FAE04EC0-301F-11D3-BF4B-00C04F79EFBC}") = "DashboardWPF", "DashboardWPF\DashboardWPF.csproj", "{28E009E6-1E33-4C9B-9AEC-84199CE0ABFC}"
EndProject
Project("{D954291E-2A0B-460D-934E-DC6B0785DB48}") = "Model", "Model\Model.shproj", "{925385E9-86F8-4ABE-B782-FA63C95DA54A}"
EndProject
Global
	GlobalSection(SharedMSBuildProjectFiles) = preSolution
		Model\Model.projitems*{28e009e6-1e33-4c9b-9aec-84199ce0abfc}*SharedItemsImports = 4
		Model\Model.projitems*{925385e9-86f8-4abe-b782-fa63c95da54a}*SharedItemsImports = 13
	EndGlobalSection
	GlobalSection(SolutionConfigurationPlatforms) = preSolution
		Debug|Any CPU = Debug|Any CPU
		GCDebug|Any CPU = GCDebug|Any CPU
		GCRelease|Any CPU = GCRelease|Any CPU
		Release|Any CPU = Release|Any CPU
	EndGlobalSection
	GlobalSection(ProjectConfigurationPlatforms) = postSolution
		{28E009E6-1E33-4C9B-9AEC-84199CE0ABFC}.Debug|Any CPU.ActiveCfg = Debug|Any CPU
		{28E009E6-1E33-4C9B-9AEC-84199CE0ABFC}.Debug|Any CPU.Build.0 = Debug|Any CPU
		{28E009E6-1E33-4C9B-9AEC-84199CE0ABFC}.GCDebug|Any CPU.ActiveCfg = Debug|Any CPU
		{28E009E6-1E33-4C9B-9AEC-84199CE0ABFC}.GCDebug|Any CPU.Build.0 = Debug|Any CPU
		{28E009E6-1E33-4C9B-9AEC-84199CE0ABFC}.GCRelease|Any CPU.ActiveCfg = Release|Any CPU
		{28E009E6-1E33-4C9B-9AEC-84199CE0ABFC}.GCRelease|Any CPU.Build.0 = Release|Any CPU
		{28E009E6-1E33-4C9B-9AEC-84199CE0ABFC}.Release|Any CPU.ActiveCfg = Release|Any CPU
		{28E009E6-1E33-4C9B-9AEC-84199CE0ABFC}.Release|Any CPU.Build.0 = Release|Any CPU
	EndGlobalSection
	GlobalSection(SolutionProperties) = preSolution
		HideSolutionNode = FALSE
	EndGlobalSection
	GlobalSection(ExtensibilityGlobals) = postSolution
		SolutionGuid = {340ADF48-18C8-44C7-A90F-3E60B7A43B16}
	EndGlobalSection
EndGlobal
