
Microsoft Visual Studio Solution File, Format Version 12.00
# Visual Studio Version 17
Project("{9A19103F-16F7-4668-BE54-9A1E7A4F7556}") = "AdventureViewer2010.4", "DataViewDashboard\AdventureViewer2010.4.csproj", "{65FDB72C-CB36-43A1-8BF5-523B381705B1}"
EndProject
Global
	GlobalSection(SolutionConfigurationPlatforms) = preSolution
		Debug|Any CPU = Debug|Any CPU
		Release|Any CPU = Release|Any CPU
	EndGlobalSection
	GlobalSection(ProjectConfigurationPlatforms) = postSolution
		{65FDB72C-CB36-43A1-8BF5-523B381705B1}.Debug|Any CPU.ActiveCfg = Debug|Any CPU
		{65FDB72C-CB36-43A1-8BF5-523B381705B1}.Debug|Any CPU.Build.0 = Debug|Any CPU
		{65FDB72C-CB36-43A1-8BF5-523B381705B1}.Release|Any CPU.ActiveCfg = Release|Any CPU
		{65FDB72C-CB36-43A1-8BF5-523B381705B1}.Release|Any CPU.Build.0 = Release|Any CPU
	EndGlobalSection
	GlobalSection(SolutionProperties) = preSolution
		HideSolutionNode = FALSE
	EndGlobalSection
	GlobalSection(ExtensibilityGlobals) = postSolution
		SolutionGuid = {3D8D362F-BA1B-4DE6-9C22-78B2C4A996E1}
	EndGlobalSection
	GlobalSection(SharedMSBuildProjectFiles) = preSolution
		..\..\..\..\Shared\GCLicensing\GcWPF452Licensing.projitems*{08b6110e-e044-4a49-b275-e28629fcec32}*SharedItemsImports = 5
		..\..\..\..\Shared\GCLicensing\GcWPF452Licensing.projitems*{13ef898a-0499-43f1-b0e8-8e2e1e3d2bc0}*SharedItemsImports = 5
		..\..\..\..\Shared\GCLicensing\GcWPF452Licensing.projitems*{1855a88f-0a0b-418a-b1c8-01eed7b796d5}*SharedItemsImports = 5
		..\..\..\..\Shared\GCLicensing\GcWPF452Licensing.projitems*{3e3b7869-d437-4206-a6b1-2fd4817935a9}*SharedItemsImports = 5
		..\..\..\..\Shared\GCLicensing\GcWPF452Licensing.projitems*{e53bee51-1809-4253-8f3b-a83136c99022}*SharedItemsImports = 5
		..\..\..\..\Shared\GCLicensing\GcWPF452Licensing.projitems*{f12f3158-cd99-4c0c-ae4c-95f17ab9bb36}*SharedItemsImports = 5
	EndGlobalSection
EndGlobal
