
Microsoft Visual Studio Solution File, Format Version 12.00
# Visual Studio 2012
Project("{FAE04EC0-301F-11D3-BF4B-00C04F79EFBC}") = "ChartSamples2010.4", "ChartSamples2010.4.csproj", "{3B09AAE5-73DB-4284-829D-95734E7528CF}"
EndProject
Global
	GlobalSection(SolutionConfigurationPlatforms) = preSolution
		Debug|Any CPU = Debug|Any CPU
		DebugGC|Any CPU = DebugGC|Any CPU
		GCDebug|Any CPU = GCDebug|Any CPU
		GCRelease|Any CPU = GCRelease|Any CPU
		Release|Any CPU = Release|Any CPU
		ReleaseGC|Any CPU = ReleaseGC|Any CPU
	EndGlobalSection
	GlobalSection(ProjectConfigurationPlatforms) = postSolution
		{3B09AAE5-73DB-4284-829D-95734E7528CF}.Debug|Any CPU.ActiveCfg = Debug|Any CPU
		{3B09AAE5-73DB-4284-829D-95734E7528CF}.Debug|Any CPU.Build.0 = Debug|Any CPU
		{3B09AAE5-73DB-4284-829D-95734E7528CF}.DebugGC|Any CPU.ActiveCfg = Debug|Any CPU
		{3B09AAE5-73DB-4284-829D-95734E7528CF}.DebugGC|Any CPU.Build.0 = Debug|Any CPU
		{3B09AAE5-73DB-4284-829D-95734E7528CF}.GCDebug|Any CPU.ActiveCfg = Debug|Any CPU
		{3B09AAE5-73DB-4284-829D-95734E7528CF}.GCDebug|Any CPU.Build.0 = Debug|Any CPU
		{3B09AAE5-73DB-4284-829D-95734E7528CF}.GCRelease|Any CPU.ActiveCfg = Release|Any CPU
		{3B09AAE5-73DB-4284-829D-95734E7528CF}.GCRelease|Any CPU.Build.0 = Release|Any CPU
		{3B09AAE5-73DB-4284-829D-95734E7528CF}.Release|Any CPU.ActiveCfg = Release|Any CPU
		{3B09AAE5-73DB-4284-829D-95734E7528CF}.Release|Any CPU.Build.0 = Release|Any CPU
		{3B09AAE5-73DB-4284-829D-95734E7528CF}.ReleaseGC|Any CPU.ActiveCfg = Release|Any CPU
		{3B09AAE5-73DB-4284-829D-95734E7528CF}.ReleaseGC|Any CPU.Build.0 = Release|Any CPU
	EndGlobalSection
	GlobalSection(SolutionProperties) = preSolution
		HideSolutionNode = FALSE
	EndGlobalSection
EndGlobal
