
Microsoft Visual Studio Solution File, Format Version 12.00
# Visual Studio 15
VisualStudioVersion = 15.0.26430.13
MinimumVisualStudioVersion = 10.0.40219.1
Project("{FAE04EC0-301F-11D3-BF4B-00C04F79EFBC}") = "CustomEngineSamples2010.4", "CustomEngineSamples\CustomEngineSamples2010.4.csproj", "{4911A830-C552-4D0D-8381-B49D72321AFA}"
EndProject
Global
	GlobalSection(SolutionConfigurationPlatforms) = preSolution
		Debug|Any CPU = Debug|Any CPU
		GCDebug|Any CPU = GCDebug|Any CPU
		GCRelease|Any CPU = GCRelease|Any CPU
		Release|Any CPU = Release|Any CPU
	EndGlobalSection
	GlobalSection(ProjectConfigurationPlatforms) = postSolution
		{4911A830-C552-4D0D-8381-B49D72321AFA}.Debug|Any CPU.ActiveCfg = Debug|Any CPU
		{4911A830-C552-4D0D-8381-B49D72321AFA}.Debug|Any CPU.Build.0 = Debug|Any CPU
		{4911A830-C552-4D0D-8381-B49D72321AFA}.GCDebug|Any CPU.ActiveCfg = Debug|Any CPU
		{4911A830-C552-4D0D-8381-B49D72321AFA}.GCDebug|Any CPU.Build.0 = Debug|Any CPU
		{4911A830-C552-4D0D-8381-B49D72321AFA}.GCRelease|Any CPU.ActiveCfg = Release|Any CPU
		{4911A830-C552-4D0D-8381-B49D72321AFA}.GCRelease|Any CPU.Build.0 = Release|Any CPU
		{4911A830-C552-4D0D-8381-B49D72321AFA}.Release|Any CPU.ActiveCfg = Release|Any CPU
		{4911A830-C552-4D0D-8381-B49D72321AFA}.Release|Any CPU.Build.0 = Release|Any CPU
	EndGlobalSection
	GlobalSection(SolutionProperties) = preSolution
		HideSolutionNode = FALSE
	EndGlobalSection
EndGlobal
